// !$*UTF8*$!
{
	archiveVersion = 1;
	classes = {
	};
	objectVersion = 51;
	objects = {

/* Begin PBXBuildFile section */
		880B13312372FA08003E29AC /* User.swift in Sources */ = {isa = PBXBuildFile; fileRef = 880B13302372FA08003E29AC /* User.swift */; };
		880B133523736D5C003E29AC /* EventSummaryViewController.swift in Sources */ = {isa = PBXBuildFile; fileRef = 880B133323736D5C003E29AC /* EventSummaryViewController.swift */; };
		880B133623736D5C003E29AC /* EventSummaryViewController.xib in Resources */ = {isa = PBXBuildFile; fileRef = 880B133423736D5C003E29AC /* EventSummaryViewController.xib */; };
		880B133F237376C7003E29AC /* AnswerCell.swift in Sources */ = {isa = PBXBuildFile; fileRef = 880B133D237376C7003E29AC /* AnswerCell.swift */; };
		880B1340237376C7003E29AC /* AnswerCell.xib in Resources */ = {isa = PBXBuildFile; fileRef = 880B133E237376C7003E29AC /* AnswerCell.xib */; };
		880B1343237376D6003E29AC /* InfoCell.swift in Sources */ = {isa = PBXBuildFile; fileRef = 880B1341237376D6003E29AC /* InfoCell.swift */; };
		880B1344237376D6003E29AC /* InfoCell.xib in Resources */ = {isa = PBXBuildFile; fileRef = 880B1342237376D6003E29AC /* InfoCell.xib */; };
		880B1347237376E3003E29AC /* DescriptionCell.swift in Sources */ = {isa = PBXBuildFile; fileRef = 880B1345237376E3003E29AC /* DescriptionCell.swift */; };
		880B1348237376E3003E29AC /* DescriptionCell.xib in Resources */ = {isa = PBXBuildFile; fileRef = 880B1346237376E3003E29AC /* DescriptionCell.xib */; };
		880B134B237376F3003E29AC /* TaskSummaryCell.swift in Sources */ = {isa = PBXBuildFile; fileRef = 880B1349237376F3003E29AC /* TaskSummaryCell.swift */; };
		880B134C237376F3003E29AC /* TaskSummaryCell.xib in Resources */ = {isa = PBXBuildFile; fileRef = 880B134A237376F3003E29AC /* TaskSummaryCell.xib */; };
		880B134F23737700003E29AC /* UserCell.swift in Sources */ = {isa = PBXBuildFile; fileRef = 880B134D23737700003E29AC /* UserCell.swift */; };
		880B135023737700003E29AC /* UserCell.xib in Resources */ = {isa = PBXBuildFile; fileRef = 880B134E23737700003E29AC /* UserCell.xib */; };
		880B135323737711003E29AC /* CalendarCell.swift in Sources */ = {isa = PBXBuildFile; fileRef = 880B135123737711003E29AC /* CalendarCell.swift */; };
		880B135423737711003E29AC /* CalendarCell.xib in Resources */ = {isa = PBXBuildFile; fileRef = 880B135223737711003E29AC /* CalendarCell.xib */; };
		880B135623746A5D003E29AC /* UIButton.swift in Sources */ = {isa = PBXBuildFile; fileRef = 880B135523746A5D003E29AC /* UIButton.swift */; };
		880B1358237474A4003E29AC /* Task.swift in Sources */ = {isa = PBXBuildFile; fileRef = 880B1357237474A4003E29AC /* Task.swift */; };
		880B135A23747578003E29AC /* Array.swift in Sources */ = {isa = PBXBuildFile; fileRef = 880B135923747578003E29AC /* Array.swift */; };
		880B135C2374758F003E29AC /* TaskExtension.swift in Sources */ = {isa = PBXBuildFile; fileRef = 880B135B2374758F003E29AC /* TaskExtension.swift */; };
		880B13602374B08A003E29AC /* TaskCVCell.swift in Sources */ = {isa = PBXBuildFile; fileRef = 880B135E2374B08A003E29AC /* TaskCVCell.swift */; };
		880B13612374B08A003E29AC /* TaskCVCell.xib in Resources */ = {isa = PBXBuildFile; fileRef = 880B135F2374B08A003E29AC /* TaskCVCell.xib */; };
		880B13632374B37A003E29AC /* TaskStatusButton.swift in Sources */ = {isa = PBXBuildFile; fileRef = 880B13622374B37A003E29AC /* TaskStatusButton.swift */; };
		880B13652374B3F2003E29AC /* TaskPersonLabel.swift in Sources */ = {isa = PBXBuildFile; fileRef = 880B13642374B3F2003E29AC /* TaskPersonLabel.swift */; };
		880B13692374BE0D003E29AC /* TasksListViewController.swift in Sources */ = {isa = PBXBuildFile; fileRef = 880B13672374BE0D003E29AC /* TasksListViewController.swift */; };
		880B136A2374BE0D003E29AC /* TasksListViewController.xib in Resources */ = {isa = PBXBuildFile; fileRef = 880B13682374BE0D003E29AC /* TasksListViewController.xib */; };
		880B136E2374C6C7003E29AC /* TaskCell.swift in Sources */ = {isa = PBXBuildFile; fileRef = 880B136C2374C6C7003E29AC /* TaskCell.swift */; };
		880B136F2374C6C7003E29AC /* TaskCell.xib in Resources */ = {isa = PBXBuildFile; fileRef = 880B136D2374C6C7003E29AC /* TaskCell.xib */; };
		880B137323757224003E29AC /* UserCVCell.swift in Sources */ = {isa = PBXBuildFile; fileRef = 880B137123757224003E29AC /* UserCVCell.swift */; };
		880B137423757224003E29AC /* UserCVCell.xib in Resources */ = {isa = PBXBuildFile; fileRef = 880B137223757224003E29AC /* UserCVCell.xib */; };
		880B1376237576C3003E29AC /* UIImageView.swift in Sources */ = {isa = PBXBuildFile; fileRef = 880B1375237576C3003E29AC /* UIImageView.swift */; };
		880B137A2376EB99003E29AC /* ProgressCircle.swift in Sources */ = {isa = PBXBuildFile; fileRef = 880B13792376EB99003E29AC /* ProgressCircle.swift */; };
		882C4C19237AEA900039B55F /* IdleViewController.swift in Sources */ = {isa = PBXBuildFile; fileRef = 882C4C17237AEA900039B55F /* IdleViewController.swift */; };
		882C4C1A237AEA900039B55F /* IdleViewController.xib in Resources */ = {isa = PBXBuildFile; fileRef = 882C4C18237AEA900039B55F /* IdleViewController.xib */; };
		88349EFA236DE9FC002A1879 /* Assets.xcassets in Resources */ = {isa = PBXBuildFile; fileRef = 88349EF9236DE9FC002A1879 /* Assets.xcassets */; };
		88349F01236DE9FC002A1879 /* Let's Dinner!.appex in Embed App Extensions */ = {isa = PBXBuildFile; fileRef = 88349F00236DE9FC002A1879 /* Let's Dinner!.appex */; settings = {ATTRIBUTES = (RemoveHeadersOnCopy, ); }; };
		88349F09236DE9FC002A1879 /* MessagesViewController.swift in Sources */ = {isa = PBXBuildFile; fileRef = 88349F08236DE9FC002A1879 /* MessagesViewController.swift */; };
		88349F0C236DE9FC002A1879 /* MainInterface.storyboard in Resources */ = {isa = PBXBuildFile; fileRef = 88349F0A236DE9FC002A1879 /* MainInterface.storyboard */; };
		88349F0E236DE9FC002A1879 /* Assets.xcassets in Resources */ = {isa = PBXBuildFile; fileRef = 88349F0D236DE9FC002A1879 /* Assets.xcassets */; };
		88349F1D236DEF15002A1879 /* Constants.swift in Sources */ = {isa = PBXBuildFile; fileRef = 88349F1C236DEF15002A1879 /* Constants.swift */; };
		88349F21236E1B60002A1879 /* InitialViewController.swift in Sources */ = {isa = PBXBuildFile; fileRef = 88349F1F236E1B60002A1879 /* InitialViewController.swift */; };
		88349F22236E1B60002A1879 /* InitialViewController.xib in Resources */ = {isa = PBXBuildFile; fileRef = 88349F20236E1B60002A1879 /* InitialViewController.xib */; };
		88349F25236E20CF002A1879 /* UIView.swift in Sources */ = {isa = PBXBuildFile; fileRef = 88349F24236E20CF002A1879 /* UIView.swift */; };
		88349F28236EFFC6002A1879 /* RegistrationViewController.swift in Sources */ = {isa = PBXBuildFile; fileRef = 88349F26236EFFC6002A1879 /* RegistrationViewController.swift */; };
		88349F29236EFFC6002A1879 /* RegistrationViewController.xib in Resources */ = {isa = PBXBuildFile; fileRef = 88349F27236EFFC6002A1879 /* RegistrationViewController.xib */; };
		88349F2C236F7145002A1879 /* UserDefaults.swift in Sources */ = {isa = PBXBuildFile; fileRef = 88349F2B236F7145002A1879 /* UserDefaults.swift */; };
		88349F2F236F7A1D002A1879 /* NewEventViewController.swift in Sources */ = {isa = PBXBuildFile; fileRef = 88349F2D236F7A1D002A1879 /* NewEventViewController.swift */; };
		88349F30236F7A1D002A1879 /* NewEventViewController.xib in Resources */ = {isa = PBXBuildFile; fileRef = 88349F2E236F7A1D002A1879 /* NewEventViewController.xib */; };
		88349F332370302E002A1879 /* DatePicker.swift in Sources */ = {isa = PBXBuildFile; fileRef = 88349F322370302E002A1879 /* DatePicker.swift */; };
		88349F352370388C002A1879 /* Event.swift in Sources */ = {isa = PBXBuildFile; fileRef = 88349F342370388C002A1879 /* Event.swift */; };
		88349F39237043BB002A1879 /* RecipesViewController.swift in Sources */ = {isa = PBXBuildFile; fileRef = 88349F37237043BB002A1879 /* RecipesViewController.swift */; };
		88349F3A237043BB002A1879 /* RecipesViewController.xib in Resources */ = {isa = PBXBuildFile; fileRef = 88349F38237043BB002A1879 /* RecipesViewController.xib */; };
		88349F3C2370525D002A1879 /* DataHelper.swift in Sources */ = {isa = PBXBuildFile; fileRef = 88349F3B2370525D002A1879 /* DataHelper.swift */; };
		88349F412370D10A002A1879 /* RecipeCell.swift in Sources */ = {isa = PBXBuildFile; fileRef = 88349F3F2370D10A002A1879 /* RecipeCell.swift */; };
		88349F422370D10A002A1879 /* RecipeCell.xib in Resources */ = {isa = PBXBuildFile; fileRef = 88349F402370D10A002A1879 /* RecipeCell.xib */; };
		883A29FA2371D15D0099ECDF /* Readme.md in Resources */ = {isa = PBXBuildFile; fileRef = 883A29F92371D15D0099ECDF /* Readme.md */; };
		883A29FE2371F47B0099ECDF /* RecipeDetailsViewController.swift in Sources */ = {isa = PBXBuildFile; fileRef = 883A29FC2371F47B0099ECDF /* RecipeDetailsViewController.swift */; };
		883A29FF2371F47B0099ECDF /* RecipeDetailsViewController.xib in Resources */ = {isa = PBXBuildFile; fileRef = 883A29FD2371F47B0099ECDF /* RecipeDetailsViewController.xib */; };
		883A2A022372D5520099ECDF /* EventDescriptionViewControllerOld.swift in Sources */ = {isa = PBXBuildFile; fileRef = 883A2A002372D5520099ECDF /* EventDescriptionViewControllerOld.swift */; };
		883A2A032372D5520099ECDF /* EventDescriptionViewControllerOld.xib in Resources */ = {isa = PBXBuildFile; fileRef = 883A2A012372D5520099ECDF /* EventDescriptionViewControllerOld.xib */; };
		883A2A062372E9910099ECDF /* GoogleService-Info.plist in Resources */ = {isa = PBXBuildFile; fileRef = 883A2A052372E9910099ECDF /* GoogleService-Info.plist */; };
		8858BF2D2371CAF900133877 /* Pods_LetsDinnerV2_MessagesExtension.framework in Frameworks */ = {isa = PBXBuildFile; fileRef = DDA83141D400FE826D22FC36 /* Pods_LetsDinnerV2_MessagesExtension.framework */; };
		8858BF302371CAFD00133877 /* Messages.framework in Frameworks */ = {isa = PBXBuildFile; fileRef = 88349F05236DE9FC002A1879 /* Messages.framework */; };
		885C6097237F6E6000ED3A17 /* TableView.swift in Sources */ = {isa = PBXBuildFile; fileRef = 885C6096237F6E6000ED3A17 /* TableView.swift */; };
		885C60BB2380311100ED3A17 /* TaskManagementCell.swift in Sources */ = {isa = PBXBuildFile; fileRef = 885C60B92380311100ED3A17 /* TaskManagementCell.swift */; };
		885C60BC2380311100ED3A17 /* TaskManagementCell.xib in Resources */ = {isa = PBXBuildFile; fileRef = 885C60BA2380311100ED3A17 /* TaskManagementCell.xib */; };
		885C60BE23805A3D00ED3A17 /* StepTracking.swift in Sources */ = {isa = PBXBuildFile; fileRef = 885C60BD23805A3D00ED3A17 /* StepTracking.swift */; };
		885C60C223809F7900ED3A17 /* EventDescriptionViewController.swift in Sources */ = {isa = PBXBuildFile; fileRef = 885C60C023809F7900ED3A17 /* EventDescriptionViewController.swift */; };
		885C60C323809F7900ED3A17 /* EventDescriptionViewController.xib in Resources */ = {isa = PBXBuildFile; fileRef = 885C60C123809F7900ED3A17 /* EventDescriptionViewController.xib */; };
		885C60C72380A15400ED3A17 /* RecipeCVCell.swift in Sources */ = {isa = PBXBuildFile; fileRef = 885C60C52380A15400ED3A17 /* RecipeCVCell.swift */; };
		885C60C82380A15400ED3A17 /* RecipeCVCell.xib in Resources */ = {isa = PBXBuildFile; fileRef = 885C60C62380A15400ED3A17 /* RecipeCVCell.xib */; };
		885C60CC2380BABB00ED3A17 /* ReviewViewController.swift in Sources */ = {isa = PBXBuildFile; fileRef = 885C60CA2380BABB00ED3A17 /* ReviewViewController.swift */; };
		885C60CD2380BABB00ED3A17 /* EventInfoViewController.xib in Resources */ = {isa = PBXBuildFile; fileRef = 885C60CB2380BABB00ED3A17 /* EventInfoViewController.xib */; };
		88A362DF237C3F8C005B6B81 /* ProgressBar.swift in Sources */ = {isa = PBXBuildFile; fileRef = 88A362DE237C3F8C005B6B81 /* ProgressBar.swift */; };
		88A362E3237EA8E2005B6B81 /* ManagementViewController.swift in Sources */ = {isa = PBXBuildFile; fileRef = 88A362E1237EA8E2005B6B81 /* ManagementViewController.swift */; };
		88A362E4237EA8E2005B6B81 /* ManagementViewController.xib in Resources */ = {isa = PBXBuildFile; fileRef = 88A362E2237EA8E2005B6B81 /* ManagementViewController.xib */; };
		88B7832C23717CF7009E4F3C /* CustomSearchBar.swift in Sources */ = {isa = PBXBuildFile; fileRef = 88B7832B23717CF7009E4F3C /* CustomSearchBar.swift */; };
		88B7832E23717D84009E4F3C /* UIColor.swift in Sources */ = {isa = PBXBuildFile; fileRef = 88B7832D23717D84009E4F3C /* UIColor.swift */; };
		88B7833023717E3E009E4F3C /* String.swift in Sources */ = {isa = PBXBuildFile; fileRef = 88B7832F23717E3E009E4F3C /* String.swift */; };
		88B7833223718125009E4F3C /* Recipe.swift in Sources */ = {isa = PBXBuildFile; fileRef = 88B7833123718125009E4F3C /* Recipe.swift */; };
		88B78335237183DB009E4F3C /* PredefinedRecipes.json in Resources */ = {isa = PBXBuildFile; fileRef = 88B78334237183DB009E4F3C /* PredefinedRecipes.json */; };
		B86F6FF2238178F40010AB7C /* Pods_LetsDinnerV2.framework in Frameworks */ = {isa = PBXBuildFile; fileRef = 4F505819D4FB96BCBC222A90 /* Pods_LetsDinnerV2.framework */; };
		B86F6FF3238178F40010AB7C /* Pods_LetsDinnerV2.framework in Embed Frameworks */ = {isa = PBXBuildFile; fileRef = 4F505819D4FB96BCBC222A90 /* Pods_LetsDinnerV2.framework */; settings = {ATTRIBUTES = (CodeSignOnCopy, RemoveHeadersOnCopy, ); }; };
		B86F6FF6238195D10010AB7C /* AnswerDeclinedCell.swift in Sources */ = {isa = PBXBuildFile; fileRef = B86F6FF5238195D10010AB7C /* AnswerDeclinedCell.swift */; };
		B86F6FF82381A4100010AB7C /* AnswerDeclinedCell.xib in Resources */ = {isa = PBXBuildFile; fileRef = B86F6FF7238199AD0010AB7C /* AnswerDeclinedCell.xib */; };
		B86F6FFB2381A8830010AB7C /* AnswerAcceptedCell.swift in Sources */ = {isa = PBXBuildFile; fileRef = B86F6FFA2381A8830010AB7C /* AnswerAcceptedCell.swift */; };
		B86F70002381A9D20010AB7C /* AnswerAcceptedCell.xib in Resources */ = {isa = PBXBuildFile; fileRef = B86F6FFF2381A9110010AB7C /* AnswerAcceptedCell.xib */; };
		B86F700823843C6B0010AB7C /* EventInfoViewController.swift in Sources */ = {isa = PBXBuildFile; fileRef = B86F700723843C6B0010AB7C /* EventInfoViewController.swift */; };
		B86F700923843D2D0010AB7C /* ReviewViewController.xib in Resources */ = {isa = PBXBuildFile; fileRef = B86F7001238430DC0010AB7C /* ReviewViewController.xib */; };
		B86F700B238521810010AB7C /* UIButtonClass.swift in Sources */ = {isa = PBXBuildFile; fileRef = B86F700A238521810010AB7C /* UIButtonClass.swift */; };
		B86F700D238525A60010AB7C /* UITableViewClass.swift in Sources */ = {isa = PBXBuildFile; fileRef = B86F700C238525A60010AB7C /* UITableViewClass.swift */; };
		B8E4CA7823812157006DD095 /* TitleCell.swift in Sources */ = {isa = PBXBuildFile; fileRef = B8E4CA7723812157006DD095 /* TitleCell.swift */; };
		B8E4CA7B238122AD006DD095 /* TitleCell.xib in Resources */ = {isa = PBXBuildFile; fileRef = B8E4CA7A238122AD006DD095 /* TitleCell.xib */; };
/* End PBXBuildFile section */

/* Begin PBXContainerItemProxy section */
		88349F02236DE9FC002A1879 /* PBXContainerItemProxy */ = {
			isa = PBXContainerItemProxy;
			containerPortal = 88349EF0236DE9FB002A1879 /* Project object */;
			proxyType = 1;
			remoteGlobalIDString = 88349EFF236DE9FC002A1879;
			remoteInfo = "LetsDinnerV2 MessagesExtension";
		};
/* End PBXContainerItemProxy section */

/* Begin PBXCopyFilesBuildPhase section */
		88349F15236DE9FC002A1879 /* Embed App Extensions */ = {
			isa = PBXCopyFilesBuildPhase;
			buildActionMask = 2147483647;
			dstPath = "";
			dstSubfolderSpec = 13;
			files = (
				88349F01236DE9FC002A1879 /* Let's Dinner!.appex in Embed App Extensions */,
			);
			name = "Embed App Extensions";
			runOnlyForDeploymentPostprocessing = 0;
		};
		B86F6FF4238178F50010AB7C /* Embed Frameworks */ = {
			isa = PBXCopyFilesBuildPhase;
			buildActionMask = 2147483647;
			dstPath = "";
			dstSubfolderSpec = 10;
			files = (
				B86F6FF3238178F40010AB7C /* Pods_LetsDinnerV2.framework in Embed Frameworks */,
			);
			name = "Embed Frameworks";
			runOnlyForDeploymentPostprocessing = 0;
		};
/* End PBXCopyFilesBuildPhase section */

/* Begin PBXFileReference section */
		16492027AA4CC9A0444EDB54 /* Pods-LetsDinnerV2 MessagesExtension.debug.xcconfig */ = {isa = PBXFileReference; includeInIndex = 1; lastKnownFileType = text.xcconfig; name = "Pods-LetsDinnerV2 MessagesExtension.debug.xcconfig"; path = "Target Support Files/Pods-LetsDinnerV2 MessagesExtension/Pods-LetsDinnerV2 MessagesExtension.debug.xcconfig"; sourceTree = "<group>"; };
		1D3EEB756B7462E534F70D74 /* Pods-LetsDinnerV2.debug.xcconfig */ = {isa = PBXFileReference; includeInIndex = 1; lastKnownFileType = text.xcconfig; name = "Pods-LetsDinnerV2.debug.xcconfig"; path = "Target Support Files/Pods-LetsDinnerV2/Pods-LetsDinnerV2.debug.xcconfig"; sourceTree = "<group>"; };
		4CE543C35F5CC3D6F4700FFB /* Pods-LetsDinnerV2 MessagesExtension.release.xcconfig */ = {isa = PBXFileReference; includeInIndex = 1; lastKnownFileType = text.xcconfig; name = "Pods-LetsDinnerV2 MessagesExtension.release.xcconfig"; path = "Target Support Files/Pods-LetsDinnerV2 MessagesExtension/Pods-LetsDinnerV2 MessagesExtension.release.xcconfig"; sourceTree = "<group>"; };
		4F505819D4FB96BCBC222A90 /* Pods_LetsDinnerV2.framework */ = {isa = PBXFileReference; explicitFileType = wrapper.framework; includeInIndex = 0; path = Pods_LetsDinnerV2.framework; sourceTree = BUILT_PRODUCTS_DIR; };
		880B13302372FA08003E29AC /* User.swift */ = {isa = PBXFileReference; lastKnownFileType = sourcecode.swift; path = User.swift; sourceTree = "<group>"; };
		880B133323736D5C003E29AC /* EventSummaryViewController.swift */ = {isa = PBXFileReference; lastKnownFileType = sourcecode.swift; path = EventSummaryViewController.swift; sourceTree = "<group>"; };
		880B133423736D5C003E29AC /* EventSummaryViewController.xib */ = {isa = PBXFileReference; lastKnownFileType = file.xib; path = EventSummaryViewController.xib; sourceTree = "<group>"; };
		880B133D237376C7003E29AC /* AnswerCell.swift */ = {isa = PBXFileReference; lastKnownFileType = sourcecode.swift; path = AnswerCell.swift; sourceTree = "<group>"; };
		880B133E237376C7003E29AC /* AnswerCell.xib */ = {isa = PBXFileReference; lastKnownFileType = file.xib; path = AnswerCell.xib; sourceTree = "<group>"; };
		880B1341237376D6003E29AC /* InfoCell.swift */ = {isa = PBXFileReference; lastKnownFileType = sourcecode.swift; path = InfoCell.swift; sourceTree = "<group>"; };
		880B1342237376D6003E29AC /* InfoCell.xib */ = {isa = PBXFileReference; lastKnownFileType = file.xib; path = InfoCell.xib; sourceTree = "<group>"; };
		880B1345237376E3003E29AC /* DescriptionCell.swift */ = {isa = PBXFileReference; lastKnownFileType = sourcecode.swift; path = DescriptionCell.swift; sourceTree = "<group>"; };
		880B1346237376E3003E29AC /* DescriptionCell.xib */ = {isa = PBXFileReference; lastKnownFileType = file.xib; path = DescriptionCell.xib; sourceTree = "<group>"; };
		880B1349237376F3003E29AC /* TaskSummaryCell.swift */ = {isa = PBXFileReference; lastKnownFileType = sourcecode.swift; path = TaskSummaryCell.swift; sourceTree = "<group>"; };
		880B134A237376F3003E29AC /* TaskSummaryCell.xib */ = {isa = PBXFileReference; lastKnownFileType = file.xib; path = TaskSummaryCell.xib; sourceTree = "<group>"; };
		880B134D23737700003E29AC /* UserCell.swift */ = {isa = PBXFileReference; lastKnownFileType = sourcecode.swift; path = UserCell.swift; sourceTree = "<group>"; };
		880B134E23737700003E29AC /* UserCell.xib */ = {isa = PBXFileReference; lastKnownFileType = file.xib; path = UserCell.xib; sourceTree = "<group>"; };
		880B135123737711003E29AC /* CalendarCell.swift */ = {isa = PBXFileReference; lastKnownFileType = sourcecode.swift; path = CalendarCell.swift; sourceTree = "<group>"; };
		880B135223737711003E29AC /* CalendarCell.xib */ = {isa = PBXFileReference; lastKnownFileType = file.xib; path = CalendarCell.xib; sourceTree = "<group>"; };
		880B135523746A5D003E29AC /* UIButton.swift */ = {isa = PBXFileReference; lastKnownFileType = sourcecode.swift; path = UIButton.swift; sourceTree = "<group>"; };
		880B1357237474A4003E29AC /* Task.swift */ = {isa = PBXFileReference; lastKnownFileType = sourcecode.swift; path = Task.swift; sourceTree = "<group>"; };
		880B135923747578003E29AC /* Array.swift */ = {isa = PBXFileReference; lastKnownFileType = sourcecode.swift; path = Array.swift; sourceTree = "<group>"; };
		880B135B2374758F003E29AC /* TaskExtension.swift */ = {isa = PBXFileReference; lastKnownFileType = sourcecode.swift; path = TaskExtension.swift; sourceTree = "<group>"; };
		880B135E2374B08A003E29AC /* TaskCVCell.swift */ = {isa = PBXFileReference; lastKnownFileType = sourcecode.swift; path = TaskCVCell.swift; sourceTree = "<group>"; };
		880B135F2374B08A003E29AC /* TaskCVCell.xib */ = {isa = PBXFileReference; lastKnownFileType = file.xib; path = TaskCVCell.xib; sourceTree = "<group>"; };
		880B13622374B37A003E29AC /* TaskStatusButton.swift */ = {isa = PBXFileReference; lastKnownFileType = sourcecode.swift; path = TaskStatusButton.swift; sourceTree = "<group>"; };
		880B13642374B3F2003E29AC /* TaskPersonLabel.swift */ = {isa = PBXFileReference; lastKnownFileType = sourcecode.swift; path = TaskPersonLabel.swift; sourceTree = "<group>"; };
		880B13672374BE0D003E29AC /* TasksListViewController.swift */ = {isa = PBXFileReference; lastKnownFileType = sourcecode.swift; path = TasksListViewController.swift; sourceTree = "<group>"; };
		880B13682374BE0D003E29AC /* TasksListViewController.xib */ = {isa = PBXFileReference; lastKnownFileType = file.xib; path = TasksListViewController.xib; sourceTree = "<group>"; };
		880B136C2374C6C7003E29AC /* TaskCell.swift */ = {isa = PBXFileReference; lastKnownFileType = sourcecode.swift; path = TaskCell.swift; sourceTree = "<group>"; };
		880B136D2374C6C7003E29AC /* TaskCell.xib */ = {isa = PBXFileReference; lastKnownFileType = file.xib; path = TaskCell.xib; sourceTree = "<group>"; };
		880B137123757224003E29AC /* UserCVCell.swift */ = {isa = PBXFileReference; lastKnownFileType = sourcecode.swift; path = UserCVCell.swift; sourceTree = "<group>"; };
		880B137223757224003E29AC /* UserCVCell.xib */ = {isa = PBXFileReference; lastKnownFileType = file.xib; path = UserCVCell.xib; sourceTree = "<group>"; };
		880B1375237576C3003E29AC /* UIImageView.swift */ = {isa = PBXFileReference; lastKnownFileType = sourcecode.swift; path = UIImageView.swift; sourceTree = "<group>"; };
		880B137823758109003E29AC /* Let's Dinner!Debug.entitlements */ = {isa = PBXFileReference; lastKnownFileType = text.plist.entitlements; path = "Let's Dinner!Debug.entitlements"; sourceTree = "<group>"; };
		880B13792376EB99003E29AC /* ProgressCircle.swift */ = {isa = PBXFileReference; lastKnownFileType = sourcecode.swift; path = ProgressCircle.swift; sourceTree = "<group>"; };
		882C4C17237AEA900039B55F /* IdleViewController.swift */ = {isa = PBXFileReference; lastKnownFileType = sourcecode.swift; path = IdleViewController.swift; sourceTree = "<group>"; };
		882C4C18237AEA900039B55F /* IdleViewController.xib */ = {isa = PBXFileReference; lastKnownFileType = file.xib; path = IdleViewController.xib; sourceTree = "<group>"; };
		88349EF6236DE9FB002A1879 /* Let's Dinner!.app */ = {isa = PBXFileReference; explicitFileType = wrapper.application; includeInIndex = 0; path = "Let's Dinner!.app"; sourceTree = BUILT_PRODUCTS_DIR; };
		88349EF9236DE9FC002A1879 /* Assets.xcassets */ = {isa = PBXFileReference; lastKnownFileType = folder.assetcatalog; path = Assets.xcassets; sourceTree = "<group>"; };
		88349EFB236DE9FC002A1879 /* Info.plist */ = {isa = PBXFileReference; lastKnownFileType = text.plist.xml; path = Info.plist; sourceTree = "<group>"; };
		88349F00236DE9FC002A1879 /* Let's Dinner!.appex */ = {isa = PBXFileReference; explicitFileType = "wrapper.app-extension"; includeInIndex = 0; path = "Let's Dinner!.appex"; sourceTree = BUILT_PRODUCTS_DIR; };
		88349F05236DE9FC002A1879 /* Messages.framework */ = {isa = PBXFileReference; lastKnownFileType = wrapper.framework; name = Messages.framework; path = System/Library/Frameworks/Messages.framework; sourceTree = SDKROOT; };
		88349F08236DE9FC002A1879 /* MessagesViewController.swift */ = {isa = PBXFileReference; lastKnownFileType = sourcecode.swift; path = MessagesViewController.swift; sourceTree = "<group>"; };
		88349F0B236DE9FC002A1879 /* Base */ = {isa = PBXFileReference; lastKnownFileType = file.storyboard; name = Base; path = Base.lproj/MainInterface.storyboard; sourceTree = "<group>"; };
		88349F0D236DE9FC002A1879 /* Assets.xcassets */ = {isa = PBXFileReference; lastKnownFileType = folder.assetcatalog; path = Assets.xcassets; sourceTree = "<group>"; };
		88349F0F236DE9FC002A1879 /* Info.plist */ = {isa = PBXFileReference; lastKnownFileType = text.plist.xml; path = Info.plist; sourceTree = "<group>"; };
		88349F1C236DEF15002A1879 /* Constants.swift */ = {isa = PBXFileReference; lastKnownFileType = sourcecode.swift; path = Constants.swift; sourceTree = "<group>"; };
		88349F1F236E1B60002A1879 /* InitialViewController.swift */ = {isa = PBXFileReference; lastKnownFileType = sourcecode.swift; path = InitialViewController.swift; sourceTree = "<group>"; };
		88349F20236E1B60002A1879 /* InitialViewController.xib */ = {isa = PBXFileReference; lastKnownFileType = file.xib; path = InitialViewController.xib; sourceTree = "<group>"; };
		88349F24236E20CF002A1879 /* UIView.swift */ = {isa = PBXFileReference; lastKnownFileType = sourcecode.swift; path = UIView.swift; sourceTree = "<group>"; };
		88349F26236EFFC6002A1879 /* RegistrationViewController.swift */ = {isa = PBXFileReference; lastKnownFileType = sourcecode.swift; path = RegistrationViewController.swift; sourceTree = "<group>"; };
		88349F27236EFFC6002A1879 /* RegistrationViewController.xib */ = {isa = PBXFileReference; lastKnownFileType = file.xib; path = RegistrationViewController.xib; sourceTree = "<group>"; };
		88349F2B236F7145002A1879 /* UserDefaults.swift */ = {isa = PBXFileReference; lastKnownFileType = sourcecode.swift; path = UserDefaults.swift; sourceTree = "<group>"; };
		88349F2D236F7A1D002A1879 /* NewEventViewController.swift */ = {isa = PBXFileReference; lastKnownFileType = sourcecode.swift; path = NewEventViewController.swift; sourceTree = "<group>"; };
		88349F2E236F7A1D002A1879 /* NewEventViewController.xib */ = {isa = PBXFileReference; lastKnownFileType = file.xib; path = NewEventViewController.xib; sourceTree = "<group>"; };
		88349F322370302E002A1879 /* DatePicker.swift */ = {isa = PBXFileReference; lastKnownFileType = sourcecode.swift; path = DatePicker.swift; sourceTree = "<group>"; };
		88349F342370388C002A1879 /* Event.swift */ = {isa = PBXFileReference; lastKnownFileType = sourcecode.swift; path = Event.swift; sourceTree = "<group>"; };
		88349F37237043BB002A1879 /* RecipesViewController.swift */ = {isa = PBXFileReference; lastKnownFileType = sourcecode.swift; path = RecipesViewController.swift; sourceTree = "<group>"; };
		88349F38237043BB002A1879 /* RecipesViewController.xib */ = {isa = PBXFileReference; lastKnownFileType = file.xib; path = RecipesViewController.xib; sourceTree = "<group>"; };
		88349F3B2370525D002A1879 /* DataHelper.swift */ = {isa = PBXFileReference; lastKnownFileType = sourcecode.swift; path = DataHelper.swift; sourceTree = "<group>"; };
		88349F3F2370D10A002A1879 /* RecipeCell.swift */ = {isa = PBXFileReference; lastKnownFileType = sourcecode.swift; path = RecipeCell.swift; sourceTree = "<group>"; };
		88349F402370D10A002A1879 /* RecipeCell.xib */ = {isa = PBXFileReference; lastKnownFileType = file.xib; path = RecipeCell.xib; sourceTree = "<group>"; };
		883A29F92371D15D0099ECDF /* Readme.md */ = {isa = PBXFileReference; lastKnownFileType = net.daringfireball.markdown; path = Readme.md; sourceTree = "<group>"; };
		883A29FC2371F47B0099ECDF /* RecipeDetailsViewController.swift */ = {isa = PBXFileReference; lastKnownFileType = sourcecode.swift; path = RecipeDetailsViewController.swift; sourceTree = "<group>"; };
		883A29FD2371F47B0099ECDF /* RecipeDetailsViewController.xib */ = {isa = PBXFileReference; lastKnownFileType = file.xib; path = RecipeDetailsViewController.xib; sourceTree = "<group>"; };
		883A2A002372D5520099ECDF /* EventDescriptionViewControllerOld.swift */ = {isa = PBXFileReference; lastKnownFileType = sourcecode.swift; path = EventDescriptionViewControllerOld.swift; sourceTree = "<group>"; };
		883A2A012372D5520099ECDF /* EventDescriptionViewControllerOld.xib */ = {isa = PBXFileReference; lastKnownFileType = file.xib; path = EventDescriptionViewControllerOld.xib; sourceTree = "<group>"; };
		883A2A052372E9910099ECDF /* GoogleService-Info.plist */ = {isa = PBXFileReference; fileEncoding = 4; lastKnownFileType = text.plist.xml; path = "GoogleService-Info.plist"; sourceTree = "<group>"; };
		885C6096237F6E6000ED3A17 /* TableView.swift */ = {isa = PBXFileReference; lastKnownFileType = sourcecode.swift; path = TableView.swift; sourceTree = "<group>"; };
		885C60B92380311100ED3A17 /* TaskManagementCell.swift */ = {isa = PBXFileReference; lastKnownFileType = sourcecode.swift; path = TaskManagementCell.swift; sourceTree = "<group>"; };
		885C60BA2380311100ED3A17 /* TaskManagementCell.xib */ = {isa = PBXFileReference; lastKnownFileType = file.xib; path = TaskManagementCell.xib; sourceTree = "<group>"; };
		885C60BD23805A3D00ED3A17 /* StepTracking.swift */ = {isa = PBXFileReference; lastKnownFileType = sourcecode.swift; path = StepTracking.swift; sourceTree = "<group>"; };
		885C60C023809F7900ED3A17 /* EventDescriptionViewController.swift */ = {isa = PBXFileReference; lastKnownFileType = sourcecode.swift; path = EventDescriptionViewController.swift; sourceTree = "<group>"; };
		885C60C123809F7900ED3A17 /* EventDescriptionViewController.xib */ = {isa = PBXFileReference; lastKnownFileType = file.xib; path = EventDescriptionViewController.xib; sourceTree = "<group>"; };
		885C60C52380A15400ED3A17 /* RecipeCVCell.swift */ = {isa = PBXFileReference; lastKnownFileType = sourcecode.swift; path = RecipeCVCell.swift; sourceTree = "<group>"; };
		885C60C62380A15400ED3A17 /* RecipeCVCell.xib */ = {isa = PBXFileReference; lastKnownFileType = file.xib; path = RecipeCVCell.xib; sourceTree = "<group>"; };
		885C60CA2380BABB00ED3A17 /* ReviewViewController.swift */ = {isa = PBXFileReference; lastKnownFileType = sourcecode.swift; path = ReviewViewController.swift; sourceTree = "<group>"; };
		885C60CB2380BABB00ED3A17 /* EventInfoViewController.xib */ = {isa = PBXFileReference; lastKnownFileType = file.xib; path = EventInfoViewController.xib; sourceTree = "<group>"; };
		88A362DE237C3F8C005B6B81 /* ProgressBar.swift */ = {isa = PBXFileReference; lastKnownFileType = sourcecode.swift; path = ProgressBar.swift; sourceTree = "<group>"; };
		88A362E1237EA8E2005B6B81 /* ManagementViewController.swift */ = {isa = PBXFileReference; lastKnownFileType = sourcecode.swift; path = ManagementViewController.swift; sourceTree = "<group>"; };
		88A362E2237EA8E2005B6B81 /* ManagementViewController.xib */ = {isa = PBXFileReference; lastKnownFileType = file.xib; path = ManagementViewController.xib; sourceTree = "<group>"; };
		88B7832B23717CF7009E4F3C /* CustomSearchBar.swift */ = {isa = PBXFileReference; lastKnownFileType = sourcecode.swift; path = CustomSearchBar.swift; sourceTree = "<group>"; };
		88B7832D23717D84009E4F3C /* UIColor.swift */ = {isa = PBXFileReference; lastKnownFileType = sourcecode.swift; path = UIColor.swift; sourceTree = "<group>"; };
		88B7832F23717E3E009E4F3C /* String.swift */ = {isa = PBXFileReference; lastKnownFileType = sourcecode.swift; path = String.swift; sourceTree = "<group>"; };
		88B7833123718125009E4F3C /* Recipe.swift */ = {isa = PBXFileReference; lastKnownFileType = sourcecode.swift; path = Recipe.swift; sourceTree = "<group>"; };
		88B78334237183DB009E4F3C /* PredefinedRecipes.json */ = {isa = PBXFileReference; lastKnownFileType = text.json; path = PredefinedRecipes.json; sourceTree = "<group>"; };
		B86F6FF5238195D10010AB7C /* AnswerDeclinedCell.swift */ = {isa = PBXFileReference; lastKnownFileType = sourcecode.swift; path = AnswerDeclinedCell.swift; sourceTree = "<group>"; };
		B86F6FF7238199AD0010AB7C /* AnswerDeclinedCell.xib */ = {isa = PBXFileReference; lastKnownFileType = file.xib; path = AnswerDeclinedCell.xib; sourceTree = "<group>"; };
		B86F6FFA2381A8830010AB7C /* AnswerAcceptedCell.swift */ = {isa = PBXFileReference; lastKnownFileType = sourcecode.swift; path = AnswerAcceptedCell.swift; sourceTree = "<group>"; };
		B86F6FFF2381A9110010AB7C /* AnswerAcceptedCell.xib */ = {isa = PBXFileReference; lastKnownFileType = file.xib; path = AnswerAcceptedCell.xib; sourceTree = "<group>"; };
		B86F7001238430DC0010AB7C /* ReviewViewController.xib */ = {isa = PBXFileReference; lastKnownFileType = file.xib; path = ReviewViewController.xib; sourceTree = "<group>"; };
		B86F700723843C6B0010AB7C /* EventInfoViewController.swift */ = {isa = PBXFileReference; lastKnownFileType = sourcecode.swift; path = EventInfoViewController.swift; sourceTree = "<group>"; };
		B86F700A238521810010AB7C /* UIButtonClass.swift */ = {isa = PBXFileReference; lastKnownFileType = sourcecode.swift; path = UIButtonClass.swift; sourceTree = "<group>"; };
		B86F700C238525A60010AB7C /* UITableViewClass.swift */ = {isa = PBXFileReference; lastKnownFileType = sourcecode.swift; path = UITableViewClass.swift; sourceTree = "<group>"; };
		B8E4CA7723812157006DD095 /* TitleCell.swift */ = {isa = PBXFileReference; lastKnownFileType = sourcecode.swift; path = TitleCell.swift; sourceTree = "<group>"; };
		B8E4CA7A238122AD006DD095 /* TitleCell.xib */ = {isa = PBXFileReference; lastKnownFileType = file.xib; path = TitleCell.xib; sourceTree = "<group>"; };
		BB96E7D51A8DA2E7C1222239 /* Pods-LetsDinnerV2.release.xcconfig */ = {isa = PBXFileReference; includeInIndex = 1; lastKnownFileType = text.xcconfig; name = "Pods-LetsDinnerV2.release.xcconfig"; path = "Target Support Files/Pods-LetsDinnerV2/Pods-LetsDinnerV2.release.xcconfig"; sourceTree = "<group>"; };
		DDA83141D400FE826D22FC36 /* Pods_LetsDinnerV2_MessagesExtension.framework */ = {isa = PBXFileReference; explicitFileType = wrapper.framework; includeInIndex = 0; path = Pods_LetsDinnerV2_MessagesExtension.framework; sourceTree = BUILT_PRODUCTS_DIR; };
/* End PBXFileReference section */

/* Begin PBXFrameworksBuildPhase section */
		148FD0FFFF9A2FD83F7DA173 /* Frameworks */ = {
			isa = PBXFrameworksBuildPhase;
			buildActionMask = 2147483647;
			files = (
				B86F6FF2238178F40010AB7C /* Pods_LetsDinnerV2.framework in Frameworks */,
			);
			runOnlyForDeploymentPostprocessing = 0;
		};
		88349EFD236DE9FC002A1879 /* Frameworks */ = {
			isa = PBXFrameworksBuildPhase;
			buildActionMask = 2147483647;
			files = (
				8858BF302371CAFD00133877 /* Messages.framework in Frameworks */,
				8858BF2D2371CAF900133877 /* Pods_LetsDinnerV2_MessagesExtension.framework in Frameworks */,
			);
			runOnlyForDeploymentPostprocessing = 0;
		};
/* End PBXFrameworksBuildPhase section */

/* Begin PBXGroup section */
		880B133223736D3C003E29AC /* EventSummaryVC */ = {
			isa = PBXGroup;
			children = (
				880B133323736D5C003E29AC /* EventSummaryViewController.swift */,
				880B133423736D5C003E29AC /* EventSummaryViewController.xib */,
			);
			path = EventSummaryVC;
			sourceTree = "<group>";
		};
		880B133723737605003E29AC /* AnswerCell */ = {
			isa = PBXGroup;
			children = (
				880B133D237376C7003E29AC /* AnswerCell.swift */,
				880B133E237376C7003E29AC /* AnswerCell.xib */,
				B86F6FF5238195D10010AB7C /* AnswerDeclinedCell.swift */,
				B86F6FF7238199AD0010AB7C /* AnswerDeclinedCell.xib */,
				B86F6FFA2381A8830010AB7C /* AnswerAcceptedCell.swift */,
				B86F6FFF2381A9110010AB7C /* AnswerAcceptedCell.xib */,
			);
			path = AnswerCell;
			sourceTree = "<group>";
		};
		880B133823737619003E29AC /* InfoCell */ = {
			isa = PBXGroup;
			children = (
				880B1341237376D6003E29AC /* InfoCell.swift */,
				880B1342237376D6003E29AC /* InfoCell.xib */,
			);
			path = InfoCell;
			sourceTree = "<group>";
		};
		880B133923737622003E29AC /* DescriptionCell */ = {
			isa = PBXGroup;
			children = (
				880B1345237376E3003E29AC /* DescriptionCell.swift */,
				880B1346237376E3003E29AC /* DescriptionCell.xib */,
			);
			path = DescriptionCell;
			sourceTree = "<group>";
		};
		880B133A2373762A003E29AC /* TaskSummaryCell */ = {
			isa = PBXGroup;
			children = (
				880B1349237376F3003E29AC /* TaskSummaryCell.swift */,
				880B134A237376F3003E29AC /* TaskSummaryCell.xib */,
			);
			path = TaskSummaryCell;
			sourceTree = "<group>";
		};
		880B133B23737635003E29AC /* UserCell */ = {
			isa = PBXGroup;
			children = (
				880B134D23737700003E29AC /* UserCell.swift */,
				880B134E23737700003E29AC /* UserCell.xib */,
			);
			path = UserCell;
			sourceTree = "<group>";
		};
		880B133C2373763D003E29AC /* CalendarCell */ = {
			isa = PBXGroup;
			children = (
				880B135123737711003E29AC /* CalendarCell.swift */,
				880B135223737711003E29AC /* CalendarCell.xib */,
			);
			path = CalendarCell;
			sourceTree = "<group>";
		};
		880B135D2374B06B003E29AC /* TaskCVCell */ = {
			isa = PBXGroup;
			children = (
				880B135E2374B08A003E29AC /* TaskCVCell.swift */,
				880B135F2374B08A003E29AC /* TaskCVCell.xib */,
			);
			path = TaskCVCell;
			sourceTree = "<group>";
		};
		880B13662374BDAE003E29AC /* TasksListVC */ = {
			isa = PBXGroup;
			children = (
				880B13672374BE0D003E29AC /* TasksListViewController.swift */,
				880B13682374BE0D003E29AC /* TasksListViewController.xib */,
			);
			path = TasksListVC;
			sourceTree = "<group>";
		};
		880B136B2374C6AD003E29AC /* TaskCell */ = {
			isa = PBXGroup;
			children = (
				880B136C2374C6C7003E29AC /* TaskCell.swift */,
				880B136D2374C6C7003E29AC /* TaskCell.xib */,
			);
			path = TaskCell;
			sourceTree = "<group>";
		};
		880B1370237571FF003E29AC /* UserCVCell */ = {
			isa = PBXGroup;
			children = (
				880B137123757224003E29AC /* UserCVCell.swift */,
				880B137223757224003E29AC /* UserCVCell.xib */,
			);
			path = UserCVCell;
			sourceTree = "<group>";
		};
		882C4C14237AEA470039B55F /* IdleVC */ = {
			isa = PBXGroup;
			children = (
				882C4C17237AEA900039B55F /* IdleViewController.swift */,
				882C4C18237AEA900039B55F /* IdleViewController.xib */,
			);
			path = IdleVC;
			sourceTree = "<group>";
		};
		88349EEF236DE9FB002A1879 = {
			isa = PBXGroup;
			children = (
				883A29F92371D15D0099ECDF /* Readme.md */,
				88349EF8236DE9FB002A1879 /* LetsDinnerV2 */,
				88349F07236DE9FC002A1879 /* LetsDinnerV2 MessagesExtension */,
				88349F04236DE9FC002A1879 /* Frameworks */,
				88349EF7236DE9FB002A1879 /* Products */,
				B017EC268CCDD12643C7FD91 /* Pods */,
			);
			sourceTree = "<group>";
		};
		88349EF7236DE9FB002A1879 /* Products */ = {
			isa = PBXGroup;
			children = (
				88349EF6236DE9FB002A1879 /* Let's Dinner!.app */,
				88349F00236DE9FC002A1879 /* Let's Dinner!.appex */,
			);
			name = Products;
			sourceTree = "<group>";
		};
		88349EF8236DE9FB002A1879 /* LetsDinnerV2 */ = {
			isa = PBXGroup;
			children = (
				88349EF9236DE9FC002A1879 /* Assets.xcassets */,
				88349EFB236DE9FC002A1879 /* Info.plist */,
			);
			path = LetsDinnerV2;
			sourceTree = "<group>";
		};
		88349F04236DE9FC002A1879 /* Frameworks */ = {
			isa = PBXGroup;
			children = (
				88349F05236DE9FC002A1879 /* Messages.framework */,
				4F505819D4FB96BCBC222A90 /* Pods_LetsDinnerV2.framework */,
				DDA83141D400FE826D22FC36 /* Pods_LetsDinnerV2_MessagesExtension.framework */,
			);
			name = Frameworks;
			sourceTree = "<group>";
		};
		88349F07236DE9FC002A1879 /* LetsDinnerV2 MessagesExtension */ = {
			isa = PBXGroup;
			children = (
				880B137823758109003E29AC /* Let's Dinner!Debug.entitlements */,
				88349F19236DEEEB002A1879 /* Model */,
				88349F1B236DEEF9002A1879 /* Controller */,
				88349F1A236DEEF2002A1879 /* View */,
				88349F1E236DEF1C002A1879 /* Extensions */,
				88B7833323718391009E4F3C /* Resources */,
				88349F0D236DE9FC002A1879 /* Assets.xcassets */,
				88349F0F236DE9FC002A1879 /* Info.plist */,
				883A2A052372E9910099ECDF /* GoogleService-Info.plist */,
			);
			path = "LetsDinnerV2 MessagesExtension";
			sourceTree = "<group>";
		};
		88349F19236DEEEB002A1879 /* Model */ = {
			isa = PBXGroup;
			children = (
				88349F1C236DEF15002A1879 /* Constants.swift */,
				88349F342370388C002A1879 /* Event.swift */,
				88349F3B2370525D002A1879 /* DataHelper.swift */,
				88B7833123718125009E4F3C /* Recipe.swift */,
				880B13302372FA08003E29AC /* User.swift */,
				880B1357237474A4003E29AC /* Task.swift */,
				885C60BD23805A3D00ED3A17 /* StepTracking.swift */,
			);
			path = Model;
			sourceTree = "<group>";
		};
		88349F1A236DEEF2002A1879 /* View */ = {
			isa = PBXGroup;
			children = (
				88349F3D2370D0C1002A1879 /* Cells */,
				88349F0A236DE9FC002A1879 /* MainInterface.storyboard */,
				88349F322370302E002A1879 /* DatePicker.swift */,
				88B7832B23717CF7009E4F3C /* CustomSearchBar.swift */,
				880B13622374B37A003E29AC /* TaskStatusButton.swift */,
				880B13642374B3F2003E29AC /* TaskPersonLabel.swift */,
				880B13792376EB99003E29AC /* ProgressCircle.swift */,
				88A362DE237C3F8C005B6B81 /* ProgressBar.swift */,
				B86F700A238521810010AB7C /* UIButtonClass.swift */,
				B86F700C238525A60010AB7C /* UITableViewClass.swift */,
			);
			path = View;
			sourceTree = "<group>";
		};
		88349F1B236DEEF9002A1879 /* Controller */ = {
			isa = PBXGroup;
			children = (
				88349F08236DE9FC002A1879 /* MessagesViewController.swift */,
				882C4C14237AEA470039B55F /* IdleVC */,
				88349F23236E1B67002A1879 /* InitialVC */,
				88349F2A236EFFD4002A1879 /* RegistrationVC */,
				88349F31236F7A22002A1879 /* NewEventVC */,
				88349F362370439B002A1879 /* RecipesVC */,
				883A29FB2371F4580099ECDF /* RecipeDetailsVC */,
				88A362E0237EA8B6005B6B81 /* ManagementVC */,
				885C60BF23809F5500ED3A17 /* EventDescriptionVC */,
				883A2A042372D5560099ECDF /* EventDescriptionVCOld */,
				885C60C92380BA9500ED3A17 /* ReviewVC */,
				880B133223736D3C003E29AC /* EventSummaryVC */,
				B86F7006238435830010AB7C /* EventInfoViewController */,
				880B13662374BDAE003E29AC /* TasksListVC */,
			);
			path = Controller;
			sourceTree = "<group>";
		};
		88349F1E236DEF1C002A1879 /* Extensions */ = {
			isa = PBXGroup;
			children = (
				88349F24236E20CF002A1879 /* UIView.swift */,
				88349F2B236F7145002A1879 /* UserDefaults.swift */,
				88B7832D23717D84009E4F3C /* UIColor.swift */,
				88B7832F23717E3E009E4F3C /* String.swift */,
				880B135523746A5D003E29AC /* UIButton.swift */,
				880B135923747578003E29AC /* Array.swift */,
				880B135B2374758F003E29AC /* TaskExtension.swift */,
				880B1375237576C3003E29AC /* UIImageView.swift */,
				885C6096237F6E6000ED3A17 /* TableView.swift */,
			);
			path = Extensions;
			sourceTree = "<group>";
		};
		88349F23236E1B67002A1879 /* InitialVC */ = {
			isa = PBXGroup;
			children = (
				88349F1F236E1B60002A1879 /* InitialViewController.swift */,
				88349F20236E1B60002A1879 /* InitialViewController.xib */,
			);
			path = InitialVC;
			sourceTree = "<group>";
		};
		88349F2A236EFFD4002A1879 /* RegistrationVC */ = {
			isa = PBXGroup;
			children = (
				88349F26236EFFC6002A1879 /* RegistrationViewController.swift */,
				88349F27236EFFC6002A1879 /* RegistrationViewController.xib */,
			);
			path = RegistrationVC;
			sourceTree = "<group>";
		};
		88349F31236F7A22002A1879 /* NewEventVC */ = {
			isa = PBXGroup;
			children = (
				88349F2D236F7A1D002A1879 /* NewEventViewController.swift */,
				88349F2E236F7A1D002A1879 /* NewEventViewController.xib */,
			);
			path = NewEventVC;
			sourceTree = "<group>";
		};
		88349F362370439B002A1879 /* RecipesVC */ = {
			isa = PBXGroup;
			children = (
				88349F37237043BB002A1879 /* RecipesViewController.swift */,
				88349F38237043BB002A1879 /* RecipesViewController.xib */,
			);
			path = RecipesVC;
			sourceTree = "<group>";
		};
		88349F3D2370D0C1002A1879 /* Cells */ = {
			isa = PBXGroup;
			children = (
				885C60C423809F9300ED3A17 /* RecipeCVCell */,
				B8E4CA7923812174006DD095 /* TitleCell */,
				885C60B8238030EC00ED3A17 /* TaskManagementCell */,
				880B136B2374C6AD003E29AC /* TaskCell */,
				880B135D2374B06B003E29AC /* TaskCVCell */,
				880B133C2373763D003E29AC /* CalendarCell */,
				880B133B23737635003E29AC /* UserCell */,
				880B1370237571FF003E29AC /* UserCVCell */,
				880B133A2373762A003E29AC /* TaskSummaryCell */,
				880B133923737622003E29AC /* DescriptionCell */,
				880B133823737619003E29AC /* InfoCell */,
				880B133723737605003E29AC /* AnswerCell */,
				88349F3E2370D0C9002A1879 /* RecipeCell */,
			);
			path = Cells;
			sourceTree = "<group>";
		};
		88349F3E2370D0C9002A1879 /* RecipeCell */ = {
			isa = PBXGroup;
			children = (
				88349F3F2370D10A002A1879 /* RecipeCell.swift */,
				88349F402370D10A002A1879 /* RecipeCell.xib */,
			);
			path = RecipeCell;
			sourceTree = "<group>";
		};
		883A29FB2371F4580099ECDF /* RecipeDetailsVC */ = {
			isa = PBXGroup;
			children = (
				883A29FC2371F47B0099ECDF /* RecipeDetailsViewController.swift */,
				883A29FD2371F47B0099ECDF /* RecipeDetailsViewController.xib */,
			);
			path = RecipeDetailsVC;
			sourceTree = "<group>";
		};
		883A2A042372D5560099ECDF /* EventDescriptionVCOld */ = {
			isa = PBXGroup;
			children = (
				883A2A002372D5520099ECDF /* EventDescriptionViewControllerOld.swift */,
				883A2A012372D5520099ECDF /* EventDescriptionViewControllerOld.xib */,
			);
			path = EventDescriptionVCOld;
			sourceTree = "<group>";
		};
		885C60B8238030EC00ED3A17 /* TaskManagementCell */ = {
			isa = PBXGroup;
			children = (
				885C60B92380311100ED3A17 /* TaskManagementCell.swift */,
				885C60BA2380311100ED3A17 /* TaskManagementCell.xib */,
			);
			path = TaskManagementCell;
			sourceTree = "<group>";
		};
		885C60BF23809F5500ED3A17 /* EventDescriptionVC */ = {
			isa = PBXGroup;
			children = (
				885C60C023809F7900ED3A17 /* EventDescriptionViewController.swift */,
				885C60C123809F7900ED3A17 /* EventDescriptionViewController.xib */,
			);
			path = EventDescriptionVC;
			sourceTree = "<group>";
		};
		885C60C423809F9300ED3A17 /* RecipeCVCell */ = {
			isa = PBXGroup;
			children = (
				885C60C52380A15400ED3A17 /* RecipeCVCell.swift */,
				885C60C62380A15400ED3A17 /* RecipeCVCell.xib */,
			);
			path = RecipeCVCell;
			sourceTree = "<group>";
		};
		885C60C92380BA9500ED3A17 /* ReviewVC */ = {
			isa = PBXGroup;
			children = (
				885C60CA2380BABB00ED3A17 /* ReviewViewController.swift */,
				B86F7001238430DC0010AB7C /* ReviewViewController.xib */,
			);
			path = ReviewVC;
			sourceTree = "<group>";
		};
		88A362E0237EA8B6005B6B81 /* ManagementVC */ = {
			isa = PBXGroup;
			children = (
				88A362E1237EA8E2005B6B81 /* ManagementViewController.swift */,
				88A362E2237EA8E2005B6B81 /* ManagementViewController.xib */,
			);
			path = ManagementVC;
			sourceTree = "<group>";
		};
		88B7833323718391009E4F3C /* Resources */ = {
			isa = PBXGroup;
			children = (
				88B78334237183DB009E4F3C /* PredefinedRecipes.json */,
			);
			path = Resources;
			sourceTree = "<group>";
		};
		B017EC268CCDD12643C7FD91 /* Pods */ = {
			isa = PBXGroup;
			children = (
				1D3EEB756B7462E534F70D74 /* Pods-LetsDinnerV2.debug.xcconfig */,
				BB96E7D51A8DA2E7C1222239 /* Pods-LetsDinnerV2.release.xcconfig */,
				16492027AA4CC9A0444EDB54 /* Pods-LetsDinnerV2 MessagesExtension.debug.xcconfig */,
				4CE543C35F5CC3D6F4700FFB /* Pods-LetsDinnerV2 MessagesExtension.release.xcconfig */,
			);
			path = Pods;
			sourceTree = "<group>";
		};
		B86F7006238435830010AB7C /* EventInfoViewController */ = {
			isa = PBXGroup;
			children = (
				B86F700723843C6B0010AB7C /* EventInfoViewController.swift */,
				885C60CB2380BABB00ED3A17 /* EventInfoViewController.xib */,
			);
			path = EventInfoViewController;
			sourceTree = "<group>";
		};
		B8E4CA7923812174006DD095 /* TitleCell */ = {
			isa = PBXGroup;
			children = (
				B8E4CA7723812157006DD095 /* TitleCell.swift */,
				B8E4CA7A238122AD006DD095 /* TitleCell.xib */,
			);
			path = TitleCell;
			sourceTree = "<group>";
		};
/* End PBXGroup section */

/* Begin PBXNativeTarget section */
		88349EF5236DE9FB002A1879 /* LetsDinnerV2 */ = {
			isa = PBXNativeTarget;
			buildConfigurationList = 88349F16236DE9FC002A1879 /* Build configuration list for PBXNativeTarget "LetsDinnerV2" */;
			buildPhases = (
				52F07E8A278835332D7590CA /* [CP] Check Pods Manifest.lock */,
				88349EF4236DE9FB002A1879 /* Resources */,
				88349F15236DE9FC002A1879 /* Embed App Extensions */,
				148FD0FFFF9A2FD83F7DA173 /* Frameworks */,
				D708FD19D8820027417285B2 /* [CP] Embed Pods Frameworks */,
				B86F6FF4238178F50010AB7C /* Embed Frameworks */,
			);
			buildRules = (
			);
			dependencies = (
				88349F03236DE9FC002A1879 /* PBXTargetDependency */,
			);
			name = LetsDinnerV2;
			productName = LetsDinnerV2;
			productReference = 88349EF6236DE9FB002A1879 /* Let's Dinner!.app */;
			productType = "com.apple.product-type.application.messages";
		};
		88349EFF236DE9FC002A1879 /* LetsDinnerV2 MessagesExtension */ = {
			isa = PBXNativeTarget;
			buildConfigurationList = 88349F12236DE9FC002A1879 /* Build configuration list for PBXNativeTarget "LetsDinnerV2 MessagesExtension" */;
			buildPhases = (
				64B97D168BF486D7C14A6B6C /* [CP] Check Pods Manifest.lock */,
				88349EFC236DE9FC002A1879 /* Sources */,
				88349EFD236DE9FC002A1879 /* Frameworks */,
				88349EFE236DE9FC002A1879 /* Resources */,
			);
			buildRules = (
			);
			dependencies = (
			);
			name = "LetsDinnerV2 MessagesExtension";
			productName = "LetsDinnerV2 MessagesExtension";
			productReference = 88349F00236DE9FC002A1879 /* Let's Dinner!.appex */;
			productType = "com.apple.product-type.app-extension.messages";
		};
/* End PBXNativeTarget section */

/* Begin PBXProject section */
		88349EF0236DE9FB002A1879 /* Project object */ = {
			isa = PBXProject;
			attributes = {
				LastSwiftUpdateCheck = 1110;
				LastUpgradeCheck = 1110;
				ORGANIZATIONNAME = "Eric Ordonneau";
				TargetAttributes = {
					88349EF5236DE9FB002A1879 = {
						CreatedOnToolsVersion = 11.1;
						LastSwiftMigration = 1120;
					};
					88349EFF236DE9FC002A1879 = {
						CreatedOnToolsVersion = 11.1;
					};
				};
			};
			buildConfigurationList = 88349EF3236DE9FB002A1879 /* Build configuration list for PBXProject "LetsDinnerV2" */;
			compatibilityVersion = "Xcode 9.3";
			developmentRegion = en;
			hasScannedForEncodings = 0;
			knownRegions = (
				en,
				Base,
			);
			mainGroup = 88349EEF236DE9FB002A1879;
			productRefGroup = 88349EF7236DE9FB002A1879 /* Products */;
			projectDirPath = "";
			projectRoot = "";
			targets = (
				88349EF5236DE9FB002A1879 /* LetsDinnerV2 */,
				88349EFF236DE9FC002A1879 /* LetsDinnerV2 MessagesExtension */,
			);
		};
/* End PBXProject section */

/* Begin PBXResourcesBuildPhase section */
		88349EF4236DE9FB002A1879 /* Resources */ = {
			isa = PBXResourcesBuildPhase;
			buildActionMask = 2147483647;
			files = (
				883A29FA2371D15D0099ECDF /* Readme.md in Resources */,
				88349EFA236DE9FC002A1879 /* Assets.xcassets in Resources */,
			);
			runOnlyForDeploymentPostprocessing = 0;
		};
		88349EFE236DE9FC002A1879 /* Resources */ = {
			isa = PBXResourcesBuildPhase;
			buildActionMask = 2147483647;
			files = (
				B86F700923843D2D0010AB7C /* ReviewViewController.xib in Resources */,
				B86F70002381A9D20010AB7C /* AnswerAcceptedCell.xib in Resources */,
				B86F6FF82381A4100010AB7C /* AnswerDeclinedCell.xib in Resources */,
				88349F0E236DE9FC002A1879 /* Assets.xcassets in Resources */,
				88A362E4237EA8E2005B6B81 /* ManagementViewController.xib in Resources */,
				880B136A2374BE0D003E29AC /* TasksListViewController.xib in Resources */,
				880B1348237376E3003E29AC /* DescriptionCell.xib in Resources */,
				880B13612374B08A003E29AC /* TaskCVCell.xib in Resources */,
				885C60C323809F7900ED3A17 /* EventDescriptionViewController.xib in Resources */,
				880B1344237376D6003E29AC /* InfoCell.xib in Resources */,
				880B135023737700003E29AC /* UserCell.xib in Resources */,
				885C60BC2380311100ED3A17 /* TaskManagementCell.xib in Resources */,
				88349F30236F7A1D002A1879 /* NewEventViewController.xib in Resources */,
				885C60CD2380BABB00ED3A17 /* EventInfoViewController.xib in Resources */,
				880B137423757224003E29AC /* UserCVCell.xib in Resources */,
				B8E4CA7B238122AD006DD095 /* TitleCell.xib in Resources */,
				883A2A032372D5520099ECDF /* EventDescriptionViewControllerOld.xib in Resources */,
				880B134C237376F3003E29AC /* TaskSummaryCell.xib in Resources */,
				88349F3A237043BB002A1879 /* RecipesViewController.xib in Resources */,
				88349F29236EFFC6002A1879 /* RegistrationViewController.xib in Resources */,
				882C4C1A237AEA900039B55F /* IdleViewController.xib in Resources */,
				885C60C82380A15400ED3A17 /* RecipeCVCell.xib in Resources */,
				883A29FF2371F47B0099ECDF /* RecipeDetailsViewController.xib in Resources */,
				88349F0C236DE9FC002A1879 /* MainInterface.storyboard in Resources */,
				880B135423737711003E29AC /* CalendarCell.xib in Resources */,
				88349F22236E1B60002A1879 /* InitialViewController.xib in Resources */,
				883A2A062372E9910099ECDF /* GoogleService-Info.plist in Resources */,
				880B136F2374C6C7003E29AC /* TaskCell.xib in Resources */,
				88349F422370D10A002A1879 /* RecipeCell.xib in Resources */,
				880B133623736D5C003E29AC /* EventSummaryViewController.xib in Resources */,
				880B1340237376C7003E29AC /* AnswerCell.xib in Resources */,
				88B78335237183DB009E4F3C /* PredefinedRecipes.json in Resources */,
			);
			runOnlyForDeploymentPostprocessing = 0;
		};
/* End PBXResourcesBuildPhase section */

/* Begin PBXShellScriptBuildPhase section */
		52F07E8A278835332D7590CA /* [CP] Check Pods Manifest.lock */ = {
			isa = PBXShellScriptBuildPhase;
			buildActionMask = 2147483647;
			files = (
			);
			inputFileListPaths = (
			);
			inputPaths = (
				"${PODS_PODFILE_DIR_PATH}/Podfile.lock",
				"${PODS_ROOT}/Manifest.lock",
			);
			name = "[CP] Check Pods Manifest.lock";
			outputFileListPaths = (
			);
			outputPaths = (
				"$(DERIVED_FILE_DIR)/Pods-LetsDinnerV2-checkManifestLockResult.txt",
			);
			runOnlyForDeploymentPostprocessing = 0;
			shellPath = /bin/sh;
			shellScript = "diff \"${PODS_PODFILE_DIR_PATH}/Podfile.lock\" \"${PODS_ROOT}/Manifest.lock\" > /dev/null\nif [ $? != 0 ] ; then\n    # print error to STDERR\n    echo \"error: The sandbox is not in sync with the Podfile.lock. Run 'pod install' or update your CocoaPods installation.\" >&2\n    exit 1\nfi\n# This output is used by Xcode 'outputs' to avoid re-running this script phase.\necho \"SUCCESS\" > \"${SCRIPT_OUTPUT_FILE_0}\"\n";
			showEnvVarsInLog = 0;
		};
		64B97D168BF486D7C14A6B6C /* [CP] Check Pods Manifest.lock */ = {
			isa = PBXShellScriptBuildPhase;
			buildActionMask = 2147483647;
			files = (
			);
			inputFileListPaths = (
			);
			inputPaths = (
				"${PODS_PODFILE_DIR_PATH}/Podfile.lock",
				"${PODS_ROOT}/Manifest.lock",
			);
			name = "[CP] Check Pods Manifest.lock";
			outputFileListPaths = (
			);
			outputPaths = (
				"$(DERIVED_FILE_DIR)/Pods-LetsDinnerV2 MessagesExtension-checkManifestLockResult.txt",
			);
			runOnlyForDeploymentPostprocessing = 0;
			shellPath = /bin/sh;
			shellScript = "diff \"${PODS_PODFILE_DIR_PATH}/Podfile.lock\" \"${PODS_ROOT}/Manifest.lock\" > /dev/null\nif [ $? != 0 ] ; then\n    # print error to STDERR\n    echo \"error: The sandbox is not in sync with the Podfile.lock. Run 'pod install' or update your CocoaPods installation.\" >&2\n    exit 1\nfi\n# This output is used by Xcode 'outputs' to avoid re-running this script phase.\necho \"SUCCESS\" > \"${SCRIPT_OUTPUT_FILE_0}\"\n";
			showEnvVarsInLog = 0;
		};
		D708FD19D8820027417285B2 /* [CP] Embed Pods Frameworks */ = {
			isa = PBXShellScriptBuildPhase;
			buildActionMask = 2147483647;
			files = (
			);
			inputFileListPaths = (
				"${PODS_ROOT}/Target Support Files/Pods-LetsDinnerV2/Pods-LetsDinnerV2-frameworks-${CONFIGURATION}-input-files.xcfilelist",
			);
			name = "[CP] Embed Pods Frameworks";
			outputFileListPaths = (
				"${PODS_ROOT}/Target Support Files/Pods-LetsDinnerV2/Pods-LetsDinnerV2-frameworks-${CONFIGURATION}-output-files.xcfilelist",
			);
			runOnlyForDeploymentPostprocessing = 0;
			shellPath = /bin/sh;
			shellScript = "\"${PODS_ROOT}/Target Support Files/Pods-LetsDinnerV2/Pods-LetsDinnerV2-frameworks.sh\"\n";
			showEnvVarsInLog = 0;
		};
/* End PBXShellScriptBuildPhase section */

/* Begin PBXSourcesBuildPhase section */
		88349EFC236DE9FC002A1879 /* Sources */ = {
			isa = PBXSourcesBuildPhase;
			buildActionMask = 2147483647;
			files = (
				883A2A022372D5520099ECDF /* EventDescriptionViewControllerOld.swift in Sources */,
				88349F25236E20CF002A1879 /* UIView.swift in Sources */,
				88B7832E23717D84009E4F3C /* UIColor.swift in Sources */,
				88B7832C23717CF7009E4F3C /* CustomSearchBar.swift in Sources */,
				B86F6FF6238195D10010AB7C /* AnswerDeclinedCell.swift in Sources */,
				880B13632374B37A003E29AC /* TaskStatusButton.swift in Sources */,
				88349F352370388C002A1879 /* Event.swift in Sources */,
				880B13602374B08A003E29AC /* TaskCVCell.swift in Sources */,
				880B13652374B3F2003E29AC /* TaskPersonLabel.swift in Sources */,
				88349F21236E1B60002A1879 /* InitialViewController.swift in Sources */,
				88349F412370D10A002A1879 /* RecipeCell.swift in Sources */,
				88349F2C236F7145002A1879 /* UserDefaults.swift in Sources */,
				880B1347237376E3003E29AC /* DescriptionCell.swift in Sources */,
				88349F09236DE9FC002A1879 /* MessagesViewController.swift in Sources */,
				88349F2F236F7A1D002A1879 /* NewEventViewController.swift in Sources */,
				882C4C19237AEA900039B55F /* IdleViewController.swift in Sources */,
				880B135323737711003E29AC /* CalendarCell.swift in Sources */,
				885C60BE23805A3D00ED3A17 /* StepTracking.swift in Sources */,
				885C60BB2380311100ED3A17 /* TaskManagementCell.swift in Sources */,
				880B1358237474A4003E29AC /* Task.swift in Sources */,
				88349F1D236DEF15002A1879 /* Constants.swift in Sources */,
				88349F3C2370525D002A1879 /* DataHelper.swift in Sources */,
				880B134F23737700003E29AC /* UserCell.swift in Sources */,
				88349F28236EFFC6002A1879 /* RegistrationViewController.swift in Sources */,
				88B7833023717E3E009E4F3C /* String.swift in Sources */,
				880B13692374BE0D003E29AC /* TasksListViewController.swift in Sources */,
				88A362E3237EA8E2005B6B81 /* ManagementViewController.swift in Sources */,
				B86F700B238521810010AB7C /* UIButtonClass.swift in Sources */,
				88349F39237043BB002A1879 /* RecipesViewController.swift in Sources */,
				885C60CC2380BABB00ED3A17 /* ReviewViewController.swift in Sources */,
				883A29FE2371F47B0099ECDF /* RecipeDetailsViewController.swift in Sources */,
				880B134B237376F3003E29AC /* TaskSummaryCell.swift in Sources */,
				880B133523736D5C003E29AC /* EventSummaryViewController.swift in Sources */,
				880B1376237576C3003E29AC /* UIImageView.swift in Sources */,
				880B135C2374758F003E29AC /* TaskExtension.swift in Sources */,
				B86F6FFB2381A8830010AB7C /* AnswerAcceptedCell.swift in Sources */,
				88349F332370302E002A1879 /* DatePicker.swift in Sources */,
				885C6097237F6E6000ED3A17 /* TableView.swift in Sources */,
				880B133F237376C7003E29AC /* AnswerCell.swift in Sources */,
				880B137A2376EB99003E29AC /* ProgressCircle.swift in Sources */,
				880B136E2374C6C7003E29AC /* TaskCell.swift in Sources */,
				88B7833223718125009E4F3C /* Recipe.swift in Sources */,
				B8E4CA7823812157006DD095 /* TitleCell.swift in Sources */,
				885C60C72380A15400ED3A17 /* RecipeCVCell.swift in Sources */,
				880B137323757224003E29AC /* UserCVCell.swift in Sources */,
				885C60C223809F7900ED3A17 /* EventDescriptionViewController.swift in Sources */,
				B86F700823843C6B0010AB7C /* EventInfoViewController.swift in Sources */,
				880B13312372FA08003E29AC /* User.swift in Sources */,
				880B1343237376D6003E29AC /* InfoCell.swift in Sources */,
				880B135A23747578003E29AC /* Array.swift in Sources */,
				B86F700D238525A60010AB7C /* UITableViewClass.swift in Sources */,
				88A362DF237C3F8C005B6B81 /* ProgressBar.swift in Sources */,
				880B135623746A5D003E29AC /* UIButton.swift in Sources */,
			);
			runOnlyForDeploymentPostprocessing = 0;
		};
/* End PBXSourcesBuildPhase section */

/* Begin PBXTargetDependency section */
		88349F03236DE9FC002A1879 /* PBXTargetDependency */ = {
			isa = PBXTargetDependency;
			target = 88349EFF236DE9FC002A1879 /* LetsDinnerV2 MessagesExtension */;
			targetProxy = 88349F02236DE9FC002A1879 /* PBXContainerItemProxy */;
		};
/* End PBXTargetDependency section */

/* Begin PBXVariantGroup section */
		88349F0A236DE9FC002A1879 /* MainInterface.storyboard */ = {
			isa = PBXVariantGroup;
			children = (
				88349F0B236DE9FC002A1879 /* Base */,
			);
			name = MainInterface.storyboard;
			sourceTree = "<group>";
		};
/* End PBXVariantGroup section */

/* Begin XCBuildConfiguration section */
		88349F10236DE9FC002A1879 /* Debug */ = {
			isa = XCBuildConfiguration;
			buildSettings = {
				ALWAYS_SEARCH_USER_PATHS = NO;
				CLANG_ANALYZER_NONNULL = YES;
				CLANG_ANALYZER_NUMBER_OBJECT_CONVERSION = YES_AGGRESSIVE;
				CLANG_CXX_LANGUAGE_STANDARD = "gnu++14";
				CLANG_CXX_LIBRARY = "libc++";
				CLANG_ENABLE_MODULES = YES;
				CLANG_ENABLE_OBJC_ARC = YES;
				CLANG_ENABLE_OBJC_WEAK = YES;
				CLANG_WARN_BLOCK_CAPTURE_AUTORELEASING = YES;
				CLANG_WARN_BOOL_CONVERSION = YES;
				CLANG_WARN_COMMA = YES;
				CLANG_WARN_CONSTANT_CONVERSION = YES;
				CLANG_WARN_DEPRECATED_OBJC_IMPLEMENTATIONS = YES;
				CLANG_WARN_DIRECT_OBJC_ISA_USAGE = YES_ERROR;
				CLANG_WARN_DOCUMENTATION_COMMENTS = YES;
				CLANG_WARN_EMPTY_BODY = YES;
				CLANG_WARN_ENUM_CONVERSION = YES;
				CLANG_WARN_INFINITE_RECURSION = YES;
				CLANG_WARN_INT_CONVERSION = YES;
				CLANG_WARN_NON_LITERAL_NULL_CONVERSION = YES;
				CLANG_WARN_OBJC_IMPLICIT_RETAIN_SELF = YES;
				CLANG_WARN_OBJC_LITERAL_CONVERSION = YES;
				CLANG_WARN_OBJC_ROOT_CLASS = YES_ERROR;
				CLANG_WARN_RANGE_LOOP_ANALYSIS = YES;
				CLANG_WARN_STRICT_PROTOTYPES = YES;
				CLANG_WARN_SUSPICIOUS_MOVE = YES;
				CLANG_WARN_UNGUARDED_AVAILABILITY = YES_AGGRESSIVE;
				CLANG_WARN_UNREACHABLE_CODE = YES;
				CLANG_WARN__DUPLICATE_METHOD_MATCH = YES;
				COPY_PHASE_STRIP = NO;
				DEBUG_INFORMATION_FORMAT = dwarf;
				ENABLE_STRICT_OBJC_MSGSEND = YES;
				ENABLE_TESTABILITY = YES;
				GCC_C_LANGUAGE_STANDARD = gnu11;
				GCC_DYNAMIC_NO_PIC = NO;
				GCC_NO_COMMON_BLOCKS = YES;
				GCC_OPTIMIZATION_LEVEL = 0;
				GCC_PREPROCESSOR_DEFINITIONS = (
					"DEBUG=1",
					"$(inherited)",
				);
				GCC_WARN_64_TO_32_BIT_CONVERSION = YES;
				GCC_WARN_ABOUT_RETURN_TYPE = YES_ERROR;
				GCC_WARN_UNDECLARED_SELECTOR = YES;
				GCC_WARN_UNINITIALIZED_AUTOS = YES_AGGRESSIVE;
				GCC_WARN_UNUSED_FUNCTION = YES;
				GCC_WARN_UNUSED_VARIABLE = YES;
				IPHONEOS_DEPLOYMENT_TARGET = 11.0;
				MTL_ENABLE_DEBUG_INFO = INCLUDE_SOURCE;
				MTL_FAST_MATH = YES;
				ONLY_ACTIVE_ARCH = YES;
				SDKROOT = iphoneos;
				SWIFT_ACTIVE_COMPILATION_CONDITIONS = DEBUG;
				SWIFT_OPTIMIZATION_LEVEL = "-Onone";
			};
			name = Debug;
		};
		88349F11236DE9FC002A1879 /* Release */ = {
			isa = XCBuildConfiguration;
			buildSettings = {
				ALWAYS_SEARCH_USER_PATHS = NO;
				CLANG_ANALYZER_NONNULL = YES;
				CLANG_ANALYZER_NUMBER_OBJECT_CONVERSION = YES_AGGRESSIVE;
				CLANG_CXX_LANGUAGE_STANDARD = "gnu++14";
				CLANG_CXX_LIBRARY = "libc++";
				CLANG_ENABLE_MODULES = YES;
				CLANG_ENABLE_OBJC_ARC = YES;
				CLANG_ENABLE_OBJC_WEAK = YES;
				CLANG_WARN_BLOCK_CAPTURE_AUTORELEASING = YES;
				CLANG_WARN_BOOL_CONVERSION = YES;
				CLANG_WARN_COMMA = YES;
				CLANG_WARN_CONSTANT_CONVERSION = YES;
				CLANG_WARN_DEPRECATED_OBJC_IMPLEMENTATIONS = YES;
				CLANG_WARN_DIRECT_OBJC_ISA_USAGE = YES_ERROR;
				CLANG_WARN_DOCUMENTATION_COMMENTS = YES;
				CLANG_WARN_EMPTY_BODY = YES;
				CLANG_WARN_ENUM_CONVERSION = YES;
				CLANG_WARN_INFINITE_RECURSION = YES;
				CLANG_WARN_INT_CONVERSION = YES;
				CLANG_WARN_NON_LITERAL_NULL_CONVERSION = YES;
				CLANG_WARN_OBJC_IMPLICIT_RETAIN_SELF = YES;
				CLANG_WARN_OBJC_LITERAL_CONVERSION = YES;
				CLANG_WARN_OBJC_ROOT_CLASS = YES_ERROR;
				CLANG_WARN_RANGE_LOOP_ANALYSIS = YES;
				CLANG_WARN_STRICT_PROTOTYPES = YES;
				CLANG_WARN_SUSPICIOUS_MOVE = YES;
				CLANG_WARN_UNGUARDED_AVAILABILITY = YES_AGGRESSIVE;
				CLANG_WARN_UNREACHABLE_CODE = YES;
				CLANG_WARN__DUPLICATE_METHOD_MATCH = YES;
				COPY_PHASE_STRIP = NO;
				DEBUG_INFORMATION_FORMAT = "dwarf-with-dsym";
				ENABLE_NS_ASSERTIONS = NO;
				ENABLE_STRICT_OBJC_MSGSEND = YES;
				GCC_C_LANGUAGE_STANDARD = gnu11;
				GCC_NO_COMMON_BLOCKS = YES;
				GCC_WARN_64_TO_32_BIT_CONVERSION = YES;
				GCC_WARN_ABOUT_RETURN_TYPE = YES_ERROR;
				GCC_WARN_UNDECLARED_SELECTOR = YES;
				GCC_WARN_UNINITIALIZED_AUTOS = YES_AGGRESSIVE;
				GCC_WARN_UNUSED_FUNCTION = YES;
				GCC_WARN_UNUSED_VARIABLE = YES;
				IPHONEOS_DEPLOYMENT_TARGET = 11.0;
				MTL_ENABLE_DEBUG_INFO = NO;
				MTL_FAST_MATH = YES;
				SDKROOT = iphoneos;
				SWIFT_COMPILATION_MODE = wholemodule;
				SWIFT_OPTIMIZATION_LEVEL = "-O";
				VALIDATE_PRODUCT = YES;
			};
			name = Release;
		};
		88349F13236DE9FC002A1879 /* Debug */ = {
			isa = XCBuildConfiguration;
			baseConfigurationReference = 16492027AA4CC9A0444EDB54 /* Pods-LetsDinnerV2 MessagesExtension.debug.xcconfig */;
			buildSettings = {
				ASSETCATALOG_COMPILER_APPICON_NAME = AppIcon;
				CODE_SIGN_ENTITLEMENTS = "LetsDinnerV2 MessagesExtension/Let's Dinner!Debug.entitlements";
				CODE_SIGN_STYLE = Automatic;
				CURRENT_PROJECT_VERSION = 1.0.7;
				DEVELOPMENT_TEAM = 3M89YG2JX8;
				INFOPLIST_FILE = "LetsDinnerV2 MessagesExtension/Info.plist";
				LD_RUNPATH_SEARCH_PATHS = (
					"$(inherited)",
					"@executable_path/Frameworks",
					"@executable_path/../../Frameworks",
				);
				PRODUCT_BUNDLE_IDENTIFIER = com.EricOrdonneau.LetsDinnerV2.MessagesExtension;
				PRODUCT_NAME = "Let's Dinner!";
				SKIP_INSTALL = YES;
				SWIFT_VERSION = 5.0;
				TARGETED_DEVICE_FAMILY = "1,2";
			};
			name = Debug;
		};
		88349F14236DE9FC002A1879 /* Release */ = {
			isa = XCBuildConfiguration;
			baseConfigurationReference = 4CE543C35F5CC3D6F4700FFB /* Pods-LetsDinnerV2 MessagesExtension.release.xcconfig */;
			buildSettings = {
				ASSETCATALOG_COMPILER_APPICON_NAME = AppIcon;
				CODE_SIGN_STYLE = Automatic;
				CURRENT_PROJECT_VERSION = 1.0.7;
				DEVELOPMENT_TEAM = 3M89YG2JX8;
				INFOPLIST_FILE = "LetsDinnerV2 MessagesExtension/Info.plist";
				LD_RUNPATH_SEARCH_PATHS = (
					"$(inherited)",
					"@executable_path/Frameworks",
					"@executable_path/../../Frameworks",
				);
				PRODUCT_BUNDLE_IDENTIFIER = com.EricOrdonneau.LetsDinnerV2.MessagesExtension;
				PRODUCT_NAME = "Let's Dinner!";
				SKIP_INSTALL = YES;
				SWIFT_VERSION = 5.0;
				TARGETED_DEVICE_FAMILY = "1,2";
			};
			name = Release;
		};
		88349F17236DE9FC002A1879 /* Debug */ = {
			isa = XCBuildConfiguration;
			baseConfigurationReference = 1D3EEB756B7462E534F70D74 /* Pods-LetsDinnerV2.debug.xcconfig */;
			buildSettings = {
				ALWAYS_EMBED_SWIFT_STANDARD_LIBRARIES = YES;
				ASSETCATALOG_COMPILER_APPICON_NAME = AppIcon;
				CLANG_ENABLE_MODULES = YES;
				CODE_SIGN_STYLE = Automatic;
				CURRENT_PROJECT_VERSION = 1.0.7;
				DEVELOPMENT_TEAM = 3M89YG2JX8;
				INFOPLIST_FILE = LetsDinnerV2/Info.plist;
				IPHONEOS_DEPLOYMENT_TARGET = 11.0;
				LD_RUNPATH_SEARCH_PATHS = (
					"$(inherited)",
					"@executable_path/Frameworks",
				);
				PRODUCT_BUNDLE_IDENTIFIER = com.EricOrdonneau.LetsDinnerV2;
				PRODUCT_NAME = "Let's Dinner!";
				SWIFT_OBJC_BRIDGING_HEADER = "LetsDinnerV2 MessagesExtension/View/Cells/AnswerCell/LetsDinnerV2-Bridging-Header.h";
				SWIFT_OPTIMIZATION_LEVEL = "-Onone";
				SWIFT_VERSION = 5.0;
				TARGETED_DEVICE_FAMILY = "1,2";
			};
			name = Debug;
		};
		88349F18236DE9FC002A1879 /* Release */ = {
			isa = XCBuildConfiguration;
			baseConfigurationReference = BB96E7D51A8DA2E7C1222239 /* Pods-LetsDinnerV2.release.xcconfig */;
			buildSettings = {
				ALWAYS_EMBED_SWIFT_STANDARD_LIBRARIES = YES;
				ASSETCATALOG_COMPILER_APPICON_NAME = AppIcon;
				CLANG_ENABLE_MODULES = YES;
				CODE_SIGN_STYLE = Automatic;
				CURRENT_PROJECT_VERSION = 1.0.7;
				DEVELOPMENT_TEAM = 3M89YG2JX8;
				INFOPLIST_FILE = LetsDinnerV2/Info.plist;
				IPHONEOS_DEPLOYMENT_TARGET = 11.0;
				LD_RUNPATH_SEARCH_PATHS = (
					"$(inherited)",
					"@executable_path/Frameworks",
				);
				PRODUCT_BUNDLE_IDENTIFIER = com.EricOrdonneau.LetsDinnerV2;
				PRODUCT_NAME = "Let's Dinner!";
				SWIFT_OBJC_BRIDGING_HEADER = "LetsDinnerV2 MessagesExtension/View/Cells/AnswerCell/LetsDinnerV2-Bridging-Header.h";
				SWIFT_VERSION = 5.0;
				TARGETED_DEVICE_FAMILY = "1,2";
			};
			name = Release;
		};
/* End XCBuildConfiguration section */

/* Begin XCConfigurationList section */
		88349EF3236DE9FB002A1879 /* Build configuration list for PBXProject "LetsDinnerV2" */ = {
			isa = XCConfigurationList;
			buildConfigurations = (
				88349F10236DE9FC002A1879 /* Debug */,
				88349F11236DE9FC002A1879 /* Release */,
			);
			defaultConfigurationIsVisible = 0;
			defaultConfigurationName = Release;
		};
		88349F12236DE9FC002A1879 /* Build configuration list for PBXNativeTarget "LetsDinnerV2 MessagesExtension" */ = {
			isa = XCConfigurationList;
			buildConfigurations = (
				88349F13236DE9FC002A1879 /* Debug */,
				88349F14236DE9FC002A1879 /* Release */,
			);
			defaultConfigurationIsVisible = 0;
			defaultConfigurationName = Release;
		};
		88349F16236DE9FC002A1879 /* Build configuration list for PBXNativeTarget "LetsDinnerV2" */ = {
			isa = XCConfigurationList;
			buildConfigurations = (
				88349F17236DE9FC002A1879 /* Debug */,
				88349F18236DE9FC002A1879 /* Release */,
			);
			defaultConfigurationIsVisible = 0;
			defaultConfigurationName = Release;
		};
/* End XCConfigurationList section */
	};
	rootObject = 88349EF0236DE9FB002A1879 /* Project object */;
}
