// !$*UTF8*$!
{
	archiveVersion = 1;
	classes = {
	};
	objectVersion = 51;
	objects = {

/* Begin PBXBuildFile section */
		32603EAF23F1BC4E00AB6B50 /* ExpiredEventCell.swift in Sources */ = {isa = PBXBuildFile; fileRef = 32603EAD23F1BC4E00AB6B50 /* ExpiredEventCell.swift */; };
		3270EC2524471A5E00E78445 /* ThankYouViewController.swift in Sources */ = {isa = PBXBuildFile; fileRef = 3270EC2424471A5E00E78445 /* ThankYouViewController.swift */; };
		88056E5C24718FA400F0D90F /* RegistrationViewController.swift in Sources */ = {isa = PBXBuildFile; fileRef = 88056E5B24718FA400F0D90F /* RegistrationViewController.swift */; };
		88056E5E2471903000F0D90F /* RegistrationViewModel.swift in Sources */ = {isa = PBXBuildFile; fileRef = 88056E5D2471903000F0D90F /* RegistrationViewModel.swift */; };
		88056E622474400400F0D90F /* ExpiredEventViewController.swift in Sources */ = {isa = PBXBuildFile; fileRef = 88056E612474400400F0D90F /* ExpiredEventViewController.swift */; };
		88056E66247460DA00F0D90F /* TasksListViewModel.swift in Sources */ = {isa = PBXBuildFile; fileRef = 88056E65247460DA00F0D90F /* TasksListViewModel.swift */; };
		88056E68247460EA00F0D90F /* TasksListViewController.swift in Sources */ = {isa = PBXBuildFile; fileRef = 88056E67247460EA00F0D90F /* TasksListViewController.swift */; };
		88056E6C2475335B00F0D90F /* LDAlertBanner.swift in Sources */ = {isa = PBXBuildFile; fileRef = 88056E6B2475335B00F0D90F /* LDAlertBanner.swift */; };
		88056E6E24758BFE00F0D90F /* LDServingsView.swift in Sources */ = {isa = PBXBuildFile; fileRef = 88056E6D24758BFE00F0D90F /* LDServingsView.swift */; };
		88056E74247719E300F0D90F /* EventInfoViewController.swift in Sources */ = {isa = PBXBuildFile; fileRef = 88056E73247719E300F0D90F /* EventInfoViewController.swift */; };
		88056E782477A9A900F0D90F /* InitialViewController.swift in Sources */ = {isa = PBXBuildFile; fileRef = 88056E772477A9A900F0D90F /* InitialViewController.swift */; };
		88056E7C2477C97F00F0D90F /* IdleViewController.swift in Sources */ = {isa = PBXBuildFile; fileRef = 88056E7B2477C97F00F0D90F /* IdleViewController.swift */; };
		880B13312372FA08003E29AC /* User.swift in Sources */ = {isa = PBXBuildFile; fileRef = 880B13302372FA08003E29AC /* User.swift */; };
		880B133523736D5C003E29AC /* EventSummaryViewController.swift in Sources */ = {isa = PBXBuildFile; fileRef = 880B133323736D5C003E29AC /* EventSummaryViewController.swift */; };
		880B133F237376C7003E29AC /* AnswerCell.swift in Sources */ = {isa = PBXBuildFile; fileRef = 880B133D237376C7003E29AC /* AnswerCell.swift */; };
		880B1343237376D6003E29AC /* InfoCell.swift in Sources */ = {isa = PBXBuildFile; fileRef = 880B1341237376D6003E29AC /* InfoCell.swift */; };
		880B1347237376E3003E29AC /* DescriptionCell.swift in Sources */ = {isa = PBXBuildFile; fileRef = 880B1345237376E3003E29AC /* DescriptionCell.swift */; };
		880B134B237376F3003E29AC /* TaskSummaryCell.swift in Sources */ = {isa = PBXBuildFile; fileRef = 880B1349237376F3003E29AC /* TaskSummaryCell.swift */; };
		880B134F23737700003E29AC /* UserCell.swift in Sources */ = {isa = PBXBuildFile; fileRef = 880B134D23737700003E29AC /* UserCell.swift */; };
		880B135623746A5D003E29AC /* UIButton.swift in Sources */ = {isa = PBXBuildFile; fileRef = 880B135523746A5D003E29AC /* UIButton.swift */; };
		880B1358237474A4003E29AC /* Task.swift in Sources */ = {isa = PBXBuildFile; fileRef = 880B1357237474A4003E29AC /* Task.swift */; };
		880B135A23747578003E29AC /* Array.swift in Sources */ = {isa = PBXBuildFile; fileRef = 880B135923747578003E29AC /* Array.swift */; };
		880B135C2374758F003E29AC /* TaskExtension.swift in Sources */ = {isa = PBXBuildFile; fileRef = 880B135B2374758F003E29AC /* TaskExtension.swift */; };
		880B13602374B08A003E29AC /* TaskCVCell.swift in Sources */ = {isa = PBXBuildFile; fileRef = 880B135E2374B08A003E29AC /* TaskCVCell.swift */; };
		880B13632374B37A003E29AC /* TaskStatusButton.swift in Sources */ = {isa = PBXBuildFile; fileRef = 880B13622374B37A003E29AC /* TaskStatusButton.swift */; };
		880B13652374B3F2003E29AC /* TaskPersonLabel.swift in Sources */ = {isa = PBXBuildFile; fileRef = 880B13642374B3F2003E29AC /* TaskPersonLabel.swift */; };
		880B136E2374C6C7003E29AC /* TaskCell.swift in Sources */ = {isa = PBXBuildFile; fileRef = 880B136C2374C6C7003E29AC /* TaskCell.swift */; };
		880B137323757224003E29AC /* UserCVCell.swift in Sources */ = {isa = PBXBuildFile; fileRef = 880B137123757224003E29AC /* UserCVCell.swift */; };
		880B1376237576C3003E29AC /* UIImageView.swift in Sources */ = {isa = PBXBuildFile; fileRef = 880B1375237576C3003E29AC /* UIImageView.swift */; };
		880B137A2376EB99003E29AC /* ProgressCircle.swift in Sources */ = {isa = PBXBuildFile; fileRef = 880B13792376EB99003E29AC /* ProgressCircle.swift */; };
		881AC72E245218750055F120 /* ImageHelper.swift in Sources */ = {isa = PBXBuildFile; fileRef = 881AC72D245218750055F120 /* ImageHelper.swift */; };
		8821535724E0A9BD008A8DD8 /* RecipeCreationViewController.swift in Sources */ = {isa = PBXBuildFile; fileRef = 8821535624E0A9BD008A8DD8 /* RecipeCreationViewController.swift */; };
		8827BB2623F4A91400DEDC39 /* CloudKit.framework in Frameworks */ = {isa = PBXBuildFile; fileRef = 8827BB2523F4A91400DEDC39 /* CloudKit.framework */; };
		8827BB2823F5DDAB00DEDC39 /* CloudManager.swift in Sources */ = {isa = PBXBuildFile; fileRef = 8827BB2723F5DDAB00DEDC39 /* CloudManager.swift */; };
		8827BB2A23F875B600DEDC39 /* SFSafariViewController.swift in Sources */ = {isa = PBXBuildFile; fileRef = 8827BB2923F875B600DEDC39 /* SFSafariViewController.swift */; };
		882B9CC623998738001634D9 /* CustomRecipe.swift in Sources */ = {isa = PBXBuildFile; fileRef = 882B9CC523998738001634D9 /* CustomRecipe.swift */; };
		882B9CC82399A0BD001634D9 /* CustomIngredient.swift in Sources */ = {isa = PBXBuildFile; fileRef = 882B9CC72399A0BD001634D9 /* CustomIngredient.swift */; };
		88349EFA236DE9FC002A1879 /* Assets.xcassets in Resources */ = {isa = PBXBuildFile; fileRef = 88349EF9236DE9FC002A1879 /* Assets.xcassets */; };
		88349F01236DE9FC002A1879 /* Let's Dinner!.appex in Embed App Extensions */ = {isa = PBXBuildFile; fileRef = 88349F00236DE9FC002A1879 /* Let's Dinner!.appex */; settings = {ATTRIBUTES = (RemoveHeadersOnCopy, ); }; };
		88349F09236DE9FC002A1879 /* MessagesViewController.swift in Sources */ = {isa = PBXBuildFile; fileRef = 88349F08236DE9FC002A1879 /* MessagesViewController.swift */; };
		88349F0C236DE9FC002A1879 /* MainInterface.storyboard in Resources */ = {isa = PBXBuildFile; fileRef = 88349F0A236DE9FC002A1879 /* MainInterface.storyboard */; };
		88349F0E236DE9FC002A1879 /* Assets.xcassets in Resources */ = {isa = PBXBuildFile; fileRef = 88349F0D236DE9FC002A1879 /* Assets.xcassets */; };
		88349F1D236DEF15002A1879 /* Constants.swift in Sources */ = {isa = PBXBuildFile; fileRef = 88349F1C236DEF15002A1879 /* Constants.swift */; };
		88349F25236E20CF002A1879 /* UIView.swift in Sources */ = {isa = PBXBuildFile; fileRef = 88349F24236E20CF002A1879 /* UIView.swift */; };
		88349F2C236F7145002A1879 /* UserDefaults.swift in Sources */ = {isa = PBXBuildFile; fileRef = 88349F2B236F7145002A1879 /* UserDefaults.swift */; };
		88349F332370302E002A1879 /* LDDatePicker.swift in Sources */ = {isa = PBXBuildFile; fileRef = 88349F322370302E002A1879 /* LDDatePicker.swift */; };
		88349F352370388C002A1879 /* Event.swift in Sources */ = {isa = PBXBuildFile; fileRef = 88349F342370388C002A1879 /* Event.swift */; };
		88349F412370D10A002A1879 /* RecipeCell.swift in Sources */ = {isa = PBXBuildFile; fileRef = 88349F3F2370D10A002A1879 /* RecipeCell.swift */; };
		88382A3424A908770016E68F /* LostEventView.swift in Sources */ = {isa = PBXBuildFile; fileRef = 88382A3324A908770016E68F /* LostEventView.swift */; };
		883A29FA2371D15D0099ECDF /* Readme.md in Resources */ = {isa = PBXBuildFile; fileRef = 883A29F92371D15D0099ECDF /* Readme.md */; };
		883A2A062372E9910099ECDF /* GoogleService-Info.plist in Resources */ = {isa = PBXBuildFile; fileRef = 883A2A052372E9910099ECDF /* GoogleService-Info.plist */; };
		884A5D8D24A3662D00CBF8AF /* PDFCreator.swift in Sources */ = {isa = PBXBuildFile; fileRef = 884A5D8C24A3662D00CBF8AF /* PDFCreator.swift */; };
		884A5D8F24A3674700CBF8AF /* RecipeBookViewController.swift in Sources */ = {isa = PBXBuildFile; fileRef = 884A5D8E24A3674700CBF8AF /* RecipeBookViewController.swift */; };
		884CE1B0245ED1A6001062BF /* RecipesViewController.swift in Sources */ = {isa = PBXBuildFile; fileRef = 884CE1AF245ED1A6001062BF /* RecipesViewController.swift */; };
		884CE1B2245ED1E1001062BF /* RecipesViewModel.swift in Sources */ = {isa = PBXBuildFile; fileRef = 884CE1B1245ED1E1001062BF /* RecipesViewModel.swift */; };
		884CE1B4245ED52C001062BF /* LDNavBar.swift in Sources */ = {isa = PBXBuildFile; fileRef = 884CE1B3245ED52C001062BF /* LDNavBar.swift */; };
		884CE1B6245ED5C7001062BF /* LDNavButton.swift in Sources */ = {isa = PBXBuildFile; fileRef = 884CE1B5245ED5C7001062BF /* LDNavButton.swift */; };
		884CE1B8245EEBF5001062BF /* LDNavigationViewController.swift in Sources */ = {isa = PBXBuildFile; fileRef = 884CE1B7245EEBF5001062BF /* LDNavigationViewController.swift */; };
		884CE1BA246086CC001062BF /* RealmHelper.swift in Sources */ = {isa = PBXBuildFile; fileRef = 884CE1B9246086CC001062BF /* RealmHelper.swift */; };
		884CE1BC24608799001062BF /* RecipesToolbar.swift in Sources */ = {isa = PBXBuildFile; fileRef = 884CE1BB24608799001062BF /* RecipesToolbar.swift */; };
		884CE1C024614151001062BF /* LDLoadingView.swift in Sources */ = {isa = PBXBuildFile; fileRef = 884CE1BF24614151001062BF /* LDLoadingView.swift */; };
		884CE1C32461FDF9001062BF /* LDRecipe.swift in Sources */ = {isa = PBXBuildFile; fileRef = 884CE1C22461FDF8001062BF /* LDRecipe.swift */; };
		884CE1C52461FE02001062BF /* LDIngredient.swift in Sources */ = {isa = PBXBuildFile; fileRef = 884CE1C42461FE02001062BF /* LDIngredient.swift */; };
		884CE1C72465C50A001062BF /* CKRecipe.swift in Sources */ = {isa = PBXBuildFile; fileRef = 884CE1C62465C50A001062BF /* CKRecipe.swift */; };
		884CE1C92465C515001062BF /* CKIngredient.swift in Sources */ = {isa = PBXBuildFile; fileRef = 884CE1C82465C515001062BF /* CKIngredient.swift */; };
		884CE1CB2466DE30001062BF /* RecipeCreationViewModel.swift in Sources */ = {isa = PBXBuildFile; fileRef = 884CE1CA2466DE30001062BF /* RecipeCreationViewModel.swift */; };
		8851335D24215A27004CD858 /* WelcomeViewController.swift in Sources */ = {isa = PBXBuildFile; fileRef = 8851335C24215A27004CD858 /* WelcomeViewController.swift */; };
		885133AF2430F14C004CD858 /* BubbleManager.swift in Sources */ = {isa = PBXBuildFile; fileRef = 885133AE2430F14C004CD858 /* BubbleManager.swift */; };
		885133B124310C32004CD858 /* EventTranscriptView.swift in Sources */ = {isa = PBXBuildFile; fileRef = 885133B024310C32004CD858 /* EventTranscriptView.swift */; };
		885133B3243283AF004CD858 /* SendAction.swift in Sources */ = {isa = PBXBuildFile; fileRef = 885133B2243283AF004CD858 /* SendAction.swift */; };
		885846392524E61300B818AD /* LDRescheduleView.swift in Sources */ = {isa = PBXBuildFile; fileRef = 885846382524E61300B818AD /* LDRescheduleView.swift */; };
		8858BF2D2371CAF900133877 /* Pods_LetsDinnerV2_MessagesExtension.framework in Frameworks */ = {isa = PBXBuildFile; fileRef = DDA83141D400FE826D22FC36 /* Pods_LetsDinnerV2_MessagesExtension.framework */; };
		8858BF302371CAFD00133877 /* Messages.framework in Frameworks */ = {isa = PBXBuildFile; fileRef = 88349F05236DE9FC002A1879 /* Messages.framework */; };
		885C6097237F6E6000ED3A17 /* UITableView+EmptyScreen.swift in Sources */ = {isa = PBXBuildFile; fileRef = 885C6096237F6E6000ED3A17 /* UITableView+EmptyScreen.swift */; };
		885C60BB2380311100ED3A17 /* TaskManagementCell.swift in Sources */ = {isa = PBXBuildFile; fileRef = 885C60B92380311100ED3A17 /* TaskManagementCell.swift */; };
		885C60BE23805A3D00ED3A17 /* StepTracking.swift in Sources */ = {isa = PBXBuildFile; fileRef = 885C60BD23805A3D00ED3A17 /* StepTracking.swift */; };
		885C60C72380A15400ED3A17 /* RecipeCVCell.swift in Sources */ = {isa = PBXBuildFile; fileRef = 885C60C52380A15400ED3A17 /* RecipeCVCell.swift */; };
		885C61142384B6D600ED3A17 /* UITextField.swift in Sources */ = {isa = PBXBuildFile; fileRef = 885C61132384B6D600ED3A17 /* UITextField.swift */; };
		885C61422388852D00ED3A17 /* ExpandableTasks.swift in Sources */ = {isa = PBXBuildFile; fileRef = 885C61412388852D00ED3A17 /* ExpandableTasks.swift */; };
		886EB36923DDFF11002CFCB5 /* CancelCell.swift in Sources */ = {isa = PBXBuildFile; fileRef = 886EB36723DDFF11002CFCB5 /* CancelCell.swift */; };
		887BE721240470F6006619C7 /* LDLabel.swift in Sources */ = {isa = PBXBuildFile; fileRef = 887BE720240470F6006619C7 /* LDLabel.swift */; };
		887CF811250E5A09001C1014 /* SelectedRecipesViewModel.swift in Sources */ = {isa = PBXBuildFile; fileRef = 887CF810250E5A09001C1014 /* SelectedRecipesViewModel.swift */; };
		887CF813250E665A001C1014 /* SelectedRecipesViewController.swift in Sources */ = {isa = PBXBuildFile; fileRef = 887CF812250E665A001C1014 /* SelectedRecipesViewController.swift */; };
		88B2F1212527E16000B1FE0F /* EventData.swift in Sources */ = {isa = PBXBuildFile; fileRef = 88B2F1202527E16000B1FE0F /* EventData.swift */; };
		88B7832C23717CF7009E4F3C /* LDSearchBar.swift in Sources */ = {isa = PBXBuildFile; fileRef = 88B7832B23717CF7009E4F3C /* LDSearchBar.swift */; };
		88B7832E23717D84009E4F3C /* UIColor+Semantic.swift in Sources */ = {isa = PBXBuildFile; fileRef = 88B7832D23717D84009E4F3C /* UIColor+Semantic.swift */; };
		88B7833023717E3E009E4F3C /* String.swift in Sources */ = {isa = PBXBuildFile; fileRef = 88B7832F23717E3E009E4F3C /* String.swift */; };
		88C95B29239831CA000E750A /* DataHelper - Spoonacular.swift in Sources */ = {isa = PBXBuildFile; fileRef = 88C95B28239831CA000E750A /* DataHelper - Spoonacular.swift */; };
		88C95B2B239831F2000E750A /* Recipe - Spoonacular.swift in Sources */ = {isa = PBXBuildFile; fileRef = 88C95B2A239831F2000E750A /* Recipe - Spoonacular.swift */; };
		88C95B2D23983203000E750A /* Ingredient - Spoonacular.swift in Sources */ = {isa = PBXBuildFile; fileRef = 88C95B2C23983203000E750A /* Ingredient - Spoonacular.swift */; };
		88C95B2F23984736000E750A /* SpoonacularRecipes.json in Resources */ = {isa = PBXBuildFile; fileRef = 88C95B2E23984736000E750A /* SpoonacularRecipes.json */; };
		88C9650A239A92DC00CFC710 /* SectionSelectionInput.swift in Sources */ = {isa = PBXBuildFile; fileRef = 88C96509239A92DC00CFC710 /* SectionSelectionInput.swift */; };
		88C9650E239A9C3600CFC710 /* SectionInputCell.swift in Sources */ = {isa = PBXBuildFile; fileRef = 88C9650C239A9C3600CFC710 /* SectionInputCell.swift */; };
		88D33F0923A534C70061AD9A /* InfoInputView.swift in Sources */ = {isa = PBXBuildFile; fileRef = 88D33F0823A534C70061AD9A /* InfoInputView.swift */; };
		88D9AB33246B19DD007716E6 /* EventDescriptionViewModel.swift in Sources */ = {isa = PBXBuildFile; fileRef = 88D9AB32246B19DD007716E6 /* EventDescriptionViewModel.swift */; };
		88D9AB35246B1A02007716E6 /* EventDescriptionViewController.swift in Sources */ = {isa = PBXBuildFile; fileRef = 88D9AB34246B1A02007716E6 /* EventDescriptionViewController.swift */; };
		88D9AB39246B50E3007716E6 /* ManagementViewController.swift in Sources */ = {isa = PBXBuildFile; fileRef = 88D9AB38246B50E3007716E6 /* ManagementViewController.swift */; };
		88D9AB3B246B50F5007716E6 /* ManagementViewModel.swift in Sources */ = {isa = PBXBuildFile; fileRef = 88D9AB3A246B50F5007716E6 /* ManagementViewModel.swift */; };
		88D9AB3F246FE71A007716E6 /* ReviewViewController.swift in Sources */ = {isa = PBXBuildFile; fileRef = 88D9AB3E246FE71A007716E6 /* ReviewViewController.swift */; };
		88D9AB41246FE72A007716E6 /* ReviewViewModel.swift in Sources */ = {isa = PBXBuildFile; fileRef = 88D9AB40246FE72A007716E6 /* ReviewViewModel.swift */; };
		88D9AB45247063E9007716E6 /* LDError.swift in Sources */ = {isa = PBXBuildFile; fileRef = 88D9AB44247063E9007716E6 /* LDError.swift */; };
		88D9AB4724714878007716E6 /* EventSummaryViewModel.swift in Sources */ = {isa = PBXBuildFile; fileRef = 88D9AB4624714878007716E6 /* EventSummaryViewModel.swift */; };
		88E203C523D33C6200514972 /* EventInputView.swift in Sources */ = {isa = PBXBuildFile; fileRef = 88E203C423D33C6200514972 /* EventInputView.swift */; };
		88E5B0BE2437C06700D519E2 /* PremiumViewController.swift in Sources */ = {isa = PBXBuildFile; fileRef = 88E5B0BD2437C06700D519E2 /* PremiumViewController.swift */; };
		88E5B0C02438A39600D519E2 /* ConfettiView.swift in Sources */ = {isa = PBXBuildFile; fileRef = 88E5B0BF2438A39600D519E2 /* ConfettiView.swift */; };
		88E5C5282467F3C20060823B /* NewEventViewModel.swift in Sources */ = {isa = PBXBuildFile; fileRef = 88E5C5272467F3C20060823B /* NewEventViewModel.swift */; };
		88E5C52A2467F3E20060823B /* NewEventViewController.swift in Sources */ = {isa = PBXBuildFile; fileRef = 88E5C5292467F3E20060823B /* NewEventViewController.swift */; };
		88F94EBB24EB355200FFBB14 /* CreationStepViewController.swift in Sources */ = {isa = PBXBuildFile; fileRef = 88F94EBA24EB355200FFBB14 /* CreationStepViewController.swift */; };
		88F94EBD24EC0DAC00FFBB14 /* LDListItemAdditionView.swift in Sources */ = {isa = PBXBuildFile; fileRef = 88F94EBC24EC0DAC00FFBB14 /* LDListItemAdditionView.swift */; };
		88FE71A623901E2A00652429 /* InfoInputToolbar.swift in Sources */ = {isa = PBXBuildFile; fileRef = 88FE71A523901E2A00652429 /* InfoInputToolbar.swift */; };
		B815358723E3FE2000BBD5FB /* Colors.swift in Sources */ = {isa = PBXBuildFile; fileRef = B815358623E3FE2000BBD5FB /* Colors.swift */; };
		B842CE3C241A03F000380229 /* CustomSafariVC.swift in Sources */ = {isa = PBXBuildFile; fileRef = B842CE3B241A03F000380229 /* CustomSafariVC.swift */; };
		B84A8DFF24BB322000CF993D /* CreateRecipeCommentCell.swift in Sources */ = {isa = PBXBuildFile; fileRef = B84A8DFD24BB322000CF993D /* CreateRecipeCommentCell.swift */; };
		B85071D12391690600632026 /* TestManager.swift in Sources */ = {isa = PBXBuildFile; fileRef = B85071D02391690600632026 /* TestManager.swift */; };
		B85071D32392723D00632026 /* GestureRecognizer.swift in Sources */ = {isa = PBXBuildFile; fileRef = B85071D22392723D00632026 /* GestureRecognizer.swift */; };
		B8630E3C23FFF6AB00E48A38 /* UIImage.swift in Sources */ = {isa = PBXBuildFile; fileRef = B8630E3B23FFF6AB00E48A38 /* UIImage.swift */; };
		B8652A2C23C729B300F176CC /* ReminderManager.swift in Sources */ = {isa = PBXBuildFile; fileRef = B8652A2B23C729B300F176CC /* ReminderManager.swift */; };
		B86F6FF2238178F40010AB7C /* Pods_LetsDinnerV2.framework in Frameworks */ = {isa = PBXBuildFile; fileRef = 4F505819D4FB96BCBC222A90 /* Pods_LetsDinnerV2.framework */; };
		B86F6FF6238195D10010AB7C /* AnswerDeclinedCell.swift in Sources */ = {isa = PBXBuildFile; fileRef = B86F6FF5238195D10010AB7C /* AnswerDeclinedCell.swift */; };
		B86F6FFB2381A8830010AB7C /* AnswerAcceptedCell.swift in Sources */ = {isa = PBXBuildFile; fileRef = B86F6FFA2381A8830010AB7C /* AnswerAcceptedCell.swift */; };
		B86F700B238521810010AB7C /* UIButtonClass.swift in Sources */ = {isa = PBXBuildFile; fileRef = B86F700A238521810010AB7C /* UIButtonClass.swift */; };
		B87C10382402A8E6004AD951 /* Date.swift in Sources */ = {isa = PBXBuildFile; fileRef = B87C10372402A8E6004AD951 /* Date.swift */; };
		B87C103A2403E607004AD951 /* UIViewController.swift in Sources */ = {isa = PBXBuildFile; fileRef = B87C10392403E607004AD951 /* UIViewController.swift */; };
		B87C103F2408E9AC004AD951 /* Thread.swift in Sources */ = {isa = PBXBuildFile; fileRef = B87C103E2408E9AC004AD951 /* Thread.swift */; };
		B87C1068241387E6004AD951 /* UITableViewCell.swift in Sources */ = {isa = PBXBuildFile; fileRef = B87C1067241387E6004AD951 /* UITableViewCell.swift */; };
		B87C106A2414BB21004AD951 /* ExpandableTaskHeader.swift in Sources */ = {isa = PBXBuildFile; fileRef = B87C10692414BB21004AD951 /* ExpandableTaskHeader.swift */; };
		B87C106F2417631F004AD951 /* AddNewThingView.swift in Sources */ = {isa = PBXBuildFile; fileRef = B87C106E2417631F004AD951 /* AddNewThingView.swift */; };
		B88457E024A72CE000077C0F /* Double.swift in Sources */ = {isa = PBXBuildFile; fileRef = B88457DF24A72CE000077C0F /* Double.swift */; };
		B88457E224AC9B9400077C0F /* ActionSheetManager.swift in Sources */ = {isa = PBXBuildFile; fileRef = B88457E124AC9B9400077C0F /* ActionSheetManager.swift */; };
		B886BD93246C340C0069C248 /* RecipeCreationWelcomeViewController.swift in Sources */ = {isa = PBXBuildFile; fileRef = B886BD92246C340C0069C248 /* RecipeCreationWelcomeViewController.swift */; };
		B886BD982470EFBF0069C248 /* CreateRecipeIngredientCell.swift in Sources */ = {isa = PBXBuildFile; fileRef = B886BD962470EFBF0069C248 /* CreateRecipeIngredientCell.swift */; };
		B886BD9C24790B7B0069C248 /* CreateRecipeCookingStepCell.swift in Sources */ = {isa = PBXBuildFile; fileRef = B886BD9A24790B7B0069C248 /* CreateRecipeCookingStepCell.swift */; };
		B89D473D24839D9B00F15B48 /* LabelStrings.swift in Sources */ = {isa = PBXBuildFile; fileRef = B89D473C24839D9B00F15B48 /* LabelStrings.swift */; };
		B89D473F248554D200F15B48 /* AlertStrings.swift in Sources */ = {isa = PBXBuildFile; fileRef = B89D473E248554D200F15B48 /* AlertStrings.swift */; };
		B8AC7CB8239AA95C0079EADB /* VCTransitionDirection.swift in Sources */ = {isa = PBXBuildFile; fileRef = B8AC7CB7239AA95C0079EADB /* VCTransitionDirection.swift */; };
		B8AED7D3239E357F00F2F633 /* CalendarManager.swift in Sources */ = {isa = PBXBuildFile; fileRef = B8AED7D2239E357F00F2F633 /* CalendarManager.swift */; };
		B8C4E82523E5ACDF00D752F1 /* ProgressViewController.swift in Sources */ = {isa = PBXBuildFile; fileRef = B8C4E82323E5ACDF00D752F1 /* ProgressViewController.swift */; };
		B8C4F1C3244D693B001359B9 /* CreateRecipeSections.swift in Sources */ = {isa = PBXBuildFile; fileRef = B8C4F1C2244D693B001359B9 /* CreateRecipeSections.swift */; };
		B8CFF47E2454070200799DA8 /* CustomOrderHelper.swift in Sources */ = {isa = PBXBuildFile; fileRef = B8CFF47D2454070200799DA8 /* CustomOrderHelper.swift */; };
		B8D1CC9623F1309000E54E26 /* UIDevice.swift in Sources */ = {isa = PBXBuildFile; fileRef = B8D1CC9523F1309000E54E26 /* UIDevice.swift */; };
		B8E4CA7823812157006DD095 /* TitleCell.swift in Sources */ = {isa = PBXBuildFile; fileRef = B8E4CA7723812157006DD095 /* TitleCell.swift */; };
/* End PBXBuildFile section */

/* Begin PBXContainerItemProxy section */
		88349F02236DE9FC002A1879 /* PBXContainerItemProxy */ = {
			isa = PBXContainerItemProxy;
			containerPortal = 88349EF0236DE9FB002A1879 /* Project object */;
			proxyType = 1;
			remoteGlobalIDString = 88349EFF236DE9FC002A1879;
			remoteInfo = "LetsDinnerV2 MessagesExtension";
		};
/* End PBXContainerItemProxy section */

/* Begin PBXCopyFilesBuildPhase section */
		88349F15236DE9FC002A1879 /* Embed App Extensions */ = {
			isa = PBXCopyFilesBuildPhase;
			buildActionMask = 2147483647;
			dstPath = "";
			dstSubfolderSpec = 13;
			files = (
				88349F01236DE9FC002A1879 /* Let's Dinner!.appex in Embed App Extensions */,
			);
			name = "Embed App Extensions";
			runOnlyForDeploymentPostprocessing = 0;
		};
/* End PBXCopyFilesBuildPhase section */

/* Begin PBXFileReference section */
		16492027AA4CC9A0444EDB54 /* Pods-LetsDinnerV2 MessagesExtension.debug.xcconfig */ = {isa = PBXFileReference; includeInIndex = 1; lastKnownFileType = text.xcconfig; name = "Pods-LetsDinnerV2 MessagesExtension.debug.xcconfig"; path = "Target Support Files/Pods-LetsDinnerV2 MessagesExtension/Pods-LetsDinnerV2 MessagesExtension.debug.xcconfig"; sourceTree = "<group>"; };
		1D3EEB756B7462E534F70D74 /* Pods-LetsDinnerV2.debug.xcconfig */ = {isa = PBXFileReference; includeInIndex = 1; lastKnownFileType = text.xcconfig; name = "Pods-LetsDinnerV2.debug.xcconfig"; path = "Target Support Files/Pods-LetsDinnerV2/Pods-LetsDinnerV2.debug.xcconfig"; sourceTree = "<group>"; };
		32603EAD23F1BC4E00AB6B50 /* ExpiredEventCell.swift */ = {isa = PBXFileReference; lastKnownFileType = sourcecode.swift; path = ExpiredEventCell.swift; sourceTree = "<group>"; };
		3270EC2424471A5E00E78445 /* ThankYouViewController.swift */ = {isa = PBXFileReference; lastKnownFileType = sourcecode.swift; path = ThankYouViewController.swift; sourceTree = "<group>"; };
		4CE543C35F5CC3D6F4700FFB /* Pods-LetsDinnerV2 MessagesExtension.release.xcconfig */ = {isa = PBXFileReference; includeInIndex = 1; lastKnownFileType = text.xcconfig; name = "Pods-LetsDinnerV2 MessagesExtension.release.xcconfig"; path = "Target Support Files/Pods-LetsDinnerV2 MessagesExtension/Pods-LetsDinnerV2 MessagesExtension.release.xcconfig"; sourceTree = "<group>"; };
		4F505819D4FB96BCBC222A90 /* Pods_LetsDinnerV2.framework */ = {isa = PBXFileReference; explicitFileType = wrapper.framework; includeInIndex = 0; path = Pods_LetsDinnerV2.framework; sourceTree = BUILT_PRODUCTS_DIR; };
		88056E5B24718FA400F0D90F /* RegistrationViewController.swift */ = {isa = PBXFileReference; lastKnownFileType = sourcecode.swift; path = RegistrationViewController.swift; sourceTree = "<group>"; };
		88056E5D2471903000F0D90F /* RegistrationViewModel.swift */ = {isa = PBXFileReference; lastKnownFileType = sourcecode.swift; path = RegistrationViewModel.swift; sourceTree = "<group>"; };
		88056E612474400400F0D90F /* ExpiredEventViewController.swift */ = {isa = PBXFileReference; lastKnownFileType = sourcecode.swift; path = ExpiredEventViewController.swift; sourceTree = "<group>"; };
		88056E65247460DA00F0D90F /* TasksListViewModel.swift */ = {isa = PBXFileReference; lastKnownFileType = sourcecode.swift; path = TasksListViewModel.swift; sourceTree = "<group>"; };
		88056E67247460EA00F0D90F /* TasksListViewController.swift */ = {isa = PBXFileReference; lastKnownFileType = sourcecode.swift; path = TasksListViewController.swift; sourceTree = "<group>"; };
		88056E6B2475335B00F0D90F /* LDAlertBanner.swift */ = {isa = PBXFileReference; lastKnownFileType = sourcecode.swift; path = LDAlertBanner.swift; sourceTree = "<group>"; };
		88056E6D24758BFE00F0D90F /* LDServingsView.swift */ = {isa = PBXFileReference; lastKnownFileType = sourcecode.swift; path = LDServingsView.swift; sourceTree = "<group>"; };
		88056E73247719E300F0D90F /* EventInfoViewController.swift */ = {isa = PBXFileReference; lastKnownFileType = sourcecode.swift; path = EventInfoViewController.swift; sourceTree = "<group>"; };
		88056E772477A9A900F0D90F /* InitialViewController.swift */ = {isa = PBXFileReference; lastKnownFileType = sourcecode.swift; path = InitialViewController.swift; sourceTree = "<group>"; };
		88056E7B2477C97F00F0D90F /* IdleViewController.swift */ = {isa = PBXFileReference; lastKnownFileType = sourcecode.swift; path = IdleViewController.swift; sourceTree = "<group>"; };
		880B13302372FA08003E29AC /* User.swift */ = {isa = PBXFileReference; lastKnownFileType = sourcecode.swift; path = User.swift; sourceTree = "<group>"; };
		880B133323736D5C003E29AC /* EventSummaryViewController.swift */ = {isa = PBXFileReference; lastKnownFileType = sourcecode.swift; path = EventSummaryViewController.swift; sourceTree = "<group>"; };
		880B133D237376C7003E29AC /* AnswerCell.swift */ = {isa = PBXFileReference; lastKnownFileType = sourcecode.swift; path = AnswerCell.swift; sourceTree = "<group>"; };
		880B1341237376D6003E29AC /* InfoCell.swift */ = {isa = PBXFileReference; lastKnownFileType = sourcecode.swift; path = InfoCell.swift; sourceTree = "<group>"; };
		880B1345237376E3003E29AC /* DescriptionCell.swift */ = {isa = PBXFileReference; lastKnownFileType = sourcecode.swift; path = DescriptionCell.swift; sourceTree = "<group>"; };
		880B1349237376F3003E29AC /* TaskSummaryCell.swift */ = {isa = PBXFileReference; lastKnownFileType = sourcecode.swift; path = TaskSummaryCell.swift; sourceTree = "<group>"; };
		880B134D23737700003E29AC /* UserCell.swift */ = {isa = PBXFileReference; lastKnownFileType = sourcecode.swift; path = UserCell.swift; sourceTree = "<group>"; };
		880B135523746A5D003E29AC /* UIButton.swift */ = {isa = PBXFileReference; lastKnownFileType = sourcecode.swift; path = UIButton.swift; sourceTree = "<group>"; };
		880B1357237474A4003E29AC /* Task.swift */ = {isa = PBXFileReference; lastKnownFileType = sourcecode.swift; path = Task.swift; sourceTree = "<group>"; };
		880B135923747578003E29AC /* Array.swift */ = {isa = PBXFileReference; lastKnownFileType = sourcecode.swift; path = Array.swift; sourceTree = "<group>"; };
		880B135B2374758F003E29AC /* TaskExtension.swift */ = {isa = PBXFileReference; lastKnownFileType = sourcecode.swift; path = TaskExtension.swift; sourceTree = "<group>"; };
		880B135E2374B08A003E29AC /* TaskCVCell.swift */ = {isa = PBXFileReference; lastKnownFileType = sourcecode.swift; path = TaskCVCell.swift; sourceTree = "<group>"; };
		880B13622374B37A003E29AC /* TaskStatusButton.swift */ = {isa = PBXFileReference; lastKnownFileType = sourcecode.swift; path = TaskStatusButton.swift; sourceTree = "<group>"; };
		880B13642374B3F2003E29AC /* TaskPersonLabel.swift */ = {isa = PBXFileReference; lastKnownFileType = sourcecode.swift; path = TaskPersonLabel.swift; sourceTree = "<group>"; };
		880B136C2374C6C7003E29AC /* TaskCell.swift */ = {isa = PBXFileReference; lastKnownFileType = sourcecode.swift; path = TaskCell.swift; sourceTree = "<group>"; };
		880B137123757224003E29AC /* UserCVCell.swift */ = {isa = PBXFileReference; lastKnownFileType = sourcecode.swift; path = UserCVCell.swift; sourceTree = "<group>"; };
		880B1375237576C3003E29AC /* UIImageView.swift */ = {isa = PBXFileReference; lastKnownFileType = sourcecode.swift; path = UIImageView.swift; sourceTree = "<group>"; };
		880B137823758109003E29AC /* Let's Dinner!Debug.entitlements */ = {isa = PBXFileReference; lastKnownFileType = text.plist.entitlements; path = "Let's Dinner!Debug.entitlements"; sourceTree = "<group>"; };
		880B13792376EB99003E29AC /* ProgressCircle.swift */ = {isa = PBXFileReference; lastKnownFileType = sourcecode.swift; path = ProgressCircle.swift; sourceTree = "<group>"; };
		881AC72D245218750055F120 /* ImageHelper.swift */ = {isa = PBXFileReference; lastKnownFileType = sourcecode.swift; path = ImageHelper.swift; sourceTree = "<group>"; };
		8821535624E0A9BD008A8DD8 /* RecipeCreationViewController.swift */ = {isa = PBXFileReference; lastKnownFileType = sourcecode.swift; path = RecipeCreationViewController.swift; sourceTree = "<group>"; };
		8827BB2523F4A91400DEDC39 /* CloudKit.framework */ = {isa = PBXFileReference; lastKnownFileType = wrapper.framework; name = CloudKit.framework; path = System/Library/Frameworks/CloudKit.framework; sourceTree = SDKROOT; };
		8827BB2723F5DDAB00DEDC39 /* CloudManager.swift */ = {isa = PBXFileReference; lastKnownFileType = sourcecode.swift; path = CloudManager.swift; sourceTree = "<group>"; };
		8827BB2923F875B600DEDC39 /* SFSafariViewController.swift */ = {isa = PBXFileReference; lastKnownFileType = sourcecode.swift; path = SFSafariViewController.swift; sourceTree = "<group>"; };
		882B9CC523998738001634D9 /* CustomRecipe.swift */ = {isa = PBXFileReference; lastKnownFileType = sourcecode.swift; path = CustomRecipe.swift; sourceTree = "<group>"; };
		882B9CC72399A0BD001634D9 /* CustomIngredient.swift */ = {isa = PBXFileReference; lastKnownFileType = sourcecode.swift; path = CustomIngredient.swift; sourceTree = "<group>"; };
		88349EF6236DE9FB002A1879 /* Let's Dinner!.app */ = {isa = PBXFileReference; explicitFileType = wrapper.application; includeInIndex = 0; path = "Let's Dinner!.app"; sourceTree = BUILT_PRODUCTS_DIR; };
		88349EF9236DE9FC002A1879 /* Assets.xcassets */ = {isa = PBXFileReference; lastKnownFileType = folder.assetcatalog; path = Assets.xcassets; sourceTree = "<group>"; };
		88349EFB236DE9FC002A1879 /* Info.plist */ = {isa = PBXFileReference; lastKnownFileType = text.plist.xml; path = Info.plist; sourceTree = "<group>"; };
		88349F00236DE9FC002A1879 /* Let's Dinner!.appex */ = {isa = PBXFileReference; explicitFileType = "wrapper.app-extension"; includeInIndex = 0; path = "Let's Dinner!.appex"; sourceTree = BUILT_PRODUCTS_DIR; };
		88349F05236DE9FC002A1879 /* Messages.framework */ = {isa = PBXFileReference; lastKnownFileType = wrapper.framework; name = Messages.framework; path = System/Library/Frameworks/Messages.framework; sourceTree = SDKROOT; };
		88349F08236DE9FC002A1879 /* MessagesViewController.swift */ = {isa = PBXFileReference; lastKnownFileType = sourcecode.swift; path = MessagesViewController.swift; sourceTree = "<group>"; };
		88349F0B236DE9FC002A1879 /* Base */ = {isa = PBXFileReference; lastKnownFileType = file.storyboard; name = Base; path = Base.lproj/MainInterface.storyboard; sourceTree = "<group>"; };
		88349F0D236DE9FC002A1879 /* Assets.xcassets */ = {isa = PBXFileReference; lastKnownFileType = folder.assetcatalog; path = Assets.xcassets; sourceTree = "<group>"; };
		88349F0F236DE9FC002A1879 /* Info.plist */ = {isa = PBXFileReference; lastKnownFileType = text.plist.xml; path = Info.plist; sourceTree = "<group>"; };
		88349F1C236DEF15002A1879 /* Constants.swift */ = {isa = PBXFileReference; lastKnownFileType = sourcecode.swift; path = Constants.swift; sourceTree = "<group>"; };
		88349F24236E20CF002A1879 /* UIView.swift */ = {isa = PBXFileReference; lastKnownFileType = sourcecode.swift; path = UIView.swift; sourceTree = "<group>"; };
		88349F2B236F7145002A1879 /* UserDefaults.swift */ = {isa = PBXFileReference; lastKnownFileType = sourcecode.swift; path = UserDefaults.swift; sourceTree = "<group>"; };
		88349F322370302E002A1879 /* LDDatePicker.swift */ = {isa = PBXFileReference; lastKnownFileType = sourcecode.swift; path = LDDatePicker.swift; sourceTree = "<group>"; };
		88349F342370388C002A1879 /* Event.swift */ = {isa = PBXFileReference; lastKnownFileType = sourcecode.swift; path = Event.swift; sourceTree = "<group>"; };
		88349F3F2370D10A002A1879 /* RecipeCell.swift */ = {isa = PBXFileReference; lastKnownFileType = sourcecode.swift; path = RecipeCell.swift; sourceTree = "<group>"; };
		88382A3324A908770016E68F /* LostEventView.swift */ = {isa = PBXFileReference; lastKnownFileType = sourcecode.swift; path = LostEventView.swift; sourceTree = "<group>"; };
		883A29F92371D15D0099ECDF /* Readme.md */ = {isa = PBXFileReference; lastKnownFileType = net.daringfireball.markdown; path = Readme.md; sourceTree = "<group>"; };
		883A2A052372E9910099ECDF /* GoogleService-Info.plist */ = {isa = PBXFileReference; fileEncoding = 4; lastKnownFileType = text.plist.xml; path = "GoogleService-Info.plist"; sourceTree = "<group>"; };
		884A5D8C24A3662D00CBF8AF /* PDFCreator.swift */ = {isa = PBXFileReference; lastKnownFileType = sourcecode.swift; path = PDFCreator.swift; sourceTree = "<group>"; };
		884A5D8E24A3674700CBF8AF /* RecipeBookViewController.swift */ = {isa = PBXFileReference; lastKnownFileType = sourcecode.swift; path = RecipeBookViewController.swift; sourceTree = "<group>"; };
		884CE1AF245ED1A6001062BF /* RecipesViewController.swift */ = {isa = PBXFileReference; lastKnownFileType = sourcecode.swift; path = RecipesViewController.swift; sourceTree = "<group>"; };
		884CE1B1245ED1E1001062BF /* RecipesViewModel.swift */ = {isa = PBXFileReference; lastKnownFileType = sourcecode.swift; path = RecipesViewModel.swift; sourceTree = "<group>"; };
		884CE1B3245ED52C001062BF /* LDNavBar.swift */ = {isa = PBXFileReference; lastKnownFileType = sourcecode.swift; path = LDNavBar.swift; sourceTree = "<group>"; };
		884CE1B5245ED5C7001062BF /* LDNavButton.swift */ = {isa = PBXFileReference; lastKnownFileType = sourcecode.swift; path = LDNavButton.swift; sourceTree = "<group>"; };
		884CE1B7245EEBF5001062BF /* LDNavigationViewController.swift */ = {isa = PBXFileReference; lastKnownFileType = sourcecode.swift; path = LDNavigationViewController.swift; sourceTree = "<group>"; };
		884CE1B9246086CC001062BF /* RealmHelper.swift */ = {isa = PBXFileReference; lastKnownFileType = sourcecode.swift; path = RealmHelper.swift; sourceTree = "<group>"; };
		884CE1BB24608799001062BF /* RecipesToolbar.swift */ = {isa = PBXFileReference; lastKnownFileType = sourcecode.swift; path = RecipesToolbar.swift; sourceTree = "<group>"; };
		884CE1BF24614151001062BF /* LDLoadingView.swift */ = {isa = PBXFileReference; lastKnownFileType = sourcecode.swift; path = LDLoadingView.swift; sourceTree = "<group>"; };
		884CE1C22461FDF8001062BF /* LDRecipe.swift */ = {isa = PBXFileReference; lastKnownFileType = sourcecode.swift; path = LDRecipe.swift; sourceTree = "<group>"; };
		884CE1C42461FE02001062BF /* LDIngredient.swift */ = {isa = PBXFileReference; lastKnownFileType = sourcecode.swift; path = LDIngredient.swift; sourceTree = "<group>"; };
		884CE1C62465C50A001062BF /* CKRecipe.swift */ = {isa = PBXFileReference; lastKnownFileType = sourcecode.swift; path = CKRecipe.swift; sourceTree = "<group>"; };
		884CE1C82465C515001062BF /* CKIngredient.swift */ = {isa = PBXFileReference; lastKnownFileType = sourcecode.swift; path = CKIngredient.swift; sourceTree = "<group>"; };
		884CE1CA2466DE30001062BF /* RecipeCreationViewModel.swift */ = {isa = PBXFileReference; lastKnownFileType = sourcecode.swift; path = RecipeCreationViewModel.swift; sourceTree = "<group>"; };
		8851335C24215A27004CD858 /* WelcomeViewController.swift */ = {isa = PBXFileReference; lastKnownFileType = sourcecode.swift; path = WelcomeViewController.swift; sourceTree = "<group>"; };
		885133AE2430F14C004CD858 /* BubbleManager.swift */ = {isa = PBXFileReference; lastKnownFileType = sourcecode.swift; path = BubbleManager.swift; sourceTree = "<group>"; };
		885133B024310C32004CD858 /* EventTranscriptView.swift */ = {isa = PBXFileReference; lastKnownFileType = sourcecode.swift; path = EventTranscriptView.swift; sourceTree = "<group>"; };
		885133B2243283AF004CD858 /* SendAction.swift */ = {isa = PBXFileReference; lastKnownFileType = sourcecode.swift; path = SendAction.swift; sourceTree = "<group>"; };
		885846382524E61300B818AD /* LDRescheduleView.swift */ = {isa = PBXFileReference; lastKnownFileType = sourcecode.swift; path = LDRescheduleView.swift; sourceTree = "<group>"; };
		885C6096237F6E6000ED3A17 /* UITableView+EmptyScreen.swift */ = {isa = PBXFileReference; lastKnownFileType = sourcecode.swift; path = "UITableView+EmptyScreen.swift"; sourceTree = "<group>"; };
		885C60B92380311100ED3A17 /* TaskManagementCell.swift */ = {isa = PBXFileReference; lastKnownFileType = sourcecode.swift; path = TaskManagementCell.swift; sourceTree = "<group>"; };
		885C60BD23805A3D00ED3A17 /* StepTracking.swift */ = {isa = PBXFileReference; lastKnownFileType = sourcecode.swift; path = StepTracking.swift; sourceTree = "<group>"; };
		885C60C52380A15400ED3A17 /* RecipeCVCell.swift */ = {isa = PBXFileReference; lastKnownFileType = sourcecode.swift; path = RecipeCVCell.swift; sourceTree = "<group>"; };
		885C61132384B6D600ED3A17 /* UITextField.swift */ = {isa = PBXFileReference; lastKnownFileType = sourcecode.swift; path = UITextField.swift; sourceTree = "<group>"; };
		885C61412388852D00ED3A17 /* ExpandableTasks.swift */ = {isa = PBXFileReference; lastKnownFileType = sourcecode.swift; path = ExpandableTasks.swift; sourceTree = "<group>"; };
		886EB36723DDFF11002CFCB5 /* CancelCell.swift */ = {isa = PBXFileReference; lastKnownFileType = sourcecode.swift; path = CancelCell.swift; sourceTree = "<group>"; };
		887BE71823FEFA7C006619C7 /* Let's Dinner!Release.entitlements */ = {isa = PBXFileReference; lastKnownFileType = text.plist.entitlements; path = "Let's Dinner!Release.entitlements"; sourceTree = "<group>"; };
		887BE720240470F6006619C7 /* LDLabel.swift */ = {isa = PBXFileReference; lastKnownFileType = sourcecode.swift; path = LDLabel.swift; sourceTree = "<group>"; };
		887CF810250E5A09001C1014 /* SelectedRecipesViewModel.swift */ = {isa = PBXFileReference; lastKnownFileType = sourcecode.swift; path = SelectedRecipesViewModel.swift; sourceTree = "<group>"; };
		887CF812250E665A001C1014 /* SelectedRecipesViewController.swift */ = {isa = PBXFileReference; lastKnownFileType = sourcecode.swift; path = SelectedRecipesViewController.swift; sourceTree = "<group>"; };
		88B2F1202527E16000B1FE0F /* EventData.swift */ = {isa = PBXFileReference; lastKnownFileType = sourcecode.swift; path = EventData.swift; sourceTree = "<group>"; };
		88B7832B23717CF7009E4F3C /* LDSearchBar.swift */ = {isa = PBXFileReference; lastKnownFileType = sourcecode.swift; path = LDSearchBar.swift; sourceTree = "<group>"; };
		88B7832D23717D84009E4F3C /* UIColor+Semantic.swift */ = {isa = PBXFileReference; lastKnownFileType = sourcecode.swift; path = "UIColor+Semantic.swift"; sourceTree = "<group>"; };
		88B7832F23717E3E009E4F3C /* String.swift */ = {isa = PBXFileReference; lastKnownFileType = sourcecode.swift; path = String.swift; sourceTree = "<group>"; };
		88C95B28239831CA000E750A /* DataHelper - Spoonacular.swift */ = {isa = PBXFileReference; lastKnownFileType = sourcecode.swift; path = "DataHelper - Spoonacular.swift"; sourceTree = "<group>"; };
		88C95B2A239831F2000E750A /* Recipe - Spoonacular.swift */ = {isa = PBXFileReference; lastKnownFileType = sourcecode.swift; path = "Recipe - Spoonacular.swift"; sourceTree = "<group>"; };
		88C95B2C23983203000E750A /* Ingredient - Spoonacular.swift */ = {isa = PBXFileReference; lastKnownFileType = sourcecode.swift; path = "Ingredient - Spoonacular.swift"; sourceTree = "<group>"; };
		88C95B2E23984736000E750A /* SpoonacularRecipes.json */ = {isa = PBXFileReference; lastKnownFileType = text.json; path = SpoonacularRecipes.json; sourceTree = "<group>"; };
		88C96509239A92DC00CFC710 /* SectionSelectionInput.swift */ = {isa = PBXFileReference; lastKnownFileType = sourcecode.swift; path = SectionSelectionInput.swift; sourceTree = "<group>"; };
		88C9650C239A9C3600CFC710 /* SectionInputCell.swift */ = {isa = PBXFileReference; lastKnownFileType = sourcecode.swift; path = SectionInputCell.swift; sourceTree = "<group>"; };
		88D33F0823A534C70061AD9A /* InfoInputView.swift */ = {isa = PBXFileReference; lastKnownFileType = sourcecode.swift; path = InfoInputView.swift; sourceTree = "<group>"; };
		88D9AB32246B19DD007716E6 /* EventDescriptionViewModel.swift */ = {isa = PBXFileReference; lastKnownFileType = sourcecode.swift; path = EventDescriptionViewModel.swift; sourceTree = "<group>"; };
		88D9AB34246B1A02007716E6 /* EventDescriptionViewController.swift */ = {isa = PBXFileReference; lastKnownFileType = sourcecode.swift; path = EventDescriptionViewController.swift; sourceTree = "<group>"; };
		88D9AB38246B50E3007716E6 /* ManagementViewController.swift */ = {isa = PBXFileReference; lastKnownFileType = sourcecode.swift; path = ManagementViewController.swift; sourceTree = "<group>"; };
		88D9AB3A246B50F5007716E6 /* ManagementViewModel.swift */ = {isa = PBXFileReference; lastKnownFileType = sourcecode.swift; path = ManagementViewModel.swift; sourceTree = "<group>"; };
		88D9AB3E246FE71A007716E6 /* ReviewViewController.swift */ = {isa = PBXFileReference; lastKnownFileType = sourcecode.swift; path = ReviewViewController.swift; sourceTree = "<group>"; };
		88D9AB40246FE72A007716E6 /* ReviewViewModel.swift */ = {isa = PBXFileReference; lastKnownFileType = sourcecode.swift; path = ReviewViewModel.swift; sourceTree = "<group>"; };
		88D9AB44247063E9007716E6 /* LDError.swift */ = {isa = PBXFileReference; lastKnownFileType = sourcecode.swift; path = LDError.swift; sourceTree = "<group>"; };
		88D9AB4624714878007716E6 /* EventSummaryViewModel.swift */ = {isa = PBXFileReference; lastKnownFileType = sourcecode.swift; path = EventSummaryViewModel.swift; sourceTree = "<group>"; };
		88E203C423D33C6200514972 /* EventInputView.swift */ = {isa = PBXFileReference; lastKnownFileType = sourcecode.swift; path = EventInputView.swift; sourceTree = "<group>"; };
		88E5B0BD2437C06700D519E2 /* PremiumViewController.swift */ = {isa = PBXFileReference; lastKnownFileType = sourcecode.swift; path = PremiumViewController.swift; sourceTree = "<group>"; };
		88E5B0BF2438A39600D519E2 /* ConfettiView.swift */ = {isa = PBXFileReference; lastKnownFileType = sourcecode.swift; path = ConfettiView.swift; sourceTree = "<group>"; };
		88E5C5272467F3C20060823B /* NewEventViewModel.swift */ = {isa = PBXFileReference; lastKnownFileType = sourcecode.swift; path = NewEventViewModel.swift; sourceTree = "<group>"; };
		88E5C5292467F3E20060823B /* NewEventViewController.swift */ = {isa = PBXFileReference; lastKnownFileType = sourcecode.swift; path = NewEventViewController.swift; sourceTree = "<group>"; };
		88F94EBA24EB355200FFBB14 /* CreationStepViewController.swift */ = {isa = PBXFileReference; lastKnownFileType = sourcecode.swift; path = CreationStepViewController.swift; sourceTree = "<group>"; };
		88F94EBC24EC0DAC00FFBB14 /* LDListItemAdditionView.swift */ = {isa = PBXFileReference; lastKnownFileType = sourcecode.swift; path = LDListItemAdditionView.swift; sourceTree = "<group>"; };
		88FE71A523901E2A00652429 /* InfoInputToolbar.swift */ = {isa = PBXFileReference; lastKnownFileType = sourcecode.swift; path = InfoInputToolbar.swift; sourceTree = "<group>"; };
		B815358623E3FE2000BBD5FB /* Colors.swift */ = {isa = PBXFileReference; lastKnownFileType = sourcecode.swift; path = Colors.swift; sourceTree = "<group>"; };
		B842CE3B241A03F000380229 /* CustomSafariVC.swift */ = {isa = PBXFileReference; lastKnownFileType = sourcecode.swift; path = CustomSafariVC.swift; sourceTree = "<group>"; };
		B84A8DFD24BB322000CF993D /* CreateRecipeCommentCell.swift */ = {isa = PBXFileReference; lastKnownFileType = sourcecode.swift; path = CreateRecipeCommentCell.swift; sourceTree = "<group>"; };
		B85071D02391690600632026 /* TestManager.swift */ = {isa = PBXFileReference; lastKnownFileType = sourcecode.swift; path = TestManager.swift; sourceTree = "<group>"; };
		B85071D22392723D00632026 /* GestureRecognizer.swift */ = {isa = PBXFileReference; lastKnownFileType = sourcecode.swift; path = GestureRecognizer.swift; sourceTree = "<group>"; };
		B8630E3B23FFF6AB00E48A38 /* UIImage.swift */ = {isa = PBXFileReference; lastKnownFileType = sourcecode.swift; path = UIImage.swift; sourceTree = "<group>"; };
		B8652A2B23C729B300F176CC /* ReminderManager.swift */ = {isa = PBXFileReference; lastKnownFileType = sourcecode.swift; path = ReminderManager.swift; sourceTree = "<group>"; };
		B86F6FF5238195D10010AB7C /* AnswerDeclinedCell.swift */ = {isa = PBXFileReference; lastKnownFileType = sourcecode.swift; path = AnswerDeclinedCell.swift; sourceTree = "<group>"; };
		B86F6FFA2381A8830010AB7C /* AnswerAcceptedCell.swift */ = {isa = PBXFileReference; lastKnownFileType = sourcecode.swift; path = AnswerAcceptedCell.swift; sourceTree = "<group>"; };
		B86F700A238521810010AB7C /* UIButtonClass.swift */ = {isa = PBXFileReference; lastKnownFileType = sourcecode.swift; path = UIButtonClass.swift; sourceTree = "<group>"; };
		B87C10372402A8E6004AD951 /* Date.swift */ = {isa = PBXFileReference; lastKnownFileType = sourcecode.swift; path = Date.swift; sourceTree = "<group>"; };
		B87C10392403E607004AD951 /* UIViewController.swift */ = {isa = PBXFileReference; lastKnownFileType = sourcecode.swift; path = UIViewController.swift; sourceTree = "<group>"; };
		B87C103E2408E9AC004AD951 /* Thread.swift */ = {isa = PBXFileReference; lastKnownFileType = sourcecode.swift; path = Thread.swift; sourceTree = "<group>"; };
		B87C1067241387E6004AD951 /* UITableViewCell.swift */ = {isa = PBXFileReference; lastKnownFileType = sourcecode.swift; path = UITableViewCell.swift; sourceTree = "<group>"; };
		B87C10692414BB21004AD951 /* ExpandableTaskHeader.swift */ = {isa = PBXFileReference; lastKnownFileType = sourcecode.swift; path = ExpandableTaskHeader.swift; sourceTree = "<group>"; };
		B87C106E2417631F004AD951 /* AddNewThingView.swift */ = {isa = PBXFileReference; lastKnownFileType = sourcecode.swift; path = AddNewThingView.swift; sourceTree = "<group>"; };
		B88457DF24A72CE000077C0F /* Double.swift */ = {isa = PBXFileReference; lastKnownFileType = sourcecode.swift; path = Double.swift; sourceTree = "<group>"; };
		B88457E124AC9B9400077C0F /* ActionSheetManager.swift */ = {isa = PBXFileReference; lastKnownFileType = sourcecode.swift; path = ActionSheetManager.swift; sourceTree = "<group>"; };
		B886BD92246C340C0069C248 /* RecipeCreationWelcomeViewController.swift */ = {isa = PBXFileReference; lastKnownFileType = sourcecode.swift; path = RecipeCreationWelcomeViewController.swift; sourceTree = "<group>"; };
		B886BD962470EFBF0069C248 /* CreateRecipeIngredientCell.swift */ = {isa = PBXFileReference; lastKnownFileType = sourcecode.swift; path = CreateRecipeIngredientCell.swift; sourceTree = "<group>"; };
		B886BD9A24790B7B0069C248 /* CreateRecipeCookingStepCell.swift */ = {isa = PBXFileReference; lastKnownFileType = sourcecode.swift; path = CreateRecipeCookingStepCell.swift; sourceTree = "<group>"; };
		B89D473C24839D9B00F15B48 /* LabelStrings.swift */ = {isa = PBXFileReference; lastKnownFileType = sourcecode.swift; path = LabelStrings.swift; sourceTree = "<group>"; };
		B89D473E248554D200F15B48 /* AlertStrings.swift */ = {isa = PBXFileReference; lastKnownFileType = sourcecode.swift; path = AlertStrings.swift; sourceTree = "<group>"; };
		B8AC7CB7239AA95C0079EADB /* VCTransitionDirection.swift */ = {isa = PBXFileReference; lastKnownFileType = sourcecode.swift; path = VCTransitionDirection.swift; sourceTree = "<group>"; };
		B8AED7D2239E357F00F2F633 /* CalendarManager.swift */ = {isa = PBXFileReference; lastKnownFileType = sourcecode.swift; path = CalendarManager.swift; sourceTree = "<group>"; };
		B8C4E82323E5ACDF00D752F1 /* ProgressViewController.swift */ = {isa = PBXFileReference; lastKnownFileType = sourcecode.swift; path = ProgressViewController.swift; sourceTree = "<group>"; };
		B8C4F1C2244D693B001359B9 /* CreateRecipeSections.swift */ = {isa = PBXFileReference; lastKnownFileType = sourcecode.swift; path = CreateRecipeSections.swift; sourceTree = "<group>"; };
		B8CFF47D2454070200799DA8 /* CustomOrderHelper.swift */ = {isa = PBXFileReference; lastKnownFileType = sourcecode.swift; path = CustomOrderHelper.swift; sourceTree = "<group>"; };
		B8D1CC9523F1309000E54E26 /* UIDevice.swift */ = {isa = PBXFileReference; lastKnownFileType = sourcecode.swift; path = UIDevice.swift; sourceTree = "<group>"; };
		B8E4CA7723812157006DD095 /* TitleCell.swift */ = {isa = PBXFileReference; lastKnownFileType = sourcecode.swift; path = TitleCell.swift; sourceTree = "<group>"; };
		BB96E7D51A8DA2E7C1222239 /* Pods-LetsDinnerV2.release.xcconfig */ = {isa = PBXFileReference; includeInIndex = 1; lastKnownFileType = text.xcconfig; name = "Pods-LetsDinnerV2.release.xcconfig"; path = "Target Support Files/Pods-LetsDinnerV2/Pods-LetsDinnerV2.release.xcconfig"; sourceTree = "<group>"; };
		DDA83141D400FE826D22FC36 /* Pods_LetsDinnerV2_MessagesExtension.framework */ = {isa = PBXFileReference; explicitFileType = wrapper.framework; includeInIndex = 0; path = Pods_LetsDinnerV2_MessagesExtension.framework; sourceTree = BUILT_PRODUCTS_DIR; };
/* End PBXFileReference section */

/* Begin PBXFrameworksBuildPhase section */
		148FD0FFFF9A2FD83F7DA173 /* Frameworks */ = {
			isa = PBXFrameworksBuildPhase;
			buildActionMask = 2147483647;
			files = (
				B86F6FF2238178F40010AB7C /* Pods_LetsDinnerV2.framework in Frameworks */,
			);
			runOnlyForDeploymentPostprocessing = 0;
		};
		88349EFD236DE9FC002A1879 /* Frameworks */ = {
			isa = PBXFrameworksBuildPhase;
			buildActionMask = 2147483647;
			files = (
				8827BB2623F4A91400DEDC39 /* CloudKit.framework in Frameworks */,
				8858BF302371CAFD00133877 /* Messages.framework in Frameworks */,
				8858BF2D2371CAF900133877 /* Pods_LetsDinnerV2_MessagesExtension.framework in Frameworks */,
			);
			runOnlyForDeploymentPostprocessing = 0;
		};
/* End PBXFrameworksBuildPhase section */

/* Begin PBXGroup section */
		32603EAC23F1BC2500AB6B50 /* ExpiredEventCell */ = {
			isa = PBXGroup;
			children = (
				32603EAD23F1BC4E00AB6B50 /* ExpiredEventCell.swift */,
			);
			path = ExpiredEventCell;
			sourceTree = "<group>";
		};
		3270EC232447196700E78445 /* ThankYouVC */ = {
			isa = PBXGroup;
			children = (
				3270EC2424471A5E00E78445 /* ThankYouViewController.swift */,
			);
			path = ThankYouVC;
			sourceTree = "<group>";
		};
		32B49DD523E87CCC0010669A /* ExpiredEventVC */ = {
			isa = PBXGroup;
			children = (
				88056E612474400400F0D90F /* ExpiredEventViewController.swift */,
			);
			path = ExpiredEventVC;
			sourceTree = "<group>";
		};
		880B133223736D3C003E29AC /* EventSummaryVC */ = {
			isa = PBXGroup;
			children = (
				880B133323736D5C003E29AC /* EventSummaryViewController.swift */,
				88D9AB4624714878007716E6 /* EventSummaryViewModel.swift */,
			);
			path = EventSummaryVC;
			sourceTree = "<group>";
		};
		880B133723737605003E29AC /* AnswerCell */ = {
			isa = PBXGroup;
			children = (
				880B133D237376C7003E29AC /* AnswerCell.swift */,
				B86F6FF5238195D10010AB7C /* AnswerDeclinedCell.swift */,
				B86F6FFA2381A8830010AB7C /* AnswerAcceptedCell.swift */,
				886EB36723DDFF11002CFCB5 /* CancelCell.swift */,
			);
			path = AnswerCell;
			sourceTree = "<group>";
		};
		880B133823737619003E29AC /* InfoCell */ = {
			isa = PBXGroup;
			children = (
				880B1341237376D6003E29AC /* InfoCell.swift */,
			);
			path = InfoCell;
			sourceTree = "<group>";
		};
		880B133923737622003E29AC /* DescriptionCell */ = {
			isa = PBXGroup;
			children = (
				880B1345237376E3003E29AC /* DescriptionCell.swift */,
			);
			path = DescriptionCell;
			sourceTree = "<group>";
		};
		880B133A2373762A003E29AC /* TaskSummaryCell */ = {
			isa = PBXGroup;
			children = (
				880B1349237376F3003E29AC /* TaskSummaryCell.swift */,
			);
			path = TaskSummaryCell;
			sourceTree = "<group>";
		};
		880B133B23737635003E29AC /* UserCell */ = {
			isa = PBXGroup;
			children = (
				880B134D23737700003E29AC /* UserCell.swift */,
			);
			path = UserCell;
			sourceTree = "<group>";
		};
		880B135D2374B06B003E29AC /* TaskCVCell */ = {
			isa = PBXGroup;
			children = (
				880B135E2374B08A003E29AC /* TaskCVCell.swift */,
			);
			path = TaskCVCell;
			sourceTree = "<group>";
		};
		880B13662374BDAE003E29AC /* TasksListVC */ = {
			isa = PBXGroup;
			children = (
				88056E65247460DA00F0D90F /* TasksListViewModel.swift */,
				88056E67247460EA00F0D90F /* TasksListViewController.swift */,
			);
			path = TasksListVC;
			sourceTree = "<group>";
		};
		880B136B2374C6AD003E29AC /* TaskCell */ = {
			isa = PBXGroup;
			children = (
				880B136C2374C6C7003E29AC /* TaskCell.swift */,
			);
			path = TaskCell;
			sourceTree = "<group>";
		};
		880B1370237571FF003E29AC /* UserCVCell */ = {
			isa = PBXGroup;
			children = (
				880B137123757224003E29AC /* UserCVCell.swift */,
			);
			path = UserCVCell;
			sourceTree = "<group>";
		};
		882C4C14237AEA470039B55F /* IdleVC */ = {
			isa = PBXGroup;
			children = (
				88056E7B2477C97F00F0D90F /* IdleViewController.swift */,
			);
			path = IdleVC;
			sourceTree = "<group>";
		};
		88349EEF236DE9FB002A1879 = {
			isa = PBXGroup;
			children = (
				883A29F92371D15D0099ECDF /* Readme.md */,
				88349EF8236DE9FB002A1879 /* LetsDinnerV2 */,
				88349F07236DE9FC002A1879 /* LetsDinnerV2 MessagesExtension */,
				88349F04236DE9FC002A1879 /* Frameworks */,
				88349EF7236DE9FB002A1879 /* Products */,
				B017EC268CCDD12643C7FD91 /* Pods */,
			);
			sourceTree = "<group>";
		};
		88349EF7236DE9FB002A1879 /* Products */ = {
			isa = PBXGroup;
			children = (
				88349EF6236DE9FB002A1879 /* Let's Dinner!.app */,
				88349F00236DE9FC002A1879 /* Let's Dinner!.appex */,
			);
			name = Products;
			sourceTree = "<group>";
		};
		88349EF8236DE9FB002A1879 /* LetsDinnerV2 */ = {
			isa = PBXGroup;
			children = (
				88349EF9236DE9FC002A1879 /* Assets.xcassets */,
				88349EFB236DE9FC002A1879 /* Info.plist */,
			);
			path = LetsDinnerV2;
			sourceTree = "<group>";
		};
		88349F04236DE9FC002A1879 /* Frameworks */ = {
			isa = PBXGroup;
			children = (
				8827BB2523F4A91400DEDC39 /* CloudKit.framework */,
				88349F05236DE9FC002A1879 /* Messages.framework */,
				4F505819D4FB96BCBC222A90 /* Pods_LetsDinnerV2.framework */,
				DDA83141D400FE826D22FC36 /* Pods_LetsDinnerV2_MessagesExtension.framework */,
			);
			name = Frameworks;
			sourceTree = "<group>";
		};
		88349F07236DE9FC002A1879 /* LetsDinnerV2 MessagesExtension */ = {
			isa = PBXGroup;
			children = (
				887BE71823FEFA7C006619C7 /* Let's Dinner!Release.entitlements */,
				880B137823758109003E29AC /* Let's Dinner!Debug.entitlements */,
				B8BEEAE823A23C28009DC2DB /* Manager */,
				88349F19236DEEEB002A1879 /* Model */,
				88349F1B236DEEF9002A1879 /* Controller */,
				88349F1A236DEEF2002A1879 /* View */,
				88349F1E236DEF1C002A1879 /* Extensions */,
				88B7833323718391009E4F3C /* Resources */,
				88349F0D236DE9FC002A1879 /* Assets.xcassets */,
				88349F0F236DE9FC002A1879 /* Info.plist */,
				883A2A052372E9910099ECDF /* GoogleService-Info.plist */,
			);
			path = "LetsDinnerV2 MessagesExtension";
			sourceTree = "<group>";
		};
		88349F19236DEEEB002A1879 /* Model */ = {
			isa = PBXGroup;
			children = (
				B89D473B24839C6100F15B48 /* Constants */,
				884CE1C12461FDE7001062BF /* RecipeModels */,
				B815358623E3FE2000BBD5FB /* Colors.swift */,
				88349F342370388C002A1879 /* Event.swift */,
				B8C4F1C2244D693B001359B9 /* CreateRecipeSections.swift */,
				880B13302372FA08003E29AC /* User.swift */,
				880B1357237474A4003E29AC /* Task.swift */,
				885C60BD23805A3D00ED3A17 /* StepTracking.swift */,
				885C61412388852D00ED3A17 /* ExpandableTasks.swift */,
				B8AC7CB7239AA95C0079EADB /* VCTransitionDirection.swift */,
				885133B2243283AF004CD858 /* SendAction.swift */,
				88D9AB44247063E9007716E6 /* LDError.swift */,
				88B2F1202527E16000B1FE0F /* EventData.swift */,
			);
			path = Model;
			sourceTree = "<group>";
		};
		88349F1A236DEEF2002A1879 /* View */ = {
			isa = PBXGroup;
			children = (
				88349F0A236DE9FC002A1879 /* MainInterface.storyboard */,
				88349F3D2370D0C1002A1879 /* Cells */,
				B8384BFE238A8503005B25E9 /* UIButtonClass */,
				B802F041242F4B8D00927649 /* CustomUIView */,
				88349F322370302E002A1879 /* LDDatePicker.swift */,
				88FE71A523901E2A00652429 /* InfoInputToolbar.swift */,
				B842CE3B241A03F000380229 /* CustomSafariVC.swift */,
				B85071D22392723D00632026 /* GestureRecognizer.swift */,
				88B7832B23717CF7009E4F3C /* LDSearchBar.swift */,
				880B13642374B3F2003E29AC /* TaskPersonLabel.swift */,
				880B13792376EB99003E29AC /* ProgressCircle.swift */,
				887BE720240470F6006619C7 /* LDLabel.swift */,
			);
			path = View;
			sourceTree = "<group>";
		};
		88349F1B236DEEF9002A1879 /* Controller */ = {
			isa = PBXGroup;
			children = (
				88349F08236DE9FC002A1879 /* MessagesViewController.swift */,
				884CE1B7245EEBF5001062BF /* LDNavigationViewController.swift */,
				B8C4E82023E5AB5500D752F1 /* ProgressVC */,
				882C4C14237AEA470039B55F /* IdleVC */,
				8851335B24215A05004CD858 /* WelcomeVC */,
				88E5B0BC2437C03F00D519E2 /* PremiumVC */,
				3270EC232447196700E78445 /* ThankYouVC */,
				88349F23236E1B67002A1879 /* InitialVC */,
				88349F2A236EFFD4002A1879 /* RegistrationVC */,
				88349F31236F7A22002A1879 /* NewEventVC */,
				88349F362370439B002A1879 /* RecipesVC */,
				B87C106624126B3E004AD951 /* SelectedRecipesVC */,
				B886BD94246C46920069C248 /* RecipeCreateWelcomeVC */,
				88C95B30239863DD000E750A /* RecipeCreationVC */,
				88A362E0237EA8B6005B6B81 /* ManagementVC */,
				885C60BF23809F5500ED3A17 /* EventDescriptionVC */,
				885C60C92380BA9500ED3A17 /* ReviewVC */,
				880B133223736D3C003E29AC /* EventSummaryVC */,
				32B49DD523E87CCC0010669A /* ExpiredEventVC */,
				B86F7006238435830010AB7C /* EventInfoVC */,
				880B13662374BDAE003E29AC /* TasksListVC */,
				884A5D8E24A3674700CBF8AF /* RecipeBookViewController.swift */,
			);
			path = Controller;
			sourceTree = "<group>";
		};
		88349F1E236DEF1C002A1879 /* Extensions */ = {
			isa = PBXGroup;
			children = (
				88349F24236E20CF002A1879 /* UIView.swift */,
				880B1375237576C3003E29AC /* UIImageView.swift */,
				885C6096237F6E6000ED3A17 /* UITableView+EmptyScreen.swift */,
				B8630E3B23FFF6AB00E48A38 /* UIImage.swift */,
				885C61132384B6D600ED3A17 /* UITextField.swift */,
				880B135523746A5D003E29AC /* UIButton.swift */,
				88B7832D23717D84009E4F3C /* UIColor+Semantic.swift */,
				B8D1CC9523F1309000E54E26 /* UIDevice.swift */,
				B87C10392403E607004AD951 /* UIViewController.swift */,
				B87C1067241387E6004AD951 /* UITableViewCell.swift */,
				88349F2B236F7145002A1879 /* UserDefaults.swift */,
				88B7832F23717E3E009E4F3C /* String.swift */,
				B88457DF24A72CE000077C0F /* Double.swift */,
				880B135923747578003E29AC /* Array.swift */,
				B87C10372402A8E6004AD951 /* Date.swift */,
				880B135B2374758F003E29AC /* TaskExtension.swift */,
				B87C103E2408E9AC004AD951 /* Thread.swift */,
				8827BB2923F875B600DEDC39 /* SFSafariViewController.swift */,
			);
			path = Extensions;
			sourceTree = "<group>";
		};
		88349F23236E1B67002A1879 /* InitialVC */ = {
			isa = PBXGroup;
			children = (
				88056E772477A9A900F0D90F /* InitialViewController.swift */,
			);
			path = InitialVC;
			sourceTree = "<group>";
		};
		88349F2A236EFFD4002A1879 /* RegistrationVC */ = {
			isa = PBXGroup;
			children = (
				88056E5B24718FA400F0D90F /* RegistrationViewController.swift */,
				88056E5D2471903000F0D90F /* RegistrationViewModel.swift */,
			);
			path = RegistrationVC;
			sourceTree = "<group>";
		};
		88349F31236F7A22002A1879 /* NewEventVC */ = {
			isa = PBXGroup;
			children = (
				88E5C5272467F3C20060823B /* NewEventViewModel.swift */,
				88E5C5292467F3E20060823B /* NewEventViewController.swift */,
			);
			path = NewEventVC;
			sourceTree = "<group>";
		};
		88349F362370439B002A1879 /* RecipesVC */ = {
			isa = PBXGroup;
			children = (
				884CE1AF245ED1A6001062BF /* RecipesViewController.swift */,
				884CE1B1245ED1E1001062BF /* RecipesViewModel.swift */,
			);
			path = RecipesVC;
			sourceTree = "<group>";
		};
		88349F3D2370D0C1002A1879 /* Cells */ = {
			isa = PBXGroup;
			children = (
				88C9650B239A9BEB00CFC710 /* SectionInputCell */,
				880B133723737605003E29AC /* AnswerCell */,
				885C60C423809F9300ED3A17 /* RecipeCVCell */,
				88349F3E2370D0C9002A1879 /* RecipeCell */,
				B886BD952470EF6E0069C248 /* CreateRecipeIngredientCell */,
				B886BD9E24790B7F0069C248 /* CreateRecipeCookingStepCell */,
				B8C9518324B621B700EE6480 /* CreateRecipeCommentCell */,
				B8E4CA7923812174006DD095 /* TitleCell */,
				880B133823737619003E29AC /* InfoCell */,
				880B133923737622003E29AC /* DescriptionCell */,
				885C60B8238030EC00ED3A17 /* TaskManagementCell */,
				880B136B2374C6AD003E29AC /* TaskCell */,
				880B135D2374B06B003E29AC /* TaskCVCell */,
				880B133A2373762A003E29AC /* TaskSummaryCell */,
				880B133B23737635003E29AC /* UserCell */,
				880B1370237571FF003E29AC /* UserCVCell */,
				32603EAC23F1BC2500AB6B50 /* ExpiredEventCell */,
			);
			path = Cells;
			sourceTree = "<group>";
		};
		88349F3E2370D0C9002A1879 /* RecipeCell */ = {
			isa = PBXGroup;
			children = (
				88349F3F2370D10A002A1879 /* RecipeCell.swift */,
			);
			path = RecipeCell;
			sourceTree = "<group>";
		};
		884CE1C12461FDE7001062BF /* RecipeModels */ = {
			isa = PBXGroup;
			children = (
				884CE1C22461FDF8001062BF /* LDRecipe.swift */,
				884CE1C42461FE02001062BF /* LDIngredient.swift */,
				88C95B2A239831F2000E750A /* Recipe - Spoonacular.swift */,
				88C95B2C23983203000E750A /* Ingredient - Spoonacular.swift */,
				882B9CC523998738001634D9 /* CustomRecipe.swift */,
				882B9CC72399A0BD001634D9 /* CustomIngredient.swift */,
				884CE1C62465C50A001062BF /* CKRecipe.swift */,
				884CE1C82465C515001062BF /* CKIngredient.swift */,
			);
			path = RecipeModels;
			sourceTree = "<group>";
		};
		8851335B24215A05004CD858 /* WelcomeVC */ = {
			isa = PBXGroup;
			children = (
				8851335C24215A27004CD858 /* WelcomeViewController.swift */,
			);
			path = WelcomeVC;
			sourceTree = "<group>";
		};
		885C60B8238030EC00ED3A17 /* TaskManagementCell */ = {
			isa = PBXGroup;
			children = (
				885C60B92380311100ED3A17 /* TaskManagementCell.swift */,
			);
			path = TaskManagementCell;
			sourceTree = "<group>";
		};
		885C60BF23809F5500ED3A17 /* EventDescriptionVC */ = {
			isa = PBXGroup;
			children = (
				88D9AB34246B1A02007716E6 /* EventDescriptionViewController.swift */,
				88D9AB32246B19DD007716E6 /* EventDescriptionViewModel.swift */,
			);
			path = EventDescriptionVC;
			sourceTree = "<group>";
		};
		885C60C423809F9300ED3A17 /* RecipeCVCell */ = {
			isa = PBXGroup;
			children = (
				885C60C52380A15400ED3A17 /* RecipeCVCell.swift */,
			);
			path = RecipeCVCell;
			sourceTree = "<group>";
		};
		885C60C92380BA9500ED3A17 /* ReviewVC */ = {
			isa = PBXGroup;
			children = (
				88D9AB3E246FE71A007716E6 /* ReviewViewController.swift */,
				88D9AB40246FE72A007716E6 /* ReviewViewModel.swift */,
			);
			path = ReviewVC;
			sourceTree = "<group>";
		};
		88A362E0237EA8B6005B6B81 /* ManagementVC */ = {
			isa = PBXGroup;
			children = (
				88D9AB38246B50E3007716E6 /* ManagementViewController.swift */,
				88D9AB3A246B50F5007716E6 /* ManagementViewModel.swift */,
			);
			path = ManagementVC;
			sourceTree = "<group>";
		};
		88B7833323718391009E4F3C /* Resources */ = {
			isa = PBXGroup;
			children = (
				88C95B2E23984736000E750A /* SpoonacularRecipes.json */,
			);
			path = Resources;
			sourceTree = "<group>";
		};
		88C95B30239863DD000E750A /* RecipeCreationVC */ = {
			isa = PBXGroup;
			children = (
				884CE1CA2466DE30001062BF /* RecipeCreationViewModel.swift */,
				8821535624E0A9BD008A8DD8 /* RecipeCreationViewController.swift */,
				88F94EBA24EB355200FFBB14 /* CreationStepViewController.swift */,
			);
			path = RecipeCreationVC;
			sourceTree = "<group>";
		};
		88C9650B239A9BEB00CFC710 /* SectionInputCell */ = {
			isa = PBXGroup;
			children = (
				88C9650C239A9C3600CFC710 /* SectionInputCell.swift */,
			);
			path = SectionInputCell;
			sourceTree = "<group>";
		};
		88E5B0BC2437C03F00D519E2 /* PremiumVC */ = {
			isa = PBXGroup;
			children = (
				88E5B0BD2437C06700D519E2 /* PremiumViewController.swift */,
			);
			path = PremiumVC;
			sourceTree = "<group>";
		};
		B017EC268CCDD12643C7FD91 /* Pods */ = {
			isa = PBXGroup;
			children = (
				1D3EEB756B7462E534F70D74 /* Pods-LetsDinnerV2.debug.xcconfig */,
				BB96E7D51A8DA2E7C1222239 /* Pods-LetsDinnerV2.release.xcconfig */,
				16492027AA4CC9A0444EDB54 /* Pods-LetsDinnerV2 MessagesExtension.debug.xcconfig */,
				4CE543C35F5CC3D6F4700FFB /* Pods-LetsDinnerV2 MessagesExtension.release.xcconfig */,
			);
			path = Pods;
			sourceTree = "<group>";
		};
		B802F041242F4B8D00927649 /* CustomUIView */ = {
			isa = PBXGroup;
			children = (
				B87C10692414BB21004AD951 /* ExpandableTaskHeader.swift */,
				B87C106E2417631F004AD951 /* AddNewThingView.swift */,
				88C96509239A92DC00CFC710 /* SectionSelectionInput.swift */,
				88D33F0823A534C70061AD9A /* InfoInputView.swift */,
				88E203C423D33C6200514972 /* EventInputView.swift */,
				885133B024310C32004CD858 /* EventTranscriptView.swift */,
				88E5B0BF2438A39600D519E2 /* ConfettiView.swift */,
				884CE1B3245ED52C001062BF /* LDNavBar.swift */,
				884CE1BB24608799001062BF /* RecipesToolbar.swift */,
				884CE1BF24614151001062BF /* LDLoadingView.swift */,
				88056E6B2475335B00F0D90F /* LDAlertBanner.swift */,
				88056E6D24758BFE00F0D90F /* LDServingsView.swift */,
				88382A3324A908770016E68F /* LostEventView.swift */,
				88F94EBC24EC0DAC00FFBB14 /* LDListItemAdditionView.swift */,
				885846382524E61300B818AD /* LDRescheduleView.swift */,
			);
			path = CustomUIView;
			sourceTree = "<group>";
		};
		B8384BFE238A8503005B25E9 /* UIButtonClass */ = {
			isa = PBXGroup;
			children = (
				880B13622374B37A003E29AC /* TaskStatusButton.swift */,
				B86F700A238521810010AB7C /* UIButtonClass.swift */,
				884CE1B5245ED5C7001062BF /* LDNavButton.swift */,
			);
			path = UIButtonClass;
			sourceTree = "<group>";
		};
		B86F7006238435830010AB7C /* EventInfoVC */ = {
			isa = PBXGroup;
			children = (
				88056E73247719E300F0D90F /* EventInfoViewController.swift */,
			);
			path = EventInfoVC;
			sourceTree = "<group>";
		};
		B87C106624126B3E004AD951 /* SelectedRecipesVC */ = {
			isa = PBXGroup;
			children = (
				887CF810250E5A09001C1014 /* SelectedRecipesViewModel.swift */,
				887CF812250E665A001C1014 /* SelectedRecipesViewController.swift */,
			);
			path = SelectedRecipesVC;
			sourceTree = "<group>";
		};
		B886BD94246C46920069C248 /* RecipeCreateWelcomeVC */ = {
			isa = PBXGroup;
			children = (
				B886BD92246C340C0069C248 /* RecipeCreationWelcomeViewController.swift */,
			);
			path = RecipeCreateWelcomeVC;
			sourceTree = "<group>";
		};
		B886BD952470EF6E0069C248 /* CreateRecipeIngredientCell */ = {
			isa = PBXGroup;
			children = (
				B886BD962470EFBF0069C248 /* CreateRecipeIngredientCell.swift */,
			);
			path = CreateRecipeIngredientCell;
			sourceTree = "<group>";
		};
		B886BD9E24790B7F0069C248 /* CreateRecipeCookingStepCell */ = {
			isa = PBXGroup;
			children = (
				B886BD9A24790B7B0069C248 /* CreateRecipeCookingStepCell.swift */,
			);
			path = CreateRecipeCookingStepCell;
			sourceTree = "<group>";
		};
		B89D473B24839C6100F15B48 /* Constants */ = {
			isa = PBXGroup;
			children = (
				88349F1C236DEF15002A1879 /* Constants.swift */,
				B89D473C24839D9B00F15B48 /* LabelStrings.swift */,
				B89D473E248554D200F15B48 /* AlertStrings.swift */,
			);
			path = Constants;
			sourceTree = "<group>";
		};
		B8BEEAE823A23C28009DC2DB /* Manager */ = {
			isa = PBXGroup;
			children = (
				B85071D02391690600632026 /* TestManager.swift */,
				B8AED7D2239E357F00F2F633 /* CalendarManager.swift */,
				B8652A2B23C729B300F176CC /* ReminderManager.swift */,
				B88457E124AC9B9400077C0F /* ActionSheetManager.swift */,
				8827BB2723F5DDAB00DEDC39 /* CloudManager.swift */,
				885133AE2430F14C004CD858 /* BubbleManager.swift */,
				881AC72D245218750055F120 /* ImageHelper.swift */,
				B8CFF47D2454070200799DA8 /* CustomOrderHelper.swift */,
				884CE1B9246086CC001062BF /* RealmHelper.swift */,
				88C95B28239831CA000E750A /* DataHelper - Spoonacular.swift */,
				884A5D8C24A3662D00CBF8AF /* PDFCreator.swift */,
			);
			path = Manager;
			sourceTree = "<group>";
		};
		B8C4E82023E5AB5500D752F1 /* ProgressVC */ = {
			isa = PBXGroup;
			children = (
				B8C4E82323E5ACDF00D752F1 /* ProgressViewController.swift */,
			);
			path = ProgressVC;
			sourceTree = "<group>";
		};
		B8C9518324B621B700EE6480 /* CreateRecipeCommentCell */ = {
			isa = PBXGroup;
			children = (
				B84A8DFD24BB322000CF993D /* CreateRecipeCommentCell.swift */,
			);
			path = CreateRecipeCommentCell;
			sourceTree = "<group>";
		};
		B8E4CA7923812174006DD095 /* TitleCell */ = {
			isa = PBXGroup;
			children = (
				B8E4CA7723812157006DD095 /* TitleCell.swift */,
			);
			path = TitleCell;
			sourceTree = "<group>";
		};
/* End PBXGroup section */

/* Begin PBXNativeTarget section */
		88349EF5236DE9FB002A1879 /* LetsDinnerV2 */ = {
			isa = PBXNativeTarget;
			buildConfigurationList = 88349F16236DE9FC002A1879 /* Build configuration list for PBXNativeTarget "LetsDinnerV2" */;
			buildPhases = (
				52F07E8A278835332D7590CA /* [CP] Check Pods Manifest.lock */,
				88349EF4236DE9FB002A1879 /* Resources */,
				88349F15236DE9FC002A1879 /* Embed App Extensions */,
				148FD0FFFF9A2FD83F7DA173 /* Frameworks */,
				D708FD19D8820027417285B2 /* [CP] Embed Pods Frameworks */,
				88C95B2623982EBB000E750A /* ShellScript */,
			);
			buildRules = (
			);
			dependencies = (
				88349F03236DE9FC002A1879 /* PBXTargetDependency */,
			);
			name = LetsDinnerV2;
			productName = LetsDinnerV2;
			productReference = 88349EF6236DE9FB002A1879 /* Let's Dinner!.app */;
			productType = "com.apple.product-type.application.messages";
		};
		88349EFF236DE9FC002A1879 /* LetsDinnerV2 MessagesExtension */ = {
			isa = PBXNativeTarget;
			buildConfigurationList = 88349F12236DE9FC002A1879 /* Build configuration list for PBXNativeTarget "LetsDinnerV2 MessagesExtension" */;
			buildPhases = (
				64B97D168BF486D7C14A6B6C /* [CP] Check Pods Manifest.lock */,
				88349EFC236DE9FC002A1879 /* Sources */,
				88349EFD236DE9FC002A1879 /* Frameworks */,
				88349EFE236DE9FC002A1879 /* Resources */,
				88C95B2723982FDE000E750A /* ShellScript */,
			);
			buildRules = (
			);
			dependencies = (
			);
			name = "LetsDinnerV2 MessagesExtension";
			productName = "LetsDinnerV2 MessagesExtension";
			productReference = 88349F00236DE9FC002A1879 /* Let's Dinner!.appex */;
			productType = "com.apple.product-type.app-extension.messages";
		};
/* End PBXNativeTarget section */

/* Begin PBXProject section */
		88349EF0236DE9FB002A1879 /* Project object */ = {
			isa = PBXProject;
			attributes = {
				LastSwiftUpdateCheck = 1110;
				LastUpgradeCheck = 1200;
				ORGANIZATIONNAME = "Eric Ordonneau";
				TargetAttributes = {
					88349EF5236DE9FB002A1879 = {
						CreatedOnToolsVersion = 11.1;
						LastSwiftMigration = 1120;
					};
					88349EFF236DE9FC002A1879 = {
						CreatedOnToolsVersion = 11.1;
					};
				};
			};
			buildConfigurationList = 88349EF3236DE9FB002A1879 /* Build configuration list for PBXProject "LetsDinnerV2" */;
			compatibilityVersion = "Xcode 9.3";
			developmentRegion = en;
			hasScannedForEncodings = 0;
			knownRegions = (
				en,
				Base,
			);
			mainGroup = 88349EEF236DE9FB002A1879;
			productRefGroup = 88349EF7236DE9FB002A1879 /* Products */;
			projectDirPath = "";
			projectRoot = "";
			targets = (
				88349EF5236DE9FB002A1879 /* LetsDinnerV2 */,
				88349EFF236DE9FC002A1879 /* LetsDinnerV2 MessagesExtension */,
			);
		};
/* End PBXProject section */

/* Begin PBXResourcesBuildPhase section */
		88349EF4236DE9FB002A1879 /* Resources */ = {
			isa = PBXResourcesBuildPhase;
			buildActionMask = 2147483647;
			files = (
				883A29FA2371D15D0099ECDF /* Readme.md in Resources */,
				88349EFA236DE9FC002A1879 /* Assets.xcassets in Resources */,
			);
			runOnlyForDeploymentPostprocessing = 0;
		};
		88349EFE236DE9FC002A1879 /* Resources */ = {
			isa = PBXResourcesBuildPhase;
			buildActionMask = 2147483647;
			files = (
				88349F0E236DE9FC002A1879 /* Assets.xcassets in Resources */,
				88C95B2F23984736000E750A /* SpoonacularRecipes.json in Resources */,
				88349F0C236DE9FC002A1879 /* MainInterface.storyboard in Resources */,
				883A2A062372E9910099ECDF /* GoogleService-Info.plist in Resources */,
			);
			runOnlyForDeploymentPostprocessing = 0;
		};
/* End PBXResourcesBuildPhase section */

/* Begin PBXShellScriptBuildPhase section */
		52F07E8A278835332D7590CA /* [CP] Check Pods Manifest.lock */ = {
			isa = PBXShellScriptBuildPhase;
			buildActionMask = 2147483647;
			files = (
			);
			inputFileListPaths = (
			);
			inputPaths = (
				"${PODS_PODFILE_DIR_PATH}/Podfile.lock",
				"${PODS_ROOT}/Manifest.lock",
			);
			name = "[CP] Check Pods Manifest.lock";
			outputFileListPaths = (
			);
			outputPaths = (
				"$(DERIVED_FILE_DIR)/Pods-LetsDinnerV2-checkManifestLockResult.txt",
			);
			runOnlyForDeploymentPostprocessing = 0;
			shellPath = /bin/sh;
			shellScript = "diff \"${PODS_PODFILE_DIR_PATH}/Podfile.lock\" \"${PODS_ROOT}/Manifest.lock\" > /dev/null\nif [ $? != 0 ] ; then\n    # print error to STDERR\n    echo \"error: The sandbox is not in sync with the Podfile.lock. Run 'pod install' or update your CocoaPods installation.\" >&2\n    exit 1\nfi\n# This output is used by Xcode 'outputs' to avoid re-running this script phase.\necho \"SUCCESS\" > \"${SCRIPT_OUTPUT_FILE_0}\"\n";
			showEnvVarsInLog = 0;
		};
		64B97D168BF486D7C14A6B6C /* [CP] Check Pods Manifest.lock */ = {
			isa = PBXShellScriptBuildPhase;
			buildActionMask = 2147483647;
			files = (
			);
			inputFileListPaths = (
			);
			inputPaths = (
				"${PODS_PODFILE_DIR_PATH}/Podfile.lock",
				"${PODS_ROOT}/Manifest.lock",
			);
			name = "[CP] Check Pods Manifest.lock";
			outputFileListPaths = (
			);
			outputPaths = (
				"$(DERIVED_FILE_DIR)/Pods-LetsDinnerV2 MessagesExtension-checkManifestLockResult.txt",
			);
			runOnlyForDeploymentPostprocessing = 0;
			shellPath = /bin/sh;
			shellScript = "diff \"${PODS_PODFILE_DIR_PATH}/Podfile.lock\" \"${PODS_ROOT}/Manifest.lock\" > /dev/null\nif [ $? != 0 ] ; then\n    # print error to STDERR\n    echo \"error: The sandbox is not in sync with the Podfile.lock. Run 'pod install' or update your CocoaPods installation.\" >&2\n    exit 1\nfi\n# This output is used by Xcode 'outputs' to avoid re-running this script phase.\necho \"SUCCESS\" > \"${SCRIPT_OUTPUT_FILE_0}\"\n";
			showEnvVarsInLog = 0;
		};
		88C95B2623982EBB000E750A /* ShellScript */ = {
			isa = PBXShellScriptBuildPhase;
			buildActionMask = 2147483647;
			files = (
			);
			inputFileListPaths = (
			);
			inputPaths = (
			);
			outputFileListPaths = (
			);
			outputPaths = (
			);
			runOnlyForDeploymentPostprocessing = 0;
			shellPath = /bin/sh;
			shellScript = "
";
		};
		88C95B2723982FDE000E750A /* ShellScript */ = {
			isa = PBXShellScriptBuildPhase;
			buildActionMask = 2147483647;
			files = (
			);
			inputFileListPaths = (
			);
			inputPaths = (
			);
			outputFileListPaths = (
			);
			outputPaths = (
			);
			runOnlyForDeploymentPostprocessing = 0;
			shellPath = /bin/sh;
			shellScript = "
";
		};
		D708FD19D8820027417285B2 /* [CP] Embed Pods Frameworks */ = {
			isa = PBXShellScriptBuildPhase;
			buildActionMask = 2147483647;
			files = (
			);
			inputFileListPaths = (
				"${PODS_ROOT}/Target Support Files/Pods-LetsDinnerV2/Pods-LetsDinnerV2-frameworks-${CONFIGURATION}-input-files.xcfilelist",
			);
			name = "[CP] Embed Pods Frameworks";
			outputFileListPaths = (
				"${PODS_ROOT}/Target Support Files/Pods-LetsDinnerV2/Pods-LetsDinnerV2-frameworks-${CONFIGURATION}-output-files.xcfilelist",
			);
			runOnlyForDeploymentPostprocessing = 0;
			shellPath = /bin/sh;
			shellScript = "\"${PODS_ROOT}/Target Support Files/Pods-LetsDinnerV2/Pods-LetsDinnerV2-frameworks.sh\"\n";
			showEnvVarsInLog = 0;
		};
/* End PBXShellScriptBuildPhase section */

/* Begin PBXSourcesBuildPhase section */
		88349EFC236DE9FC002A1879 /* Sources */ = {
			isa = PBXSourcesBuildPhase;
			buildActionMask = 2147483647;
			files = (
				32603EAF23F1BC4E00AB6B50 /* ExpiredEventCell.swift in Sources */,
				884CE1C024614151001062BF /* LDLoadingView.swift in Sources */,
				885C61142384B6D600ED3A17 /* UITextField.swift in Sources */,
				88349F25236E20CF002A1879 /* UIView.swift in Sources */,
				88B7832E23717D84009E4F3C /* UIColor+Semantic.swift in Sources */,
				88D9AB4724714878007716E6 /* EventSummaryViewModel.swift in Sources */,
				88D9AB3F246FE71A007716E6 /* ReviewViewController.swift in Sources */,
				88B7832C23717CF7009E4F3C /* LDSearchBar.swift in Sources */,
				B86F6FF6238195D10010AB7C /* AnswerDeclinedCell.swift in Sources */,
				B87C10382402A8E6004AD951 /* Date.swift in Sources */,
				B8AC7CB8239AA95C0079EADB /* VCTransitionDirection.swift in Sources */,
				B8652A2C23C729B300F176CC /* ReminderManager.swift in Sources */,
				885133B3243283AF004CD858 /* SendAction.swift in Sources */,
				88056E66247460DA00F0D90F /* TasksListViewModel.swift in Sources */,
				88E5B0C02438A39600D519E2 /* ConfettiView.swift in Sources */,
				8851335D24215A27004CD858 /* WelcomeViewController.swift in Sources */,
				B842CE3C241A03F000380229 /* CustomSafariVC.swift in Sources */,
				88056E622474400400F0D90F /* ExpiredEventViewController.swift in Sources */,
				880B13632374B37A003E29AC /* TaskStatusButton.swift in Sources */,
				88349F352370388C002A1879 /* Event.swift in Sources */,
				880B13602374B08A003E29AC /* TaskCVCell.swift in Sources */,
				88056E7C2477C97F00F0D90F /* IdleViewController.swift in Sources */,
				88C95B2D23983203000E750A /* Ingredient - Spoonacular.swift in Sources */,
				880B13652374B3F2003E29AC /* TaskPersonLabel.swift in Sources */,
				884CE1C72465C50A001062BF /* CKRecipe.swift in Sources */,
				885133B124310C32004CD858 /* EventTranscriptView.swift in Sources */,
				8821535724E0A9BD008A8DD8 /* RecipeCreationViewController.swift in Sources */,
				B8CFF47E2454070200799DA8 /* CustomOrderHelper.swift in Sources */,
				88C95B2B239831F2000E750A /* Recipe - Spoonacular.swift in Sources */,
				B886BD9C24790B7B0069C248 /* CreateRecipeCookingStepCell.swift in Sources */,
				88D9AB39246B50E3007716E6 /* ManagementViewController.swift in Sources */,
				88F94EBD24EC0DAC00FFBB14 /* LDListItemAdditionView.swift in Sources */,
				B88457E024A72CE000077C0F /* Double.swift in Sources */,
				88C9650A239A92DC00CFC710 /* SectionSelectionInput.swift in Sources */,
				8827BB2823F5DDAB00DEDC39 /* CloudManager.swift in Sources */,
				88349F412370D10A002A1879 /* RecipeCell.swift in Sources */,
				885133AF2430F14C004CD858 /* BubbleManager.swift in Sources */,
				88349F2C236F7145002A1879 /* UserDefaults.swift in Sources */,
				882B9CC82399A0BD001634D9 /* CustomIngredient.swift in Sources */,
				880B1347237376E3003E29AC /* DescriptionCell.swift in Sources */,
				88382A3424A908770016E68F /* LostEventView.swift in Sources */,
				88349F09236DE9FC002A1879 /* MessagesViewController.swift in Sources */,
				B87C103A2403E607004AD951 /* UIViewController.swift in Sources */,
				884CE1B6245ED5C7001062BF /* LDNavButton.swift in Sources */,
				884CE1C32461FDF9001062BF /* LDRecipe.swift in Sources */,
				3270EC2524471A5E00E78445 /* ThankYouViewController.swift in Sources */,
				88D9AB35246B1A02007716E6 /* EventDescriptionViewController.swift in Sources */,
				885C60BE23805A3D00ED3A17 /* StepTracking.swift in Sources */,
				886EB36923DDFF11002CFCB5 /* CancelCell.swift in Sources */,
				885C60BB2380311100ED3A17 /* TaskManagementCell.swift in Sources */,
				884A5D8D24A3662D00CBF8AF /* PDFCreator.swift in Sources */,
				880B1358237474A4003E29AC /* Task.swift in Sources */,
				88B2F1212527E16000B1FE0F /* EventData.swift in Sources */,
				B87C106A2414BB21004AD951 /* ExpandableTaskHeader.swift in Sources */,
				88349F1D236DEF15002A1879 /* Constants.swift in Sources */,
				88D9AB45247063E9007716E6 /* LDError.swift in Sources */,
				881AC72E245218750055F120 /* ImageHelper.swift in Sources */,
				885C61422388852D00ED3A17 /* ExpandableTasks.swift in Sources */,
				88056E5C24718FA400F0D90F /* RegistrationViewController.swift in Sources */,
				880B134F23737700003E29AC /* UserCell.swift in Sources */,
				8827BB2A23F875B600DEDC39 /* SFSafariViewController.swift in Sources */,
				88C9650E239A9C3600CFC710 /* SectionInputCell.swift in Sources */,
				88E203C523D33C6200514972 /* EventInputView.swift in Sources */,
				B89D473D24839D9B00F15B48 /* LabelStrings.swift in Sources */,
				882B9CC623998738001634D9 /* CustomRecipe.swift in Sources */,
				B87C106F2417631F004AD951 /* AddNewThingView.swift in Sources */,
				88D33F0923A534C70061AD9A /* InfoInputView.swift in Sources */,
				88B7833023717E3E009E4F3C /* String.swift in Sources */,
				B8D1CC9623F1309000E54E26 /* UIDevice.swift in Sources */,
				885846392524E61300B818AD /* LDRescheduleView.swift in Sources */,
				B886BD982470EFBF0069C248 /* CreateRecipeIngredientCell.swift in Sources */,
				B8C4F1C3244D693B001359B9 /* CreateRecipeSections.swift in Sources */,
				B87C1068241387E6004AD951 /* UITableViewCell.swift in Sources */,
				887CF811250E5A09001C1014 /* SelectedRecipesViewModel.swift in Sources */,
				B86F700B238521810010AB7C /* UIButtonClass.swift in Sources */,
				B8630E3C23FFF6AB00E48A38 /* UIImage.swift in Sources */,
				B886BD93246C340C0069C248 /* RecipeCreationWelcomeViewController.swift in Sources */,
				88E5C5282467F3C20060823B /* NewEventViewModel.swift in Sources */,
				884CE1B4245ED52C001062BF /* LDNavBar.swift in Sources */,
				B8AED7D3239E357F00F2F633 /* CalendarManager.swift in Sources */,
				B84A8DFF24BB322000CF993D /* CreateRecipeCommentCell.swift in Sources */,
				880B134B237376F3003E29AC /* TaskSummaryCell.swift in Sources */,
				880B133523736D5C003E29AC /* EventSummaryViewController.swift in Sources */,
				880B1376237576C3003E29AC /* UIImageView.swift in Sources */,
				88D9AB3B246B50F5007716E6 /* ManagementViewModel.swift in Sources */,
				88FE71A623901E2A00652429 /* InfoInputToolbar.swift in Sources */,
				884CE1CB2466DE30001062BF /* RecipeCreationViewModel.swift in Sources */,
				880B135C2374758F003E29AC /* TaskExtension.swift in Sources */,
				88D9AB33246B19DD007716E6 /* EventDescriptionViewModel.swift in Sources */,
				88056E5E2471903000F0D90F /* RegistrationViewModel.swift in Sources */,
				B86F6FFB2381A8830010AB7C /* AnswerAcceptedCell.swift in Sources */,
				88349F332370302E002A1879 /* LDDatePicker.swift in Sources */,
				885C6097237F6E6000ED3A17 /* UITableView+EmptyScreen.swift in Sources */,
				880B133F237376C7003E29AC /* AnswerCell.swift in Sources */,
				887CF813250E665A001C1014 /* SelectedRecipesViewController.swift in Sources */,
				B88457E224AC9B9400077C0F /* ActionSheetManager.swift in Sources */,
				880B137A2376EB99003E29AC /* ProgressCircle.swift in Sources */,
				884CE1B0245ED1A6001062BF /* RecipesViewController.swift in Sources */,
				88056E6E24758BFE00F0D90F /* LDServingsView.swift in Sources */,
				88056E6C2475335B00F0D90F /* LDAlertBanner.swift in Sources */,
				88056E68247460EA00F0D90F /* TasksListViewController.swift in Sources */,
				880B136E2374C6C7003E29AC /* TaskCell.swift in Sources */,
				884CE1BC24608799001062BF /* RecipesToolbar.swift in Sources */,
				88E5B0BE2437C06700D519E2 /* PremiumViewController.swift in Sources */,
				88056E74247719E300F0D90F /* EventInfoViewController.swift in Sources */,
				B89D473F248554D200F15B48 /* AlertStrings.swift in Sources */,
				887BE721240470F6006619C7 /* LDLabel.swift in Sources */,
				B8E4CA7823812157006DD095 /* TitleCell.swift in Sources */,
				885C60C72380A15400ED3A17 /* RecipeCVCell.swift in Sources */,
				880B137323757224003E29AC /* UserCVCell.swift in Sources */,
				88C95B29239831CA000E750A /* DataHelper - Spoonacular.swift in Sources */,
				B85071D32392723D00632026 /* GestureRecognizer.swift in Sources */,
				884CE1B8245EEBF5001062BF /* LDNavigationViewController.swift in Sources */,
				884CE1B2245ED1E1001062BF /* RecipesViewModel.swift in Sources */,
				88F94EBB24EB355200FFBB14 /* CreationStepViewController.swift in Sources */,
				880B13312372FA08003E29AC /* User.swift in Sources */,
				B8C4E82523E5ACDF00D752F1 /* ProgressViewController.swift in Sources */,
				884CE1C92465C515001062BF /* CKIngredient.swift in Sources */,
				884A5D8F24A3674700CBF8AF /* RecipeBookViewController.swift in Sources */,
				88D9AB41246FE72A007716E6 /* ReviewViewModel.swift in Sources */,
				880B1343237376D6003E29AC /* InfoCell.swift in Sources */,
				B87C103F2408E9AC004AD951 /* Thread.swift in Sources */,
				B815358723E3FE2000BBD5FB /* Colors.swift in Sources */,
				880B135A23747578003E29AC /* Array.swift in Sources */,
				884CE1C52461FE02001062BF /* LDIngredient.swift in Sources */,
				B85071D12391690600632026 /* TestManager.swift in Sources */,
				884CE1BA246086CC001062BF /* RealmHelper.swift in Sources */,
				88056E782477A9A900F0D90F /* InitialViewController.swift in Sources */,
				880B135623746A5D003E29AC /* UIButton.swift in Sources */,
				88E5C52A2467F3E20060823B /* NewEventViewController.swift in Sources */,
			);
			runOnlyForDeploymentPostprocessing = 0;
		};
/* End PBXSourcesBuildPhase section */

/* Begin PBXTargetDependency section */
		88349F03236DE9FC002A1879 /* PBXTargetDependency */ = {
			isa = PBXTargetDependency;
			target = 88349EFF236DE9FC002A1879 /* LetsDinnerV2 MessagesExtension */;
			targetProxy = 88349F02236DE9FC002A1879 /* PBXContainerItemProxy */;
		};
/* End PBXTargetDependency section */

/* Begin PBXVariantGroup section */
		88349F0A236DE9FC002A1879 /* MainInterface.storyboard */ = {
			isa = PBXVariantGroup;
			children = (
				88349F0B236DE9FC002A1879 /* Base */,
			);
			name = MainInterface.storyboard;
			sourceTree = "<group>";
		};
/* End PBXVariantGroup section */

/* Begin XCBuildConfiguration section */
		88349F10236DE9FC002A1879 /* Debug */ = {
			isa = XCBuildConfiguration;
			buildSettings = {
				ALWAYS_SEARCH_USER_PATHS = NO;
				CLANG_ANALYZER_NONNULL = YES;
				CLANG_ANALYZER_NUMBER_OBJECT_CONVERSION = YES_AGGRESSIVE;
				CLANG_CXX_LANGUAGE_STANDARD = "gnu++14";
				CLANG_CXX_LIBRARY = "libc++";
				CLANG_ENABLE_MODULES = YES;
				CLANG_ENABLE_OBJC_ARC = YES;
				CLANG_ENABLE_OBJC_WEAK = YES;
				CLANG_WARN_BLOCK_CAPTURE_AUTORELEASING = YES;
				CLANG_WARN_BOOL_CONVERSION = YES;
				CLANG_WARN_COMMA = YES;
				CLANG_WARN_CONSTANT_CONVERSION = YES;
				CLANG_WARN_DEPRECATED_OBJC_IMPLEMENTATIONS = YES;
				CLANG_WARN_DIRECT_OBJC_ISA_USAGE = YES_ERROR;
				CLANG_WARN_DOCUMENTATION_COMMENTS = YES;
				CLANG_WARN_EMPTY_BODY = YES;
				CLANG_WARN_ENUM_CONVERSION = YES;
				CLANG_WARN_INFINITE_RECURSION = YES;
				CLANG_WARN_INT_CONVERSION = YES;
				CLANG_WARN_NON_LITERAL_NULL_CONVERSION = YES;
				CLANG_WARN_OBJC_IMPLICIT_RETAIN_SELF = YES;
				CLANG_WARN_OBJC_LITERAL_CONVERSION = YES;
				CLANG_WARN_OBJC_ROOT_CLASS = YES_ERROR;
				CLANG_WARN_RANGE_LOOP_ANALYSIS = YES;
				CLANG_WARN_STRICT_PROTOTYPES = YES;
				CLANG_WARN_SUSPICIOUS_MOVE = YES;
				CLANG_WARN_UNGUARDED_AVAILABILITY = YES_AGGRESSIVE;
				CLANG_WARN_UNREACHABLE_CODE = YES;
				CLANG_WARN__DUPLICATE_METHOD_MATCH = YES;
				COPY_PHASE_STRIP = NO;
				DEBUG_INFORMATION_FORMAT = "dwarf-with-dsym";
				ENABLE_STRICT_OBJC_MSGSEND = YES;
				ENABLE_TESTABILITY = YES;
				GCC_C_LANGUAGE_STANDARD = gnu11;
				GCC_DYNAMIC_NO_PIC = NO;
				GCC_NO_COMMON_BLOCKS = YES;
				GCC_OPTIMIZATION_LEVEL = 0;
				GCC_PREPROCESSOR_DEFINITIONS = (
					"DEBUG=1",
					"$(inherited)",
				);
				GCC_WARN_64_TO_32_BIT_CONVERSION = YES;
				GCC_WARN_ABOUT_RETURN_TYPE = YES_ERROR;
				GCC_WARN_UNDECLARED_SELECTOR = YES;
				GCC_WARN_UNINITIALIZED_AUTOS = YES_AGGRESSIVE;
				GCC_WARN_UNUSED_FUNCTION = YES;
				GCC_WARN_UNUSED_VARIABLE = YES;
				IPHONEOS_DEPLOYMENT_TARGET = 11.0;
				MTL_ENABLE_DEBUG_INFO = INCLUDE_SOURCE;
				MTL_FAST_MATH = YES;
				ONLY_ACTIVE_ARCH = YES;
				SDKROOT = iphoneos;
				SWIFT_ACTIVE_COMPILATION_CONDITIONS = DEBUG;
				SWIFT_OPTIMIZATION_LEVEL = "-Onone";
			};
			name = Debug;
		};
		88349F11236DE9FC002A1879 /* Release */ = {
			isa = XCBuildConfiguration;
			buildSettings = {
				ALWAYS_SEARCH_USER_PATHS = NO;
				CLANG_ANALYZER_NONNULL = YES;
				CLANG_ANALYZER_NUMBER_OBJECT_CONVERSION = YES_AGGRESSIVE;
				CLANG_CXX_LANGUAGE_STANDARD = "gnu++14";
				CLANG_CXX_LIBRARY = "libc++";
				CLANG_ENABLE_MODULES = YES;
				CLANG_ENABLE_OBJC_ARC = YES;
				CLANG_ENABLE_OBJC_WEAK = YES;
				CLANG_WARN_BLOCK_CAPTURE_AUTORELEASING = YES;
				CLANG_WARN_BOOL_CONVERSION = YES;
				CLANG_WARN_COMMA = YES;
				CLANG_WARN_CONSTANT_CONVERSION = YES;
				CLANG_WARN_DEPRECATED_OBJC_IMPLEMENTATIONS = YES;
				CLANG_WARN_DIRECT_OBJC_ISA_USAGE = YES_ERROR;
				CLANG_WARN_DOCUMENTATION_COMMENTS = YES;
				CLANG_WARN_EMPTY_BODY = YES;
				CLANG_WARN_ENUM_CONVERSION = YES;
				CLANG_WARN_INFINITE_RECURSION = YES;
				CLANG_WARN_INT_CONVERSION = YES;
				CLANG_WARN_NON_LITERAL_NULL_CONVERSION = YES;
				CLANG_WARN_OBJC_IMPLICIT_RETAIN_SELF = YES;
				CLANG_WARN_OBJC_LITERAL_CONVERSION = YES;
				CLANG_WARN_OBJC_ROOT_CLASS = YES_ERROR;
				CLANG_WARN_RANGE_LOOP_ANALYSIS = YES;
				CLANG_WARN_STRICT_PROTOTYPES = YES;
				CLANG_WARN_SUSPICIOUS_MOVE = YES;
				CLANG_WARN_UNGUARDED_AVAILABILITY = YES_AGGRESSIVE;
				CLANG_WARN_UNREACHABLE_CODE = YES;
				CLANG_WARN__DUPLICATE_METHOD_MATCH = YES;
				COPY_PHASE_STRIP = NO;
				DEBUG_INFORMATION_FORMAT = "dwarf-with-dsym";
				ENABLE_NS_ASSERTIONS = NO;
				ENABLE_STRICT_OBJC_MSGSEND = YES;
				GCC_C_LANGUAGE_STANDARD = gnu11;
				GCC_NO_COMMON_BLOCKS = YES;
				GCC_WARN_64_TO_32_BIT_CONVERSION = YES;
				GCC_WARN_ABOUT_RETURN_TYPE = YES_ERROR;
				GCC_WARN_UNDECLARED_SELECTOR = YES;
				GCC_WARN_UNINITIALIZED_AUTOS = YES_AGGRESSIVE;
				GCC_WARN_UNUSED_FUNCTION = YES;
				GCC_WARN_UNUSED_VARIABLE = YES;
				IPHONEOS_DEPLOYMENT_TARGET = 11.0;
				MTL_ENABLE_DEBUG_INFO = NO;
				MTL_FAST_MATH = YES;
				SDKROOT = iphoneos;
				SWIFT_COMPILATION_MODE = wholemodule;
				SWIFT_OPTIMIZATION_LEVEL = "-O";
				VALIDATE_PRODUCT = YES;
			};
			name = Release;
		};
		88349F13236DE9FC002A1879 /* Debug */ = {
			isa = XCBuildConfiguration;
			baseConfigurationReference = 16492027AA4CC9A0444EDB54 /* Pods-LetsDinnerV2 MessagesExtension.debug.xcconfig */;
			buildSettings = {
				ASSETCATALOG_COMPILER_APPICON_NAME = AppIcon;
				CODE_SIGN_ENTITLEMENTS = "LetsDinnerV2 MessagesExtension/Let's Dinner!Debug.entitlements";
				CODE_SIGN_STYLE = Automatic;
				CURRENT_PROJECT_VERSION = 1.0.28;
				DEVELOPMENT_TEAM = DNB5G735SM;
				INFOPLIST_FILE = "LetsDinnerV2 MessagesExtension/Info.plist";
				LD_RUNPATH_SEARCH_PATHS = (
					"$(inherited)",
					"@executable_path/Frameworks",
					"@executable_path/../../Frameworks",
				);
				PRODUCT_BUNDLE_IDENTIFIER = com.EricOrdonneau.LetsDinnerV2.MessagesExtension;
				PRODUCT_NAME = "Let's Dinner!";
				SKIP_INSTALL = YES;
				SWIFT_VERSION = 5.0;
				TARGETED_DEVICE_FAMILY = "1,2";
			};
			name = Debug;
		};
		88349F14236DE9FC002A1879 /* Release */ = {
			isa = XCBuildConfiguration;
			baseConfigurationReference = 4CE543C35F5CC3D6F4700FFB /* Pods-LetsDinnerV2 MessagesExtension.release.xcconfig */;
			buildSettings = {
				ASSETCATALOG_COMPILER_APPICON_NAME = AppIcon;
				CODE_SIGN_ENTITLEMENTS = "LetsDinnerV2 MessagesExtension/Let's Dinner!Release.entitlements";
				CODE_SIGN_STYLE = Automatic;
				CURRENT_PROJECT_VERSION = 1.0.28;
				DEVELOPMENT_TEAM = DNB5G735SM;
				INFOPLIST_FILE = "LetsDinnerV2 MessagesExtension/Info.plist";
				LD_RUNPATH_SEARCH_PATHS = (
					"$(inherited)",
					"@executable_path/Frameworks",
					"@executable_path/../../Frameworks",
				);
				PRODUCT_BUNDLE_IDENTIFIER = com.EricOrdonneau.LetsDinnerV2.MessagesExtension;
				PRODUCT_NAME = "Let's Dinner!";
				SKIP_INSTALL = YES;
				SWIFT_VERSION = 5.0;
				TARGETED_DEVICE_FAMILY = "1,2";
			};
			name = Release;
		};
		88349F17236DE9FC002A1879 /* Debug */ = {
			isa = XCBuildConfiguration;
			baseConfigurationReference = 1D3EEB756B7462E534F70D74 /* Pods-LetsDinnerV2.debug.xcconfig */;
			buildSettings = {
				ALWAYS_EMBED_SWIFT_STANDARD_LIBRARIES = YES;
				ASSETCATALOG_COMPILER_APPICON_NAME = AppIcon;
				CLANG_ENABLE_MODULES = YES;
				CODE_SIGN_STYLE = Automatic;
				CURRENT_PROJECT_VERSION = 1.0.28;
				DEVELOPMENT_TEAM = DNB5G735SM;
				INFOPLIST_FILE = LetsDinnerV2/Info.plist;
				IPHONEOS_DEPLOYMENT_TARGET = 11.0;
				LD_RUNPATH_SEARCH_PATHS = (
					"$(inherited)",
					"@executable_path/Frameworks",
				);
				PRODUCT_BUNDLE_IDENTIFIER = com.EricOrdonneau.LetsDinnerV2;
				PRODUCT_NAME = "Let's Dinner!";
				SWIFT_OBJC_BRIDGING_HEADER = "LetsDinnerV2 MessagesExtension/View/Cells/AnswerCell/LetsDinnerV2-Bridging-Header.h";
				SWIFT_OPTIMIZATION_LEVEL = "-Onone";
				SWIFT_VERSION = 5.0;
				TARGETED_DEVICE_FAMILY = "1,2";
			};
			name = Debug;
		};
		88349F18236DE9FC002A1879 /* Release */ = {
			isa = XCBuildConfiguration;
			baseConfigurationReference = BB96E7D51A8DA2E7C1222239 /* Pods-LetsDinnerV2.release.xcconfig */;
			buildSettings = {
				ALWAYS_EMBED_SWIFT_STANDARD_LIBRARIES = YES;
				ASSETCATALOG_COMPILER_APPICON_NAME = AppIcon;
				CLANG_ENABLE_MODULES = YES;
				CODE_SIGN_STYLE = Automatic;
				CURRENT_PROJECT_VERSION = 1.0.28;
				DEVELOPMENT_TEAM = DNB5G735SM;
				INFOPLIST_FILE = LetsDinnerV2/Info.plist;
				IPHONEOS_DEPLOYMENT_TARGET = 11.0;
				LD_RUNPATH_SEARCH_PATHS = (
					"$(inherited)",
					"@executable_path/Frameworks",
				);
				PRODUCT_BUNDLE_IDENTIFIER = com.EricOrdonneau.LetsDinnerV2;
				PRODUCT_NAME = "Let's Dinner!";
				SWIFT_OBJC_BRIDGING_HEADER = "LetsDinnerV2 MessagesExtension/View/Cells/AnswerCell/LetsDinnerV2-Bridging-Header.h";
				SWIFT_VERSION = 5.0;
				TARGETED_DEVICE_FAMILY = "1,2";
			};
			name = Release;
		};
/* End XCBuildConfiguration section */

/* Begin XCConfigurationList section */
		88349EF3236DE9FB002A1879 /* Build configuration list for PBXProject "LetsDinnerV2" */ = {
			isa = XCConfigurationList;
			buildConfigurations = (
				88349F10236DE9FC002A1879 /* Debug */,
				88349F11236DE9FC002A1879 /* Release */,
			);
			defaultConfigurationIsVisible = 0;
			defaultConfigurationName = Release;
		};
		88349F12236DE9FC002A1879 /* Build configuration list for PBXNativeTarget "LetsDinnerV2 MessagesExtension" */ = {
			isa = XCConfigurationList;
			buildConfigurations = (
				88349F13236DE9FC002A1879 /* Debug */,
				88349F14236DE9FC002A1879 /* Release */,
			);
			defaultConfigurationIsVisible = 0;
			defaultConfigurationName = Release;
		};
		88349F16236DE9FC002A1879 /* Build configuration list for PBXNativeTarget "LetsDinnerV2" */ = {
			isa = XCConfigurationList;
			buildConfigurations = (
				88349F17236DE9FC002A1879 /* Debug */,
				88349F18236DE9FC002A1879 /* Release */,
			);
			defaultConfigurationIsVisible = 0;
			defaultConfigurationName = Release;
		};
/* End XCConfigurationList section */
	};
	rootObject = 88349EF0236DE9FB002A1879 /* Project object */;
}
